
Microsoft Visual Studio Solution File, Format Version 12.00
# Visual Studio 2013
VisualStudioVersion = 12.0.31101.0
MinimumVisualStudioVersion = 10.0.40219.1
Project("{2150E333-8FDC-42A3-9474-1A3956D46DE8}") = ".Shared", ".Shared", "{462651E8-0D7B-4B52-821B-C680F3334E6A}"
	ProjectSection(SolutionItems) = preProject
		Shared\Constants.cs = Shared\Constants.cs
		Shared\Constants.vb = Shared\Constants.vb
	EndProjectSection
EndProject
Project("{2150E333-8FDC-42A3-9474-1A3956D46DE8}") = "BackEnd", "BackEnd", "{6BB1AB22-3415-4162-A268-F9E88BC35C8B}"
EndProject
Project("{2150E333-8FDC-42A3-9474-1A3956D46DE8}") = "Windows Apps", "Windows Apps", "{E5073F7F-92BB-488A-B450-52C36AA3E81E}"
EndProject
Project("{2150E333-8FDC-42A3-9474-1A3956D46DE8}") = "Xamarin Apps", "Xamarin Apps", "{F3853645-BBCC-492C-B31A-BE1B72A247D0}"
EndProject
Project("{F184B08F-C81C-45F6-A57F-5ABD9991F28F}") = "NotificationHubsSample.Win81", "NotificationHubsSample.Win81-VB\NotificationHubsSample.Win81.vbproj", "{09ACF96C-DFE4-4220-AD8E-4D07E5B8B0E5}"
EndProject
Project("{F184B08F-C81C-45F6-A57F-5ABD9991F28F}") = "NotificationHubsSample.WPSL", "NotificationHubsSample.WPSL-VB\NotificationHubsSample.WPSL.vbproj", "{5BB36756-2C5A-43E0-AE03-E2BFD8819552}"
EndProject
Project("{F184B08F-C81C-45F6-A57F-5ABD9991F28F}") = "NotificationHubsSample.WP-VB", "NotificationHubsSample.WP-VB\NotificationHubsSample.WP-VB.vbproj", "{503F5717-97B3-4C34-A796-5D821FB3BE52}"
EndProject
Project("{FAE04EC0-301F-11D3-BF4B-00C04F79EFBC}") = "NotificationHubsSample.WPSL", "NotificationHubsSample.WPSL\NotificationHubsSample.WPSL.csproj", "{8DF4DA9E-C7C7-4B30-8225-F785A9BA0848}"
EndProject
Project("{2150E333-8FDC-42A3-9474-1A3956D46DE8}") = "CSharp", "CSharp", "{D97A8DF0-197C-41F5-8F4D-57DD701C0880}"
EndProject
Project("{2150E333-8FDC-42A3-9474-1A3956D46DE8}") = "VB", "VB", "{81CFC4F0-179E-4923-AF8A-9A1E75F9840C}"
EndProject
Project("{2150E333-8FDC-42A3-9474-1A3956D46DE8}") = "NotificationHubsSample.UA", "NotificationHubsSample.UA", "{1C84DAD3-B0D7-4D8C-BCE4-4E044D442F5F}"
EndProject
Project("{D954291E-2A0B-460D-934E-DC6B0785DB48}") = "NotificationHubsSample.UA.Shared", "NotificationHubsSample.UA\NotificationHubsSample.UA.Shared\NotificationHubsSample.UA.Shared.shproj", "{D608F173-D4C8-4C29-9D83-0CB1497D2547}"
EndProject
Project("{FAE04EC0-301F-11D3-BF4B-00C04F79EFBC}") = "NotificationHubsSample.UA.Windows", "NotificationHubsSample.UA\NotificationHubsSample.UA.Windows\NotificationHubsSample.UA.Windows.csproj", "{D4A787F7-F1C5-460F-A835-35C4244D43D7}"
EndProject
Project("{FAE04EC0-301F-11D3-BF4B-00C04F79EFBC}") = "NotificationHubsSample.UA.WindowsPhone", "NotificationHubsSample.UA\NotificationHubsSample.UA.WindowsPhone\NotificationHubsSample.UA.WindowsPhone.csproj", "{80D693BD-BBC4-492E-82BD-884FE508E0DA}"
EndProject
Project("{FAE04EC0-301F-11D3-BF4B-00C04F79EFBC}") = "NotificationHubsSample.Droid", "NotificationHubsSample.Droid\NotificationHubsSample.Droid.csproj", "{0C6FC21A-CCE4-4923-A529-9C3EA204DA2E}"
EndProject
Project("{FAE04EC0-301F-11D3-BF4B-00C04F79EFBC}") = "NotificationHubsSample.AMS", "NotificationHubsSample.AMS\NotificationHubsSample.AMS.csproj", "{2023A69E-0E90-4132-A38B-967765DFAF06}"
EndProject
Project("{2150E333-8FDC-42A3-9474-1A3956D46DE8}") = ".nuget", ".nuget", "{6B26AF0F-167E-4B28-BFF1-3976F831C968}"
	ProjectSection(SolutionItems) = preProject
		.nuget\NuGet.Config = .nuget\NuGet.Config
		.nuget\NuGet.exe = .nuget\NuGet.exe
		.nuget\NuGet.targets = .nuget\NuGet.targets
	EndProjectSection
EndProject
Project("{FAE04EC0-301F-11D3-BF4B-00C04F79EFBC}") = "NotificationHubsSample.iOS", "NotificationHubsSample.iOS\NotificationHubsSample.iOS.csproj", "{B04C9B07-1E0B-4CF2-9498-82F643FF160B}"
EndProject
Global
	GlobalSection(SharedMSBuildProjectFiles) = preSolution
		NotificationHubsSample.UA\NotificationHubsSample.UA.Shared\NotificationHubsSample.UA.Shared.projitems*{80d693bd-bbc4-492e-82bd-884fe508e0da}*SharedItemsImports = 4
		NotificationHubsSample.UA\NotificationHubsSample.UA.Shared\NotificationHubsSample.UA.Shared.projitems*{d608f173-d4c8-4c29-9d83-0cb1497d2547}*SharedItemsImports = 13
		NotificationHubsSample.UA\NotificationHubsSample.UA.Shared\NotificationHubsSample.UA.Shared.projitems*{d4a787f7-f1c5-460f-a835-35c4244d43d7}*SharedItemsImports = 4
	EndGlobalSection
	GlobalSection(SolutionConfigurationPlatforms) = preSolution
		Ad-Hoc|Any CPU = Ad-Hoc|Any CPU
		Ad-Hoc|ARM = Ad-Hoc|ARM
		Ad-Hoc|iPhone = Ad-Hoc|iPhone
		Ad-Hoc|iPhoneSimulator = Ad-Hoc|iPhoneSimulator
		Ad-Hoc|Mixed Platforms = Ad-Hoc|Mixed Platforms
		Ad-Hoc|x64 = Ad-Hoc|x64
		Ad-Hoc|x86 = Ad-Hoc|x86
		AppStore|Any CPU = AppStore|Any CPU
		AppStore|ARM = AppStore|ARM
		AppStore|iPhone = AppStore|iPhone
		AppStore|iPhoneSimulator = AppStore|iPhoneSimulator
		AppStore|Mixed Platforms = AppStore|Mixed Platforms
		AppStore|x64 = AppStore|x64
		AppStore|x86 = AppStore|x86
		Debug|Any CPU = Debug|Any CPU
		Debug|ARM = Debug|ARM
		Debug|iPhone = Debug|iPhone
		Debug|iPhoneSimulator = Debug|iPhoneSimulator
		Debug|Mixed Platforms = Debug|Mixed Platforms
		Debug|x64 = Debug|x64
		Debug|x86 = Debug|x86
		Release|Any CPU = Release|Any CPU
		Release|ARM = Release|ARM
		Release|iPhone = Release|iPhone
		Release|iPhoneSimulator = Release|iPhoneSimulator
		Release|Mixed Platforms = Release|Mixed Platforms
		Release|x64 = Release|x64
		Release|x86 = Release|x86
	EndGlobalSection
	GlobalSection(ProjectConfigurationPlatforms) = postSolution
		{09ACF96C-DFE4-4220-AD8E-4D07E5B8B0E5}.Ad-Hoc|Any CPU.ActiveCfg = Release|Any CPU
		{09ACF96C-DFE4-4220-AD8E-4D07E5B8B0E5}.Ad-Hoc|Any CPU.Build.0 = Release|Any CPU
		{09ACF96C-DFE4-4220-AD8E-4D07E5B8B0E5}.Ad-Hoc|Any CPU.Deploy.0 = Release|Any CPU
		{09ACF96C-DFE4-4220-AD8E-4D07E5B8B0E5}.Ad-Hoc|ARM.ActiveCfg = Release|ARM
		{09ACF96C-DFE4-4220-AD8E-4D07E5B8B0E5}.Ad-Hoc|ARM.Build.0 = Release|ARM
		{09ACF96C-DFE4-4220-AD8E-4D07E5B8B0E5}.Ad-Hoc|ARM.Deploy.0 = Release|ARM
		{09ACF96C-DFE4-4220-AD8E-4D07E5B8B0E5}.Ad-Hoc|iPhone.ActiveCfg = Release|Any CPU
		{09ACF96C-DFE4-4220-AD8E-4D07E5B8B0E5}.Ad-Hoc|iPhoneSimulator.ActiveCfg = Release|Any CPU
		{09ACF96C-DFE4-4220-AD8E-4D07E5B8B0E5}.Ad-Hoc|Mixed Platforms.ActiveCfg = Release|x86
		{09ACF96C-DFE4-4220-AD8E-4D07E5B8B0E5}.Ad-Hoc|Mixed Platforms.Build.0 = Release|x86
		{09ACF96C-DFE4-4220-AD8E-4D07E5B8B0E5}.Ad-Hoc|Mixed Platforms.Deploy.0 = Release|x86
		{09ACF96C-DFE4-4220-AD8E-4D07E5B8B0E5}.Ad-Hoc|x64.ActiveCfg = Release|x64
		{09ACF96C-DFE4-4220-AD8E-4D07E5B8B0E5}.Ad-Hoc|x64.Build.0 = Release|x64
		{09ACF96C-DFE4-4220-AD8E-4D07E5B8B0E5}.Ad-Hoc|x64.Deploy.0 = Release|x64
		{09ACF96C-DFE4-4220-AD8E-4D07E5B8B0E5}.Ad-Hoc|x86.ActiveCfg = Release|x86
		{09ACF96C-DFE4-4220-AD8E-4D07E5B8B0E5}.Ad-Hoc|x86.Build.0 = Release|x86
		{09ACF96C-DFE4-4220-AD8E-4D07E5B8B0E5}.Ad-Hoc|x86.Deploy.0 = Release|x86
		{09ACF96C-DFE4-4220-AD8E-4D07E5B8B0E5}.AppStore|Any CPU.ActiveCfg = Release|Any CPU
		{09ACF96C-DFE4-4220-AD8E-4D07E5B8B0E5}.AppStore|Any CPU.Build.0 = Release|Any CPU
		{09ACF96C-DFE4-4220-AD8E-4D07E5B8B0E5}.AppStore|Any CPU.Deploy.0 = Release|Any CPU
		{09ACF96C-DFE4-4220-AD8E-4D07E5B8B0E5}.AppStore|ARM.ActiveCfg = Release|ARM
		{09ACF96C-DFE4-4220-AD8E-4D07E5B8B0E5}.AppStore|ARM.Build.0 = Release|ARM
		{09ACF96C-DFE4-4220-AD8E-4D07E5B8B0E5}.AppStore|ARM.Deploy.0 = Release|ARM
		{09ACF96C-DFE4-4220-AD8E-4D07E5B8B0E5}.AppStore|iPhone.ActiveCfg = Release|Any CPU
		{09ACF96C-DFE4-4220-AD8E-4D07E5B8B0E5}.AppStore|iPhoneSimulator.ActiveCfg = Release|Any CPU
		{09ACF96C-DFE4-4220-AD8E-4D07E5B8B0E5}.AppStore|Mixed Platforms.ActiveCfg = Release|x86
		{09ACF96C-DFE4-4220-AD8E-4D07E5B8B0E5}.AppStore|Mixed Platforms.Build.0 = Release|x86
		{09ACF96C-DFE4-4220-AD8E-4D07E5B8B0E5}.AppStore|Mixed Platforms.Deploy.0 = Release|x86
		{09ACF96C-DFE4-4220-AD8E-4D07E5B8B0E5}.AppStore|x64.ActiveCfg = Release|x64
		{09ACF96C-DFE4-4220-AD8E-4D07E5B8B0E5}.AppStore|x64.Build.0 = Release|x64
		{09ACF96C-DFE4-4220-AD8E-4D07E5B8B0E5}.AppStore|x64.Deploy.0 = Release|x64
		{09ACF96C-DFE4-4220-AD8E-4D07E5B8B0E5}.AppStore|x86.ActiveCfg = Release|x86
		{09ACF96C-DFE4-4220-AD8E-4D07E5B8B0E5}.AppStore|x86.Build.0 = Release|x86
		{09ACF96C-DFE4-4220-AD8E-4D07E5B8B0E5}.AppStore|x86.Deploy.0 = Release|x86
		{09ACF96C-DFE4-4220-AD8E-4D07E5B8B0E5}.Debug|Any CPU.ActiveCfg = Debug|Any CPU
		{09ACF96C-DFE4-4220-AD8E-4D07E5B8B0E5}.Debug|Any CPU.Build.0 = Debug|Any CPU
		{09ACF96C-DFE4-4220-AD8E-4D07E5B8B0E5}.Debug|Any CPU.Deploy.0 = Debug|Any CPU
		{09ACF96C-DFE4-4220-AD8E-4D07E5B8B0E5}.Debug|ARM.ActiveCfg = Debug|ARM
		{09ACF96C-DFE4-4220-AD8E-4D07E5B8B0E5}.Debug|ARM.Build.0 = Debug|ARM
		{09ACF96C-DFE4-4220-AD8E-4D07E5B8B0E5}.Debug|ARM.Deploy.0 = Debug|ARM
		{09ACF96C-DFE4-4220-AD8E-4D07E5B8B0E5}.Debug|iPhone.ActiveCfg = Debug|Any CPU
		{09ACF96C-DFE4-4220-AD8E-4D07E5B8B0E5}.Debug|iPhoneSimulator.ActiveCfg = Debug|Any CPU
		{09ACF96C-DFE4-4220-AD8E-4D07E5B8B0E5}.Debug|Mixed Platforms.ActiveCfg = Debug|x86
		{09ACF96C-DFE4-4220-AD8E-4D07E5B8B0E5}.Debug|Mixed Platforms.Build.0 = Debug|x86
		{09ACF96C-DFE4-4220-AD8E-4D07E5B8B0E5}.Debug|Mixed Platforms.Deploy.0 = Debug|x86
		{09ACF96C-DFE4-4220-AD8E-4D07E5B8B0E5}.Debug|x64.ActiveCfg = Debug|x64
		{09ACF96C-DFE4-4220-AD8E-4D07E5B8B0E5}.Debug|x64.Build.0 = Debug|x64
		{09ACF96C-DFE4-4220-AD8E-4D07E5B8B0E5}.Debug|x64.Deploy.0 = Debug|x64
		{09ACF96C-DFE4-4220-AD8E-4D07E5B8B0E5}.Debug|x86.ActiveCfg = Debug|x86
		{09ACF96C-DFE4-4220-AD8E-4D07E5B8B0E5}.Debug|x86.Build.0 = Debug|x86
		{09ACF96C-DFE4-4220-AD8E-4D07E5B8B0E5}.Debug|x86.Deploy.0 = Debug|x86
		{09ACF96C-DFE4-4220-AD8E-4D07E5B8B0E5}.Release|Any CPU.ActiveCfg = Release|Any CPU
		{09ACF96C-DFE4-4220-AD8E-4D07E5B8B0E5}.Release|Any CPU.Build.0 = Release|Any CPU
		{09ACF96C-DFE4-4220-AD8E-4D07E5B8B0E5}.Release|Any CPU.Deploy.0 = Release|Any CPU
		{09ACF96C-DFE4-4220-AD8E-4D07E5B8B0E5}.Release|ARM.ActiveCfg = Release|ARM
		{09ACF96C-DFE4-4220-AD8E-4D07E5B8B0E5}.Release|ARM.Build.0 = Release|ARM
		{09ACF96C-DFE4-4220-AD8E-4D07E5B8B0E5}.Release|ARM.Deploy.0 = Release|ARM
		{09ACF96C-DFE4-4220-AD8E-4D07E5B8B0E5}.Release|iPhone.ActiveCfg = Release|Any CPU
		{09ACF96C-DFE4-4220-AD8E-4D07E5B8B0E5}.Release|iPhoneSimulator.ActiveCfg = Release|Any CPU
		{09ACF96C-DFE4-4220-AD8E-4D07E5B8B0E5}.Release|Mixed Platforms.ActiveCfg = Release|x86
		{09ACF96C-DFE4-4220-AD8E-4D07E5B8B0E5}.Release|Mixed Platforms.Build.0 = Release|x86
		{09ACF96C-DFE4-4220-AD8E-4D07E5B8B0E5}.Release|Mixed Platforms.Deploy.0 = Release|x86
		{09ACF96C-DFE4-4220-AD8E-4D07E5B8B0E5}.Release|x64.ActiveCfg = Release|x64
		{09ACF96C-DFE4-4220-AD8E-4D07E5B8B0E5}.Release|x64.Build.0 = Release|x64
		{09ACF96C-DFE4-4220-AD8E-4D07E5B8B0E5}.Release|x64.Deploy.0 = Release|x64
		{09ACF96C-DFE4-4220-AD8E-4D07E5B8B0E5}.Release|x86.ActiveCfg = Release|x86
		{09ACF96C-DFE4-4220-AD8E-4D07E5B8B0E5}.Release|x86.Build.0 = Release|x86
		{09ACF96C-DFE4-4220-AD8E-4D07E5B8B0E5}.Release|x86.Deploy.0 = Release|x86
		{5BB36756-2C5A-43E0-AE03-E2BFD8819552}.Ad-Hoc|Any CPU.ActiveCfg = Release|Any CPU
		{5BB36756-2C5A-43E0-AE03-E2BFD8819552}.Ad-Hoc|Any CPU.Build.0 = Release|Any CPU
		{5BB36756-2C5A-43E0-AE03-E2BFD8819552}.Ad-Hoc|Any CPU.Deploy.0 = Release|Any CPU
		{5BB36756-2C5A-43E0-AE03-E2BFD8819552}.Ad-Hoc|ARM.ActiveCfg = Release|ARM
		{5BB36756-2C5A-43E0-AE03-E2BFD8819552}.Ad-Hoc|ARM.Build.0 = Release|ARM
		{5BB36756-2C5A-43E0-AE03-E2BFD8819552}.Ad-Hoc|ARM.Deploy.0 = Release|ARM
		{5BB36756-2C5A-43E0-AE03-E2BFD8819552}.Ad-Hoc|iPhone.ActiveCfg = Release|Any CPU
		{5BB36756-2C5A-43E0-AE03-E2BFD8819552}.Ad-Hoc|iPhoneSimulator.ActiveCfg = Release|Any CPU
		{5BB36756-2C5A-43E0-AE03-E2BFD8819552}.Ad-Hoc|Mixed Platforms.ActiveCfg = Release|x86
		{5BB36756-2C5A-43E0-AE03-E2BFD8819552}.Ad-Hoc|Mixed Platforms.Build.0 = Release|x86
		{5BB36756-2C5A-43E0-AE03-E2BFD8819552}.Ad-Hoc|Mixed Platforms.Deploy.0 = Release|x86
		{5BB36756-2C5A-43E0-AE03-E2BFD8819552}.Ad-Hoc|x64.ActiveCfg = Release|Any CPU
		{5BB36756-2C5A-43E0-AE03-E2BFD8819552}.Ad-Hoc|x86.ActiveCfg = Release|x86
		{5BB36756-2C5A-43E0-AE03-E2BFD8819552}.Ad-Hoc|x86.Build.0 = Release|x86
		{5BB36756-2C5A-43E0-AE03-E2BFD8819552}.Ad-Hoc|x86.Deploy.0 = Release|x86
		{5BB36756-2C5A-43E0-AE03-E2BFD8819552}.AppStore|Any CPU.ActiveCfg = Release|Any CPU
		{5BB36756-2C5A-43E0-AE03-E2BFD8819552}.AppStore|Any CPU.Build.0 = Release|Any CPU
		{5BB36756-2C5A-43E0-AE03-E2BFD8819552}.AppStore|Any CPU.Deploy.0 = Release|Any CPU
		{5BB36756-2C5A-43E0-AE03-E2BFD8819552}.AppStore|ARM.ActiveCfg = Release|ARM
		{5BB36756-2C5A-43E0-AE03-E2BFD8819552}.AppStore|ARM.Build.0 = Release|ARM
		{5BB36756-2C5A-43E0-AE03-E2BFD8819552}.AppStore|ARM.Deploy.0 = Release|ARM
		{5BB36756-2C5A-43E0-AE03-E2BFD8819552}.AppStore|iPhone.ActiveCfg = Release|Any CPU
		{5BB36756-2C5A-43E0-AE03-E2BFD8819552}.AppStore|iPhoneSimulator.ActiveCfg = Release|Any CPU
		{5BB36756-2C5A-43E0-AE03-E2BFD8819552}.AppStore|Mixed Platforms.ActiveCfg = Release|x86
		{5BB36756-2C5A-43E0-AE03-E2BFD8819552}.AppStore|Mixed Platforms.Build.0 = Release|x86
		{5BB36756-2C5A-43E0-AE03-E2BFD8819552}.AppStore|Mixed Platforms.Deploy.0 = Release|x86
		{5BB36756-2C5A-43E0-AE03-E2BFD8819552}.AppStore|x64.ActiveCfg = Release|Any CPU
		{5BB36756-2C5A-43E0-AE03-E2BFD8819552}.AppStore|x86.ActiveCfg = Release|x86
		{5BB36756-2C5A-43E0-AE03-E2BFD8819552}.AppStore|x86.Build.0 = Release|x86
		{5BB36756-2C5A-43E0-AE03-E2BFD8819552}.AppStore|x86.Deploy.0 = Release|x86
		{5BB36756-2C5A-43E0-AE03-E2BFD8819552}.Debug|Any CPU.ActiveCfg = Debug|Any CPU
		{5BB36756-2C5A-43E0-AE03-E2BFD8819552}.Debug|Any CPU.Build.0 = Debug|Any CPU
		{5BB36756-2C5A-43E0-AE03-E2BFD8819552}.Debug|Any CPU.Deploy.0 = Debug|Any CPU
		{5BB36756-2C5A-43E0-AE03-E2BFD8819552}.Debug|ARM.ActiveCfg = Debug|ARM
		{5BB36756-2C5A-43E0-AE03-E2BFD8819552}.Debug|ARM.Build.0 = Debug|ARM
		{5BB36756-2C5A-43E0-AE03-E2BFD8819552}.Debug|ARM.Deploy.0 = Debug|ARM
		{5BB36756-2C5A-43E0-AE03-E2BFD8819552}.Debug|iPhone.ActiveCfg = Debug|Any CPU
		{5BB36756-2C5A-43E0-AE03-E2BFD8819552}.Debug|iPhoneSimulator.ActiveCfg = Debug|Any CPU
		{5BB36756-2C5A-43E0-AE03-E2BFD8819552}.Debug|Mixed Platforms.ActiveCfg = Debug|x86
		{5BB36756-2C5A-43E0-AE03-E2BFD8819552}.Debug|Mixed Platforms.Build.0 = Debug|x86
		{5BB36756-2C5A-43E0-AE03-E2BFD8819552}.Debug|Mixed Platforms.Deploy.0 = Debug|x86
		{5BB36756-2C5A-43E0-AE03-E2BFD8819552}.Debug|x64.ActiveCfg = Debug|Any CPU
		{5BB36756-2C5A-43E0-AE03-E2BFD8819552}.Debug|x86.ActiveCfg = Debug|x86
		{5BB36756-2C5A-43E0-AE03-E2BFD8819552}.Debug|x86.Build.0 = Debug|x86
		{5BB36756-2C5A-43E0-AE03-E2BFD8819552}.Debug|x86.Deploy.0 = Debug|x86
		{5BB36756-2C5A-43E0-AE03-E2BFD8819552}.Release|Any CPU.ActiveCfg = Release|Any CPU
		{5BB36756-2C5A-43E0-AE03-E2BFD8819552}.Release|Any CPU.Build.0 = Release|Any CPU
		{5BB36756-2C5A-43E0-AE03-E2BFD8819552}.Release|Any CPU.Deploy.0 = Release|Any CPU
		{5BB36756-2C5A-43E0-AE03-E2BFD8819552}.Release|ARM.ActiveCfg = Release|ARM
		{5BB36756-2C5A-43E0-AE03-E2BFD8819552}.Release|ARM.Build.0 = Release|ARM
		{5BB36756-2C5A-43E0-AE03-E2BFD8819552}.Release|ARM.Deploy.0 = Release|ARM
		{5BB36756-2C5A-43E0-AE03-E2BFD8819552}.Release|iPhone.ActiveCfg = Release|Any CPU
		{5BB36756-2C5A-43E0-AE03-E2BFD8819552}.Release|iPhoneSimulator.ActiveCfg = Release|Any CPU
		{5BB36756-2C5A-43E0-AE03-E2BFD8819552}.Release|Mixed Platforms.ActiveCfg = Release|x86
		{5BB36756-2C5A-43E0-AE03-E2BFD8819552}.Release|Mixed Platforms.Build.0 = Release|x86
		{5BB36756-2C5A-43E0-AE03-E2BFD8819552}.Release|Mixed Platforms.Deploy.0 = Release|x86
		{5BB36756-2C5A-43E0-AE03-E2BFD8819552}.Release|x64.ActiveCfg = Release|Any CPU
		{5BB36756-2C5A-43E0-AE03-E2BFD8819552}.Release|x86.ActiveCfg = Release|x86
		{5BB36756-2C5A-43E0-AE03-E2BFD8819552}.Release|x86.Build.0 = Release|x86
		{5BB36756-2C5A-43E0-AE03-E2BFD8819552}.Release|x86.Deploy.0 = Release|x86
		{503F5717-97B3-4C34-A796-5D821FB3BE52}.Ad-Hoc|Any CPU.ActiveCfg = Release|Any CPU
		{503F5717-97B3-4C34-A796-5D821FB3BE52}.Ad-Hoc|Any CPU.Build.0 = Release|Any CPU
		{503F5717-97B3-4C34-A796-5D821FB3BE52}.Ad-Hoc|Any CPU.Deploy.0 = Release|Any CPU
		{503F5717-97B3-4C34-A796-5D821FB3BE52}.Ad-Hoc|ARM.ActiveCfg = Release|ARM
		{503F5717-97B3-4C34-A796-5D821FB3BE52}.Ad-Hoc|ARM.Build.0 = Release|ARM
		{503F5717-97B3-4C34-A796-5D821FB3BE52}.Ad-Hoc|ARM.Deploy.0 = Release|ARM
		{503F5717-97B3-4C34-A796-5D821FB3BE52}.Ad-Hoc|iPhone.ActiveCfg = Release|Any CPU
		{503F5717-97B3-4C34-A796-5D821FB3BE52}.Ad-Hoc|iPhoneSimulator.ActiveCfg = Release|Any CPU
		{503F5717-97B3-4C34-A796-5D821FB3BE52}.Ad-Hoc|Mixed Platforms.ActiveCfg = Release|x86
		{503F5717-97B3-4C34-A796-5D821FB3BE52}.Ad-Hoc|Mixed Platforms.Build.0 = Release|x86
		{503F5717-97B3-4C34-A796-5D821FB3BE52}.Ad-Hoc|Mixed Platforms.Deploy.0 = Release|x86
		{503F5717-97B3-4C34-A796-5D821FB3BE52}.Ad-Hoc|x64.ActiveCfg = Release|Any CPU
		{503F5717-97B3-4C34-A796-5D821FB3BE52}.Ad-Hoc|x86.ActiveCfg = Release|x86
		{503F5717-97B3-4C34-A796-5D821FB3BE52}.Ad-Hoc|x86.Build.0 = Release|x86
		{503F5717-97B3-4C34-A796-5D821FB3BE52}.Ad-Hoc|x86.Deploy.0 = Release|x86
		{503F5717-97B3-4C34-A796-5D821FB3BE52}.AppStore|Any CPU.ActiveCfg = Release|Any CPU
		{503F5717-97B3-4C34-A796-5D821FB3BE52}.AppStore|Any CPU.Build.0 = Release|Any CPU
		{503F5717-97B3-4C34-A796-5D821FB3BE52}.AppStore|Any CPU.Deploy.0 = Release|Any CPU
		{503F5717-97B3-4C34-A796-5D821FB3BE52}.AppStore|ARM.ActiveCfg = Release|ARM
		{503F5717-97B3-4C34-A796-5D821FB3BE52}.AppStore|ARM.Build.0 = Release|ARM
		{503F5717-97B3-4C34-A796-5D821FB3BE52}.AppStore|ARM.Deploy.0 = Release|ARM
		{503F5717-97B3-4C34-A796-5D821FB3BE52}.AppStore|iPhone.ActiveCfg = Release|Any CPU
		{503F5717-97B3-4C34-A796-5D821FB3BE52}.AppStore|iPhoneSimulator.ActiveCfg = Release|Any CPU
		{503F5717-97B3-4C34-A796-5D821FB3BE52}.AppStore|Mixed Platforms.ActiveCfg = Release|x86
		{503F5717-97B3-4C34-A796-5D821FB3BE52}.AppStore|Mixed Platforms.Build.0 = Release|x86
		{503F5717-97B3-4C34-A796-5D821FB3BE52}.AppStore|Mixed Platforms.Deploy.0 = Release|x86
		{503F5717-97B3-4C34-A796-5D821FB3BE52}.AppStore|x64.ActiveCfg = Release|Any CPU
		{503F5717-97B3-4C34-A796-5D821FB3BE52}.AppStore|x86.ActiveCfg = Release|x86
		{503F5717-97B3-4C34-A796-5D821FB3BE52}.AppStore|x86.Build.0 = Release|x86
		{503F5717-97B3-4C34-A796-5D821FB3BE52}.AppStore|x86.Deploy.0 = Release|x86
		{503F5717-97B3-4C34-A796-5D821FB3BE52}.Debug|Any CPU.ActiveCfg = Debug|Any CPU
		{503F5717-97B3-4C34-A796-5D821FB3BE52}.Debug|Any CPU.Build.0 = Debug|Any CPU
		{503F5717-97B3-4C34-A796-5D821FB3BE52}.Debug|Any CPU.Deploy.0 = Debug|Any CPU
		{503F5717-97B3-4C34-A796-5D821FB3BE52}.Debug|ARM.ActiveCfg = Debug|ARM
		{503F5717-97B3-4C34-A796-5D821FB3BE52}.Debug|ARM.Build.0 = Debug|ARM
		{503F5717-97B3-4C34-A796-5D821FB3BE52}.Debug|ARM.Deploy.0 = Debug|ARM
		{503F5717-97B3-4C34-A796-5D821FB3BE52}.Debug|iPhone.ActiveCfg = Debug|Any CPU
		{503F5717-97B3-4C34-A796-5D821FB3BE52}.Debug|iPhoneSimulator.ActiveCfg = Debug|Any CPU
		{503F5717-97B3-4C34-A796-5D821FB3BE52}.Debug|Mixed Platforms.ActiveCfg = Debug|x86
		{503F5717-97B3-4C34-A796-5D821FB3BE52}.Debug|Mixed Platforms.Build.0 = Debug|x86
		{503F5717-97B3-4C34-A796-5D821FB3BE52}.Debug|Mixed Platforms.Deploy.0 = Debug|x86
		{503F5717-97B3-4C34-A796-5D821FB3BE52}.Debug|x64.ActiveCfg = Debug|Any CPU
		{503F5717-97B3-4C34-A796-5D821FB3BE52}.Debug|x86.ActiveCfg = Debug|x86
		{503F5717-97B3-4C34-A796-5D821FB3BE52}.Debug|x86.Build.0 = Debug|x86
		{503F5717-97B3-4C34-A796-5D821FB3BE52}.Debug|x86.Deploy.0 = Debug|x86
		{503F5717-97B3-4C34-A796-5D821FB3BE52}.Release|Any CPU.ActiveCfg = Release|Any CPU
		{503F5717-97B3-4C34-A796-5D821FB3BE52}.Release|Any CPU.Build.0 = Release|Any CPU
		{503F5717-97B3-4C34-A796-5D821FB3BE52}.Release|Any CPU.Deploy.0 = Release|Any CPU
		{503F5717-97B3-4C34-A796-5D821FB3BE52}.Release|ARM.ActiveCfg = Release|ARM
		{503F5717-97B3-4C34-A796-5D821FB3BE52}.Release|ARM.Build.0 = Release|ARM
		{503F5717-97B3-4C34-A796-5D821FB3BE52}.Release|ARM.Deploy.0 = Release|ARM
		{503F5717-97B3-4C34-A796-5D821FB3BE52}.Release|iPhone.ActiveCfg = Release|Any CPU
		{503F5717-97B3-4C34-A796-5D821FB3BE52}.Release|iPhoneSimulator.ActiveCfg = Release|Any CPU
		{503F5717-97B3-4C34-A796-5D821FB3BE52}.Release|Mixed Platforms.ActiveCfg = Release|x86
		{503F5717-97B3-4C34-A796-5D821FB3BE52}.Release|Mixed Platforms.Build.0 = Release|x86
		{503F5717-97B3-4C34-A796-5D821FB3BE52}.Release|Mixed Platforms.Deploy.0 = Release|x86
		{503F5717-97B3-4C34-A796-5D821FB3BE52}.Release|x64.ActiveCfg = Release|Any CPU
		{503F5717-97B3-4C34-A796-5D821FB3BE52}.Release|x86.ActiveCfg = Release|x86
		{503F5717-97B3-4C34-A796-5D821FB3BE52}.Release|x86.Build.0 = Release|x86
		{503F5717-97B3-4C34-A796-5D821FB3BE52}.Release|x86.Deploy.0 = Release|x86
		{8DF4DA9E-C7C7-4B30-8225-F785A9BA0848}.Ad-Hoc|Any CPU.ActiveCfg = Release|Any CPU
		{8DF4DA9E-C7C7-4B30-8225-F785A9BA0848}.Ad-Hoc|Any CPU.Build.0 = Release|Any CPU
		{8DF4DA9E-C7C7-4B30-8225-F785A9BA0848}.Ad-Hoc|Any CPU.Deploy.0 = Release|Any CPU
		{8DF4DA9E-C7C7-4B30-8225-F785A9BA0848}.Ad-Hoc|ARM.ActiveCfg = Release|ARM
		{8DF4DA9E-C7C7-4B30-8225-F785A9BA0848}.Ad-Hoc|ARM.Build.0 = Release|ARM
		{8DF4DA9E-C7C7-4B30-8225-F785A9BA0848}.Ad-Hoc|ARM.Deploy.0 = Release|ARM
		{8DF4DA9E-C7C7-4B30-8225-F785A9BA0848}.Ad-Hoc|iPhone.ActiveCfg = Release|Any CPU
		{8DF4DA9E-C7C7-4B30-8225-F785A9BA0848}.Ad-Hoc|iPhoneSimulator.ActiveCfg = Release|Any CPU
		{8DF4DA9E-C7C7-4B30-8225-F785A9BA0848}.Ad-Hoc|Mixed Platforms.ActiveCfg = Release|x86
		{8DF4DA9E-C7C7-4B30-8225-F785A9BA0848}.Ad-Hoc|Mixed Platforms.Build.0 = Release|x86
		{8DF4DA9E-C7C7-4B30-8225-F785A9BA0848}.Ad-Hoc|Mixed Platforms.Deploy.0 = Release|x86
		{8DF4DA9E-C7C7-4B30-8225-F785A9BA0848}.Ad-Hoc|x64.ActiveCfg = Release|Any CPU
		{8DF4DA9E-C7C7-4B30-8225-F785A9BA0848}.Ad-Hoc|x86.ActiveCfg = Release|x86
		{8DF4DA9E-C7C7-4B30-8225-F785A9BA0848}.Ad-Hoc|x86.Build.0 = Release|x86
		{8DF4DA9E-C7C7-4B30-8225-F785A9BA0848}.Ad-Hoc|x86.Deploy.0 = Release|x86
		{8DF4DA9E-C7C7-4B30-8225-F785A9BA0848}.AppStore|Any CPU.ActiveCfg = Release|Any CPU
		{8DF4DA9E-C7C7-4B30-8225-F785A9BA0848}.AppStore|Any CPU.Build.0 = Release|Any CPU
		{8DF4DA9E-C7C7-4B30-8225-F785A9BA0848}.AppStore|Any CPU.Deploy.0 = Release|Any CPU
		{8DF4DA9E-C7C7-4B30-8225-F785A9BA0848}.AppStore|ARM.ActiveCfg = Release|ARM
		{8DF4DA9E-C7C7-4B30-8225-F785A9BA0848}.AppStore|ARM.Build.0 = Release|ARM
		{8DF4DA9E-C7C7-4B30-8225-F785A9BA0848}.AppStore|ARM.Deploy.0 = Release|ARM
		{8DF4DA9E-C7C7-4B30-8225-F785A9BA0848}.AppStore|iPhone.ActiveCfg = Release|Any CPU
		{8DF4DA9E-C7C7-4B30-8225-F785A9BA0848}.AppStore|iPhoneSimulator.ActiveCfg = Release|Any CPU
		{8DF4DA9E-C7C7-4B30-8225-F785A9BA0848}.AppStore|Mixed Platforms.ActiveCfg = Release|x86
		{8DF4DA9E-C7C7-4B30-8225-F785A9BA0848}.AppStore|Mixed Platforms.Build.0 = Release|x86
		{8DF4DA9E-C7C7-4B30-8225-F785A9BA0848}.AppStore|Mixed Platforms.Deploy.0 = Release|x86
		{8DF4DA9E-C7C7-4B30-8225-F785A9BA0848}.AppStore|x64.ActiveCfg = Release|Any CPU
		{8DF4DA9E-C7C7-4B30-8225-F785A9BA0848}.AppStore|x86.ActiveCfg = Release|x86
		{8DF4DA9E-C7C7-4B30-8225-F785A9BA0848}.AppStore|x86.Build.0 = Release|x86
		{8DF4DA9E-C7C7-4B30-8225-F785A9BA0848}.AppStore|x86.Deploy.0 = Release|x86
		{8DF4DA9E-C7C7-4B30-8225-F785A9BA0848}.Debug|Any CPU.ActiveCfg = Debug|Any CPU
		{8DF4DA9E-C7C7-4B30-8225-F785A9BA0848}.Debug|Any CPU.Build.0 = Debug|Any CPU
		{8DF4DA9E-C7C7-4B30-8225-F785A9BA0848}.Debug|Any CPU.Deploy.0 = Debug|Any CPU
		{8DF4DA9E-C7C7-4B30-8225-F785A9BA0848}.Debug|ARM.ActiveCfg = Debug|ARM
		{8DF4DA9E-C7C7-4B30-8225-F785A9BA0848}.Debug|ARM.Build.0 = Debug|ARM
		{8DF4DA9E-C7C7-4B30-8225-F785A9BA0848}.Debug|ARM.Deploy.0 = Debug|ARM
		{8DF4DA9E-C7C7-4B30-8225-F785A9BA0848}.Debug|iPhone.ActiveCfg = Debug|Any CPU
		{8DF4DA9E-C7C7-4B30-8225-F785A9BA0848}.Debug|iPhoneSimulator.ActiveCfg = Debug|Any CPU
		{8DF4DA9E-C7C7-4B30-8225-F785A9BA0848}.Debug|Mixed Platforms.ActiveCfg = Debug|x86
		{8DF4DA9E-C7C7-4B30-8225-F785A9BA0848}.Debug|Mixed Platforms.Build.0 = Debug|x86
		{8DF4DA9E-C7C7-4B30-8225-F785A9BA0848}.Debug|Mixed Platforms.Deploy.0 = Debug|x86
		{8DF4DA9E-C7C7-4B30-8225-F785A9BA0848}.Debug|x64.ActiveCfg = Debug|Any CPU
		{8DF4DA9E-C7C7-4B30-8225-F785A9BA0848}.Debug|x86.ActiveCfg = Debug|x86
		{8DF4DA9E-C7C7-4B30-8225-F785A9BA0848}.Debug|x86.Build.0 = Debug|x86
		{8DF4DA9E-C7C7-4B30-8225-F785A9BA0848}.Debug|x86.Deploy.0 = Debug|x86
		{8DF4DA9E-C7C7-4B30-8225-F785A9BA0848}.Release|Any CPU.ActiveCfg = Release|Any CPU
		{8DF4DA9E-C7C7-4B30-8225-F785A9BA0848}.Release|Any CPU.Build.0 = Release|Any CPU
		{8DF4DA9E-C7C7-4B30-8225-F785A9BA0848}.Release|Any CPU.Deploy.0 = Release|Any CPU
		{8DF4DA9E-C7C7-4B30-8225-F785A9BA0848}.Release|ARM.ActiveCfg = Release|ARM
		{8DF4DA9E-C7C7-4B30-8225-F785A9BA0848}.Release|ARM.Build.0 = Release|ARM
		{8DF4DA9E-C7C7-4B30-8225-F785A9BA0848}.Release|ARM.Deploy.0 = Release|ARM
		{8DF4DA9E-C7C7-4B30-8225-F785A9BA0848}.Release|iPhone.ActiveCfg = Release|Any CPU
		{8DF4DA9E-C7C7-4B30-8225-F785A9BA0848}.Release|iPhoneSimulator.ActiveCfg = Release|Any CPU
		{8DF4DA9E-C7C7-4B30-8225-F785A9BA0848}.Release|Mixed Platforms.ActiveCfg = Release|x86
		{8DF4DA9E-C7C7-4B30-8225-F785A9BA0848}.Release|Mixed Platforms.Build.0 = Release|x86
		{8DF4DA9E-C7C7-4B30-8225-F785A9BA0848}.Release|Mixed Platforms.Deploy.0 = Release|x86
		{8DF4DA9E-C7C7-4B30-8225-F785A9BA0848}.Release|x64.ActiveCfg = Release|Any CPU
		{8DF4DA9E-C7C7-4B30-8225-F785A9BA0848}.Release|x86.ActiveCfg = Release|x86
		{8DF4DA9E-C7C7-4B30-8225-F785A9BA0848}.Release|x86.Build.0 = Release|x86
		{8DF4DA9E-C7C7-4B30-8225-F785A9BA0848}.Release|x86.Deploy.0 = Release|x86
		{D4A787F7-F1C5-460F-A835-35C4244D43D7}.Ad-Hoc|Any CPU.ActiveCfg = Release|Any CPU
		{D4A787F7-F1C5-460F-A835-35C4244D43D7}.Ad-Hoc|Any CPU.Build.0 = Release|Any CPU
		{D4A787F7-F1C5-460F-A835-35C4244D43D7}.Ad-Hoc|Any CPU.Deploy.0 = Release|Any CPU
		{D4A787F7-F1C5-460F-A835-35C4244D43D7}.Ad-Hoc|ARM.ActiveCfg = Release|ARM
		{D4A787F7-F1C5-460F-A835-35C4244D43D7}.Ad-Hoc|ARM.Build.0 = Release|ARM
		{D4A787F7-F1C5-460F-A835-35C4244D43D7}.Ad-Hoc|ARM.Deploy.0 = Release|ARM
		{D4A787F7-F1C5-460F-A835-35C4244D43D7}.Ad-Hoc|iPhone.ActiveCfg = Release|Any CPU
		{D4A787F7-F1C5-460F-A835-35C4244D43D7}.Ad-Hoc|iPhoneSimulator.ActiveCfg = Release|Any CPU
		{D4A787F7-F1C5-460F-A835-35C4244D43D7}.Ad-Hoc|Mixed Platforms.ActiveCfg = Release|x86
		{D4A787F7-F1C5-460F-A835-35C4244D43D7}.Ad-Hoc|Mixed Platforms.Build.0 = Release|x86
		{D4A787F7-F1C5-460F-A835-35C4244D43D7}.Ad-Hoc|Mixed Platforms.Deploy.0 = Release|x86
		{D4A787F7-F1C5-460F-A835-35C4244D43D7}.Ad-Hoc|x64.ActiveCfg = Release|x64
		{D4A787F7-F1C5-460F-A835-35C4244D43D7}.Ad-Hoc|x64.Build.0 = Release|x64
		{D4A787F7-F1C5-460F-A835-35C4244D43D7}.Ad-Hoc|x64.Deploy.0 = Release|x64
		{D4A787F7-F1C5-460F-A835-35C4244D43D7}.Ad-Hoc|x86.ActiveCfg = Release|x86
		{D4A787F7-F1C5-460F-A835-35C4244D43D7}.Ad-Hoc|x86.Build.0 = Release|x86
		{D4A787F7-F1C5-460F-A835-35C4244D43D7}.Ad-Hoc|x86.Deploy.0 = Release|x86
		{D4A787F7-F1C5-460F-A835-35C4244D43D7}.AppStore|Any CPU.ActiveCfg = Release|Any CPU
		{D4A787F7-F1C5-460F-A835-35C4244D43D7}.AppStore|Any CPU.Build.0 = Release|Any CPU
		{D4A787F7-F1C5-460F-A835-35C4244D43D7}.AppStore|Any CPU.Deploy.0 = Release|Any CPU
		{D4A787F7-F1C5-460F-A835-35C4244D43D7}.AppStore|ARM.ActiveCfg = Release|ARM
		{D4A787F7-F1C5-460F-A835-35C4244D43D7}.AppStore|ARM.Build.0 = Release|ARM
		{D4A787F7-F1C5-460F-A835-35C4244D43D7}.AppStore|ARM.Deploy.0 = Release|ARM
		{D4A787F7-F1C5-460F-A835-35C4244D43D7}.AppStore|iPhone.ActiveCfg = Release|Any CPU
		{D4A787F7-F1C5-460F-A835-35C4244D43D7}.AppStore|iPhoneSimulator.ActiveCfg = Release|Any CPU
		{D4A787F7-F1C5-460F-A835-35C4244D43D7}.AppStore|Mixed Platforms.ActiveCfg = Release|x86
		{D4A787F7-F1C5-460F-A835-35C4244D43D7}.AppStore|Mixed Platforms.Build.0 = Release|x86
		{D4A787F7-F1C5-460F-A835-35C4244D43D7}.AppStore|Mixed Platforms.Deploy.0 = Release|x86
		{D4A787F7-F1C5-460F-A835-35C4244D43D7}.AppStore|x64.ActiveCfg = Release|x64
		{D4A787F7-F1C5-460F-A835-35C4244D43D7}.AppStore|x64.Build.0 = Release|x64
		{D4A787F7-F1C5-460F-A835-35C4244D43D7}.AppStore|x64.Deploy.0 = Release|x64
		{D4A787F7-F1C5-460F-A835-35C4244D43D7}.AppStore|x86.ActiveCfg = Release|x86
		{D4A787F7-F1C5-460F-A835-35C4244D43D7}.AppStore|x86.Build.0 = Release|x86
		{D4A787F7-F1C5-460F-A835-35C4244D43D7}.AppStore|x86.Deploy.0 = Release|x86
		{D4A787F7-F1C5-460F-A835-35C4244D43D7}.Debug|Any CPU.ActiveCfg = Debug|Any CPU
		{D4A787F7-F1C5-460F-A835-35C4244D43D7}.Debug|Any CPU.Build.0 = Debug|Any CPU
		{D4A787F7-F1C5-460F-A835-35C4244D43D7}.Debug|Any CPU.Deploy.0 = Debug|Any CPU
		{D4A787F7-F1C5-460F-A835-35C4244D43D7}.Debug|ARM.ActiveCfg = Debug|ARM
		{D4A787F7-F1C5-460F-A835-35C4244D43D7}.Debug|ARM.Build.0 = Debug|ARM
		{D4A787F7-F1C5-460F-A835-35C4244D43D7}.Debug|ARM.Deploy.0 = Debug|ARM
		{D4A787F7-F1C5-460F-A835-35C4244D43D7}.Debug|iPhone.ActiveCfg = Debug|Any CPU
		{D4A787F7-F1C5-460F-A835-35C4244D43D7}.Debug|iPhoneSimulator.ActiveCfg = Debug|Any CPU
		{D4A787F7-F1C5-460F-A835-35C4244D43D7}.Debug|Mixed Platforms.ActiveCfg = Debug|x86
		{D4A787F7-F1C5-460F-A835-35C4244D43D7}.Debug|Mixed Platforms.Build.0 = Debug|x86
		{D4A787F7-F1C5-460F-A835-35C4244D43D7}.Debug|Mixed Platforms.Deploy.0 = Debug|x86
		{D4A787F7-F1C5-460F-A835-35C4244D43D7}.Debug|x64.ActiveCfg = Debug|x64
		{D4A787F7-F1C5-460F-A835-35C4244D43D7}.Debug|x64.Build.0 = Debug|x64
		{D4A787F7-F1C5-460F-A835-35C4244D43D7}.Debug|x64.Deploy.0 = Debug|x64
		{D4A787F7-F1C5-460F-A835-35C4244D43D7}.Debug|x86.ActiveCfg = Debug|x86
		{D4A787F7-F1C5-460F-A835-35C4244D43D7}.Debug|x86.Build.0 = Debug|x86
		{D4A787F7-F1C5-460F-A835-35C4244D43D7}.Debug|x86.Deploy.0 = Debug|x86
		{D4A787F7-F1C5-460F-A835-35C4244D43D7}.Release|Any CPU.ActiveCfg = Release|Any CPU
		{D4A787F7-F1C5-460F-A835-35C4244D43D7}.Release|Any CPU.Build.0 = Release|Any CPU
		{D4A787F7-F1C5-460F-A835-35C4244D43D7}.Release|Any CPU.Deploy.0 = Release|Any CPU
		{D4A787F7-F1C5-460F-A835-35C4244D43D7}.Release|ARM.ActiveCfg = Release|ARM
		{D4A787F7-F1C5-460F-A835-35C4244D43D7}.Release|ARM.Build.0 = Release|ARM
		{D4A787F7-F1C5-460F-A835-35C4244D43D7}.Release|ARM.Deploy.0 = Release|ARM
		{D4A787F7-F1C5-460F-A835-35C4244D43D7}.Release|iPhone.ActiveCfg = Release|Any CPU
		{D4A787F7-F1C5-460F-A835-35C4244D43D7}.Release|iPhoneSimulator.ActiveCfg = Release|Any CPU
		{D4A787F7-F1C5-460F-A835-35C4244D43D7}.Release|Mixed Platforms.ActiveCfg = Release|x86
		{D4A787F7-F1C5-460F-A835-35C4244D43D7}.Release|Mixed Platforms.Build.0 = Release|x86
		{D4A787F7-F1C5-460F-A835-35C4244D43D7}.Release|Mixed Platforms.Deploy.0 = Release|x86
		{D4A787F7-F1C5-460F-A835-35C4244D43D7}.Release|x64.ActiveCfg = Release|x64
		{D4A787F7-F1C5-460F-A835-35C4244D43D7}.Release|x64.Build.0 = Release|x64
		{D4A787F7-F1C5-460F-A835-35C4244D43D7}.Release|x64.Deploy.0 = Release|x64
		{D4A787F7-F1C5-460F-A835-35C4244D43D7}.Release|x86.ActiveCfg = Release|x86
		{D4A787F7-F1C5-460F-A835-35C4244D43D7}.Release|x86.Build.0 = Release|x86
		{D4A787F7-F1C5-460F-A835-35C4244D43D7}.Release|x86.Deploy.0 = Release|x86
		{80D693BD-BBC4-492E-82BD-884FE508E0DA}.Ad-Hoc|Any CPU.ActiveCfg = Release|Any CPU
		{80D693BD-BBC4-492E-82BD-884FE508E0DA}.Ad-Hoc|Any CPU.Build.0 = Release|Any CPU
		{80D693BD-BBC4-492E-82BD-884FE508E0DA}.Ad-Hoc|Any CPU.Deploy.0 = Release|Any CPU
		{80D693BD-BBC4-492E-82BD-884FE508E0DA}.Ad-Hoc|ARM.ActiveCfg = Release|ARM
		{80D693BD-BBC4-492E-82BD-884FE508E0DA}.Ad-Hoc|ARM.Build.0 = Release|ARM
		{80D693BD-BBC4-492E-82BD-884FE508E0DA}.Ad-Hoc|ARM.Deploy.0 = Release|ARM
		{80D693BD-BBC4-492E-82BD-884FE508E0DA}.Ad-Hoc|iPhone.ActiveCfg = Release|Any CPU
		{80D693BD-BBC4-492E-82BD-884FE508E0DA}.Ad-Hoc|iPhoneSimulator.ActiveCfg = Release|Any CPU
		{80D693BD-BBC4-492E-82BD-884FE508E0DA}.Ad-Hoc|Mixed Platforms.ActiveCfg = Release|x86
		{80D693BD-BBC4-492E-82BD-884FE508E0DA}.Ad-Hoc|Mixed Platforms.Build.0 = Release|x86
		{80D693BD-BBC4-492E-82BD-884FE508E0DA}.Ad-Hoc|Mixed Platforms.Deploy.0 = Release|x86
		{80D693BD-BBC4-492E-82BD-884FE508E0DA}.Ad-Hoc|x64.ActiveCfg = Release|Any CPU
		{80D693BD-BBC4-492E-82BD-884FE508E0DA}.Ad-Hoc|x86.ActiveCfg = Release|x86
		{80D693BD-BBC4-492E-82BD-884FE508E0DA}.Ad-Hoc|x86.Build.0 = Release|x86
		{80D693BD-BBC4-492E-82BD-884FE508E0DA}.Ad-Hoc|x86.Deploy.0 = Release|x86
		{80D693BD-BBC4-492E-82BD-884FE508E0DA}.AppStore|Any CPU.ActiveCfg = Release|Any CPU
		{80D693BD-BBC4-492E-82BD-884FE508E0DA}.AppStore|Any CPU.Build.0 = Release|Any CPU
		{80D693BD-BBC4-492E-82BD-884FE508E0DA}.AppStore|Any CPU.Deploy.0 = Release|Any CPU
		{80D693BD-BBC4-492E-82BD-884FE508E0DA}.AppStore|ARM.ActiveCfg = Release|ARM
		{80D693BD-BBC4-492E-82BD-884FE508E0DA}.AppStore|ARM.Build.0 = Release|ARM
		{80D693BD-BBC4-492E-82BD-884FE508E0DA}.AppStore|ARM.Deploy.0 = Release|ARM
		{80D693BD-BBC4-492E-82BD-884FE508E0DA}.AppStore|iPhone.ActiveCfg = Release|Any CPU
		{80D693BD-BBC4-492E-82BD-884FE508E0DA}.AppStore|iPhoneSimulator.ActiveCfg = Release|Any CPU
		{80D693BD-BBC4-492E-82BD-884FE508E0DA}.AppStore|Mixed Platforms.ActiveCfg = Release|x86
		{80D693BD-BBC4-492E-82BD-884FE508E0DA}.AppStore|Mixed Platforms.Build.0 = Release|x86
		{80D693BD-BBC4-492E-82BD-884FE508E0DA}.AppStore|Mixed Platforms.Deploy.0 = Release|x86
		{80D693BD-BBC4-492E-82BD-884FE508E0DA}.AppStore|x64.ActiveCfg = Release|Any CPU
		{80D693BD-BBC4-492E-82BD-884FE508E0DA}.AppStore|x86.ActiveCfg = Release|x86
		{80D693BD-BBC4-492E-82BD-884FE508E0DA}.AppStore|x86.Build.0 = Release|x86
		{80D693BD-BBC4-492E-82BD-884FE508E0DA}.AppStore|x86.Deploy.0 = Release|x86
		{80D693BD-BBC4-492E-82BD-884FE508E0DA}.Debug|Any CPU.ActiveCfg = Debug|Any CPU
		{80D693BD-BBC4-492E-82BD-884FE508E0DA}.Debug|Any CPU.Build.0 = Debug|Any CPU
		{80D693BD-BBC4-492E-82BD-884FE508E0DA}.Debug|Any CPU.Deploy.0 = Debug|Any CPU
		{80D693BD-BBC4-492E-82BD-884FE508E0DA}.Debug|ARM.ActiveCfg = Debug|ARM
		{80D693BD-BBC4-492E-82BD-884FE508E0DA}.Debug|ARM.Build.0 = Debug|ARM
		{80D693BD-BBC4-492E-82BD-884FE508E0DA}.Debug|ARM.Deploy.0 = Debug|ARM
		{80D693BD-BBC4-492E-82BD-884FE508E0DA}.Debug|iPhone.ActiveCfg = Debug|Any CPU
		{80D693BD-BBC4-492E-82BD-884FE508E0DA}.Debug|iPhoneSimulator.ActiveCfg = Debug|Any CPU
		{80D693BD-BBC4-492E-82BD-884FE508E0DA}.Debug|Mixed Platforms.ActiveCfg = Debug|x86
		{80D693BD-BBC4-492E-82BD-884FE508E0DA}.Debug|Mixed Platforms.Build.0 = Debug|x86
		{80D693BD-BBC4-492E-82BD-884FE508E0DA}.Debug|Mixed Platforms.Deploy.0 = Debug|x86
		{80D693BD-BBC4-492E-82BD-884FE508E0DA}.Debug|x64.ActiveCfg = Debug|Any CPU
		{80D693BD-BBC4-492E-82BD-884FE508E0DA}.Debug|x86.ActiveCfg = Debug|x86
		{80D693BD-BBC4-492E-82BD-884FE508E0DA}.Debug|x86.Build.0 = Debug|x86
		{80D693BD-BBC4-492E-82BD-884FE508E0DA}.Debug|x86.Deploy.0 = Debug|x86
		{80D693BD-BBC4-492E-82BD-884FE508E0DA}.Release|Any CPU.ActiveCfg = Release|Any CPU
		{80D693BD-BBC4-492E-82BD-884FE508E0DA}.Release|Any CPU.Build.0 = Release|Any CPU
		{80D693BD-BBC4-492E-82BD-884FE508E0DA}.Release|Any CPU.Deploy.0 = Release|Any CPU
		{80D693BD-BBC4-492E-82BD-884FE508E0DA}.Release|ARM.ActiveCfg = Release|ARM
		{80D693BD-BBC4-492E-82BD-884FE508E0DA}.Release|ARM.Build.0 = Release|ARM
		{80D693BD-BBC4-492E-82BD-884FE508E0DA}.Release|ARM.Deploy.0 = Release|ARM
		{80D693BD-BBC4-492E-82BD-884FE508E0DA}.Release|iPhone.ActiveCfg = Release|Any CPU
		{80D693BD-BBC4-492E-82BD-884FE508E0DA}.Release|iPhoneSimulator.ActiveCfg = Release|Any CPU
		{80D693BD-BBC4-492E-82BD-884FE508E0DA}.Release|Mixed Platforms.ActiveCfg = Release|x86
		{80D693BD-BBC4-492E-82BD-884FE508E0DA}.Release|Mixed Platforms.Build.0 = Release|x86
		{80D693BD-BBC4-492E-82BD-884FE508E0DA}.Release|Mixed Platforms.Deploy.0 = Release|x86
		{80D693BD-BBC4-492E-82BD-884FE508E0DA}.Release|x64.ActiveCfg = Release|Any CPU
		{80D693BD-BBC4-492E-82BD-884FE508E0DA}.Release|x86.ActiveCfg = Release|x86
		{80D693BD-BBC4-492E-82BD-884FE508E0DA}.Release|x86.Build.0 = Release|x86
		{80D693BD-BBC4-492E-82BD-884FE508E0DA}.Release|x86.Deploy.0 = Release|x86
		{0C6FC21A-CCE4-4923-A529-9C3EA204DA2E}.Ad-Hoc|Any CPU.ActiveCfg = Release|Any CPU
		{0C6FC21A-CCE4-4923-A529-9C3EA204DA2E}.Ad-Hoc|Any CPU.Build.0 = Release|Any CPU
		{0C6FC21A-CCE4-4923-A529-9C3EA204DA2E}.Ad-Hoc|Any CPU.Deploy.0 = Release|Any CPU
		{0C6FC21A-CCE4-4923-A529-9C3EA204DA2E}.Ad-Hoc|ARM.ActiveCfg = Release|Any CPU
		{0C6FC21A-CCE4-4923-A529-9C3EA204DA2E}.Ad-Hoc|iPhone.ActiveCfg = Release|Any CPU
		{0C6FC21A-CCE4-4923-A529-9C3EA204DA2E}.Ad-Hoc|iPhoneSimulator.ActiveCfg = Release|Any CPU
		{0C6FC21A-CCE4-4923-A529-9C3EA204DA2E}.Ad-Hoc|Mixed Platforms.ActiveCfg = Release|Any CPU
		{0C6FC21A-CCE4-4923-A529-9C3EA204DA2E}.Ad-Hoc|Mixed Platforms.Build.0 = Release|Any CPU
		{0C6FC21A-CCE4-4923-A529-9C3EA204DA2E}.Ad-Hoc|Mixed Platforms.Deploy.0 = Release|Any CPU
		{0C6FC21A-CCE4-4923-A529-9C3EA204DA2E}.Ad-Hoc|x64.ActiveCfg = Release|Any CPU
		{0C6FC21A-CCE4-4923-A529-9C3EA204DA2E}.Ad-Hoc|x86.ActiveCfg = Release|Any CPU
		{0C6FC21A-CCE4-4923-A529-9C3EA204DA2E}.AppStore|Any CPU.ActiveCfg = Release|Any CPU
		{0C6FC21A-CCE4-4923-A529-9C3EA204DA2E}.AppStore|Any CPU.Build.0 = Release|Any CPU
		{0C6FC21A-CCE4-4923-A529-9C3EA204DA2E}.AppStore|Any CPU.Deploy.0 = Release|Any CPU
		{0C6FC21A-CCE4-4923-A529-9C3EA204DA2E}.AppStore|ARM.ActiveCfg = Release|Any CPU
		{0C6FC21A-CCE4-4923-A529-9C3EA204DA2E}.AppStore|iPhone.ActiveCfg = Release|Any CPU
		{0C6FC21A-CCE4-4923-A529-9C3EA204DA2E}.AppStore|iPhoneSimulator.ActiveCfg = Release|Any CPU
		{0C6FC21A-CCE4-4923-A529-9C3EA204DA2E}.AppStore|Mixed Platforms.ActiveCfg = Release|Any CPU
		{0C6FC21A-CCE4-4923-A529-9C3EA204DA2E}.AppStore|Mixed Platforms.Build.0 = Release|Any CPU
		{0C6FC21A-CCE4-4923-A529-9C3EA204DA2E}.AppStore|Mixed Platforms.Deploy.0 = Release|Any CPU
		{0C6FC21A-CCE4-4923-A529-9C3EA204DA2E}.AppStore|x64.ActiveCfg = Release|Any CPU
		{0C6FC21A-CCE4-4923-A529-9C3EA204DA2E}.AppStore|x86.ActiveCfg = Release|Any CPU
		{0C6FC21A-CCE4-4923-A529-9C3EA204DA2E}.Debug|Any CPU.ActiveCfg = Debug|Any CPU
		{0C6FC21A-CCE4-4923-A529-9C3EA204DA2E}.Debug|Any CPU.Build.0 = Debug|Any CPU
		{0C6FC21A-CCE4-4923-A529-9C3EA204DA2E}.Debug|Any CPU.Deploy.0 = Debug|Any CPU
		{0C6FC21A-CCE4-4923-A529-9C3EA204DA2E}.Debug|ARM.ActiveCfg = Debug|Any CPU
		{0C6FC21A-CCE4-4923-A529-9C3EA204DA2E}.Debug|iPhone.ActiveCfg = Debug|Any CPU
		{0C6FC21A-CCE4-4923-A529-9C3EA204DA2E}.Debug|iPhoneSimulator.ActiveCfg = Debug|Any CPU
		{0C6FC21A-CCE4-4923-A529-9C3EA204DA2E}.Debug|Mixed Platforms.ActiveCfg = Debug|Any CPU
		{0C6FC21A-CCE4-4923-A529-9C3EA204DA2E}.Debug|Mixed Platforms.Build.0 = Debug|Any CPU
		{0C6FC21A-CCE4-4923-A529-9C3EA204DA2E}.Debug|Mixed Platforms.Deploy.0 = Debug|Any CPU
		{0C6FC21A-CCE4-4923-A529-9C3EA204DA2E}.Debug|x64.ActiveCfg = Debug|Any CPU
		{0C6FC21A-CCE4-4923-A529-9C3EA204DA2E}.Debug|x86.ActiveCfg = Debug|Any CPU
		{0C6FC21A-CCE4-4923-A529-9C3EA204DA2E}.Release|Any CPU.ActiveCfg = Release|Any CPU
		{0C6FC21A-CCE4-4923-A529-9C3EA204DA2E}.Release|Any CPU.Build.0 = Release|Any CPU
		{0C6FC21A-CCE4-4923-A529-9C3EA204DA2E}.Release|Any CPU.Deploy.0 = Release|Any CPU
		{0C6FC21A-CCE4-4923-A529-9C3EA204DA2E}.Release|ARM.ActiveCfg = Release|Any CPU
		{0C6FC21A-CCE4-4923-A529-9C3EA204DA2E}.Release|iPhone.ActiveCfg = Release|Any CPU
		{0C6FC21A-CCE4-4923-A529-9C3EA204DA2E}.Release|iPhoneSimulator.ActiveCfg = Release|Any CPU
		{0C6FC21A-CCE4-4923-A529-9C3EA204DA2E}.Release|Mixed Platforms.ActiveCfg = Release|Any CPU
		{0C6FC21A-CCE4-4923-A529-9C3EA204DA2E}.Release|Mixed Platforms.Build.0 = Release|Any CPU
		{0C6FC21A-CCE4-4923-A529-9C3EA204DA2E}.Release|Mixed Platforms.Deploy.0 = Release|Any CPU
		{0C6FC21A-CCE4-4923-A529-9C3EA204DA2E}.Release|x64.ActiveCfg = Release|Any CPU
		{0C6FC21A-CCE4-4923-A529-9C3EA204DA2E}.Release|x86.ActiveCfg = Release|Any CPU
		{2023A69E-0E90-4132-A38B-967765DFAF06}.Ad-Hoc|Any CPU.ActiveCfg = Release|Any CPU
		{2023A69E-0E90-4132-A38B-967765DFAF06}.Ad-Hoc|Any CPU.Build.0 = Release|Any CPU
		{2023A69E-0E90-4132-A38B-967765DFAF06}.Ad-Hoc|ARM.ActiveCfg = Release|Any CPU
		{2023A69E-0E90-4132-A38B-967765DFAF06}.Ad-Hoc|iPhone.ActiveCfg = Release|Any CPU
		{2023A69E-0E90-4132-A38B-967765DFAF06}.Ad-Hoc|iPhoneSimulator.ActiveCfg = Release|Any CPU
		{2023A69E-0E90-4132-A38B-967765DFAF06}.Ad-Hoc|Mixed Platforms.ActiveCfg = Release|Any CPU
		{2023A69E-0E90-4132-A38B-967765DFAF06}.Ad-Hoc|Mixed Platforms.Build.0 = Release|Any CPU
		{2023A69E-0E90-4132-A38B-967765DFAF06}.Ad-Hoc|x64.ActiveCfg = Release|Any CPU
		{2023A69E-0E90-4132-A38B-967765DFAF06}.Ad-Hoc|x86.ActiveCfg = Release|Any CPU
		{2023A69E-0E90-4132-A38B-967765DFAF06}.AppStore|Any CPU.ActiveCfg = Release|Any CPU
		{2023A69E-0E90-4132-A38B-967765DFAF06}.AppStore|Any CPU.Build.0 = Release|Any CPU
		{2023A69E-0E90-4132-A38B-967765DFAF06}.AppStore|ARM.ActiveCfg = Release|Any CPU
		{2023A69E-0E90-4132-A38B-967765DFAF06}.AppStore|iPhone.ActiveCfg = Release|Any CPU
		{2023A69E-0E90-4132-A38B-967765DFAF06}.AppStore|iPhoneSimulator.ActiveCfg = Release|Any CPU
		{2023A69E-0E90-4132-A38B-967765DFAF06}.AppStore|Mixed Platforms.ActiveCfg = Release|Any CPU
		{2023A69E-0E90-4132-A38B-967765DFAF06}.AppStore|Mixed Platforms.Build.0 = Release|Any CPU
		{2023A69E-0E90-4132-A38B-967765DFAF06}.AppStore|x64.ActiveCfg = Release|Any CPU
		{2023A69E-0E90-4132-A38B-967765DFAF06}.AppStore|x86.ActiveCfg = Release|Any CPU
		{2023A69E-0E90-4132-A38B-967765DFAF06}.Debug|Any CPU.ActiveCfg = Debug|Any CPU
		{2023A69E-0E90-4132-A38B-967765DFAF06}.Debug|Any CPU.Build.0 = Debug|Any CPU
		{2023A69E-0E90-4132-A38B-967765DFAF06}.Debug|ARM.ActiveCfg = Debug|Any CPU
		{2023A69E-0E90-4132-A38B-967765DFAF06}.Debug|iPhone.ActiveCfg = Debug|Any CPU
		{2023A69E-0E90-4132-A38B-967765DFAF06}.Debug|iPhoneSimulator.ActiveCfg = Debug|Any CPU
		{2023A69E-0E90-4132-A38B-967765DFAF06}.Debug|Mixed Platforms.ActiveCfg = Debug|Any CPU
		{2023A69E-0E90-4132-A38B-967765DFAF06}.Debug|Mixed Platforms.Build.0 = Debug|Any CPU
		{2023A69E-0E90-4132-A38B-967765DFAF06}.Debug|x64.ActiveCfg = Debug|Any CPU
		{2023A69E-0E90-4132-A38B-967765DFAF06}.Debug|x86.ActiveCfg = Debug|Any CPU
		{2023A69E-0E90-4132-A38B-967765DFAF06}.Release|Any CPU.ActiveCfg = Release|Any CPU
		{2023A69E-0E90-4132-A38B-967765DFAF06}.Release|Any CPU.Build.0 = Release|Any CPU
		{2023A69E-0E90-4132-A38B-967765DFAF06}.Release|ARM.ActiveCfg = Release|Any CPU
		{2023A69E-0E90-4132-A38B-967765DFAF06}.Release|iPhone.ActiveCfg = Release|Any CPU
		{2023A69E-0E90-4132-A38B-967765DFAF06}.Release|iPhoneSimulator.ActiveCfg = Release|Any CPU
		{2023A69E-0E90-4132-A38B-967765DFAF06}.Release|Mixed Platforms.ActiveCfg = Release|Any CPU
		{2023A69E-0E90-4132-A38B-967765DFAF06}.Release|Mixed Platforms.Build.0 = Release|Any CPU
		{2023A69E-0E90-4132-A38B-967765DFAF06}.Release|x64.ActiveCfg = Release|Any CPU
		{2023A69E-0E90-4132-A38B-967765DFAF06}.Release|x86.ActiveCfg = Release|Any CPU
		{B04C9B07-1E0B-4CF2-9498-82F643FF160B}.Ad-Hoc|Any CPU.ActiveCfg = Ad-Hoc|iPhone
		{B04C9B07-1E0B-4CF2-9498-82F643FF160B}.Ad-Hoc|ARM.ActiveCfg = Ad-Hoc|iPhone
		{B04C9B07-1E0B-4CF2-9498-82F643FF160B}.Ad-Hoc|iPhone.ActiveCfg = Ad-Hoc|iPhone
		{B04C9B07-1E0B-4CF2-9498-82F643FF160B}.Ad-Hoc|iPhone.Build.0 = Ad-Hoc|iPhone
		{B04C9B07-1E0B-4CF2-9498-82F643FF160B}.Ad-Hoc|iPhoneSimulator.ActiveCfg = Ad-Hoc|iPhoneSimulator
		{B04C9B07-1E0B-4CF2-9498-82F643FF160B}.Ad-Hoc|iPhoneSimulator.Build.0 = Ad-Hoc|iPhoneSimulator
		{B04C9B07-1E0B-4CF2-9498-82F643FF160B}.Ad-Hoc|Mixed Platforms.ActiveCfg = Ad-Hoc|iPhone
		{B04C9B07-1E0B-4CF2-9498-82F643FF160B}.Ad-Hoc|Mixed Platforms.Build.0 = Ad-Hoc|iPhone
		{B04C9B07-1E0B-4CF2-9498-82F643FF160B}.Ad-Hoc|x64.ActiveCfg = Ad-Hoc|iPhone
		{B04C9B07-1E0B-4CF2-9498-82F643FF160B}.Ad-Hoc|x86.ActiveCfg = Ad-Hoc|iPhone
		{B04C9B07-1E0B-4CF2-9498-82F643FF160B}.AppStore|Any CPU.ActiveCfg = AppStore|iPhone
		{B04C9B07-1E0B-4CF2-9498-82F643FF160B}.AppStore|ARM.ActiveCfg = AppStore|iPhone
		{B04C9B07-1E0B-4CF2-9498-82F643FF160B}.AppStore|iPhone.ActiveCfg = AppStore|iPhone
		{B04C9B07-1E0B-4CF2-9498-82F643FF160B}.AppStore|iPhone.Build.0 = AppStore|iPhone
		{B04C9B07-1E0B-4CF2-9498-82F643FF160B}.AppStore|iPhoneSimulator.ActiveCfg = AppStore|iPhoneSimulator
		{B04C9B07-1E0B-4CF2-9498-82F643FF160B}.AppStore|iPhoneSimulator.Build.0 = AppStore|iPhoneSimulator
		{B04C9B07-1E0B-4CF2-9498-82F643FF160B}.AppStore|Mixed Platforms.ActiveCfg = AppStore|iPhone
		{B04C9B07-1E0B-4CF2-9498-82F643FF160B}.AppStore|Mixed Platforms.Build.0 = AppStore|iPhone
		{B04C9B07-1E0B-4CF2-9498-82F643FF160B}.AppStore|x64.ActiveCfg = AppStore|iPhone
		{B04C9B07-1E0B-4CF2-9498-82F643FF160B}.AppStore|x86.ActiveCfg = AppStore|iPhone
		{B04C9B07-1E0B-4CF2-9498-82F643FF160B}.Debug|Any CPU.ActiveCfg = Debug|iPhone
		{B04C9B07-1E0B-4CF2-9498-82F643FF160B}.Debug|ARM.ActiveCfg = Debug|iPhone
		{B04C9B07-1E0B-4CF2-9498-82F643FF160B}.Debug|iPhone.ActiveCfg = Debug|iPhone
		{B04C9B07-1E0B-4CF2-9498-82F643FF160B}.Debug|iPhone.Build.0 = Debug|iPhone
		{B04C9B07-1E0B-4CF2-9498-82F643FF160B}.Debug|iPhoneSimulator.ActiveCfg = Debug|iPhoneSimulator
		{B04C9B07-1E0B-4CF2-9498-82F643FF160B}.Debug|iPhoneSimulator.Build.0 = Debug|iPhoneSimulator
		{B04C9B07-1E0B-4CF2-9498-82F643FF160B}.Debug|Mixed Platforms.ActiveCfg = Debug|iPhone
		{B04C9B07-1E0B-4CF2-9498-82F643FF160B}.Debug|Mixed Platforms.Build.0 = Debug|iPhone
		{B04C9B07-1E0B-4CF2-9498-82F643FF160B}.Debug|x64.ActiveCfg = Debug|iPhone
		{B04C9B07-1E0B-4CF2-9498-82F643FF160B}.Debug|x86.ActiveCfg = Debug|iPhone
		{B04C9B07-1E0B-4CF2-9498-82F643FF160B}.Release|Any CPU.ActiveCfg = Release|iPhone
		{B04C9B07-1E0B-4CF2-9498-82F643FF160B}.Release|ARM.ActiveCfg = Release|iPhone
		{B04C9B07-1E0B-4CF2-9498-82F643FF160B}.Release|iPhone.ActiveCfg = Release|iPhone
		{B04C9B07-1E0B-4CF2-9498-82F643FF160B}.Release|iPhone.Build.0 = Release|iPhone
		{B04C9B07-1E0B-4CF2-9498-82F643FF160B}.Release|iPhoneSimulator.ActiveCfg = Release|iPhoneSimulator
		{B04C9B07-1E0B-4CF2-9498-82F643FF160B}.Release|iPhoneSimulator.Build.0 = Release|iPhoneSimulator
		{B04C9B07-1E0B-4CF2-9498-82F643FF160B}.Release|Mixed Platforms.ActiveCfg = Release|iPhone
		{B04C9B07-1E0B-4CF2-9498-82F643FF160B}.Release|Mixed Platforms.Build.0 = Release|iPhone
		{B04C9B07-1E0B-4CF2-9498-82F643FF160B}.Release|x64.ActiveCfg = Release|iPhone
		{B04C9B07-1E0B-4CF2-9498-82F643FF160B}.Release|x86.ActiveCfg = Release|iPhone
	EndGlobalSection
	GlobalSection(SolutionProperties) = preSolution
		HideSolutionNode = FALSE
	EndGlobalSection
	GlobalSection(NestedProjects) = preSolution
		{09ACF96C-DFE4-4220-AD8E-4D07E5B8B0E5} = {81CFC4F0-179E-4923-AF8A-9A1E75F9840C}
		{5BB36756-2C5A-43E0-AE03-E2BFD8819552} = {81CFC4F0-179E-4923-AF8A-9A1E75F9840C}
		{503F5717-97B3-4C34-A796-5D821FB3BE52} = {81CFC4F0-179E-4923-AF8A-9A1E75F9840C}
		{8DF4DA9E-C7C7-4B30-8225-F785A9BA0848} = {D97A8DF0-197C-41F5-8F4D-57DD701C0880}
		{D97A8DF0-197C-41F5-8F4D-57DD701C0880} = {E5073F7F-92BB-488A-B450-52C36AA3E81E}
		{81CFC4F0-179E-4923-AF8A-9A1E75F9840C} = {E5073F7F-92BB-488A-B450-52C36AA3E81E}
		{1C84DAD3-B0D7-4D8C-BCE4-4E044D442F5F} = {D97A8DF0-197C-41F5-8F4D-57DD701C0880}
		{D608F173-D4C8-4C29-9D83-0CB1497D2547} = {1C84DAD3-B0D7-4D8C-BCE4-4E044D442F5F}
		{D4A787F7-F1C5-460F-A835-35C4244D43D7} = {1C84DAD3-B0D7-4D8C-BCE4-4E044D442F5F}
		{80D693BD-BBC4-492E-82BD-884FE508E0DA} = {1C84DAD3-B0D7-4D8C-BCE4-4E044D442F5F}
		{0C6FC21A-CCE4-4923-A529-9C3EA204DA2E} = {F3853645-BBCC-492C-B31A-BE1B72A247D0}
		{2023A69E-0E90-4132-A38B-967765DFAF06} = {6BB1AB22-3415-4162-A268-F9E88BC35C8B}
		{B04C9B07-1E0B-4CF2-9498-82F643FF160B} = {F3853645-BBCC-492C-B31A-BE1B72A247D0}
	EndGlobalSection
EndGlobal
