
Microsoft Visual Studio Solution File, Format Version 12.00
# Visual Studio 2013
VisualStudioVersion = 12.0.31101.0
MinimumVisualStudioVersion = 10.0.40219.1
Project("{2150E333-8FDC-42A3-9474-1A3956D46DE8}") = "Windows Apps", "Windows Apps", "{7586BA99-90D4-4057-95DC-DD284A2A4656}"
EndProject
Project("{2150E333-8FDC-42A3-9474-1A3956D46DE8}") = "Xamarin Apps", "Xamarin Apps", "{919BC2A9-E77E-4787-A534-D10FBE465F0F}"
EndProject
Project("{2150E333-8FDC-42A3-9474-1A3956D46DE8}") = ".Shared", ".Shared", "{7262A176-4D84-4994-A9D9-C3DA65EA2D4A}"
	ProjectSection(SolutionItems) = preProject
		Shared\Constants.cs = Shared\Constants.cs
		Shared\Constants.vb = Shared\Constants.vb
	EndProjectSection
EndProject
Project("{2150E333-8FDC-42A3-9474-1A3956D46DE8}") = "CSharp", "CSharp", "{0CEBE7C8-C36D-4628-80DE-A60007DABB93}"
EndProject
Project("{2150E333-8FDC-42A3-9474-1A3956D46DE8}") = "NotificationHubsSample.UA", "NotificationHubsSample.UA", "{A9268727-A7E7-40BF-B961-395DF14972BD}"
EndProject
Project("{D954291E-2A0B-460D-934E-DC6B0785DB48}") = "NotificationHubsSample.UA.Shared", "NotificationHubsSample.UA\NotificationHubsSample.UA.Shared\NotificationHubsSample.UA.Shared.shproj", "{60AD3028-142E-4764-9596-B680BB737681}"
EndProject
Project("{FAE04EC0-301F-11D3-BF4B-00C04F79EFBC}") = "NotificationHubsSample.UA.Windows", "NotificationHubsSample.UA\NotificationHubsSample.UA.Windows\NotificationHubsSample.UA.Windows.csproj", "{5B98D7AF-96B1-4948-A293-CA4B16583B8A}"
EndProject
Project("{FAE04EC0-301F-11D3-BF4B-00C04F79EFBC}") = "NotificationHubsSample.UA.WindowsPhone", "NotificationHubsSample.UA\NotificationHubsSample.UA.WindowsPhone\NotificationHubsSample.UA.WindowsPhone.csproj", "{EBF2B114-194B-493E-8AFA-473ACFC0ADD9}"
EndProject
Project("{FAE04EC0-301F-11D3-BF4B-00C04F79EFBC}") = "NotificationHubsSample.WPSL", "NotificationHubsSample.WPSL\NotificationHubsSample.WPSL.csproj", "{8AAEF82D-CA91-4B1F-9414-5C343FF3B74A}"
EndProject
Project("{2150E333-8FDC-42A3-9474-1A3956D46DE8}") = "VB", "VB", "{1217C272-B876-4173-9136-35E1CAB1D9C5}"
EndProject
Project("{F184B08F-C81C-45F6-A57F-5ABD9991F28F}") = "NotificationHubsSample.Win81", "NotificationHubsSample.Win81-VB\NotificationHubsSample.Win81.vbproj", "{CFA01B0F-A9EE-4137-B8AD-B3D7DB73C308}"
EndProject
Project("{F184B08F-C81C-45F6-A57F-5ABD9991F28F}") = "NotificationHubsSample.WPSL-VB", "NotificationHubsSample.WPSL-VB\NotificationHubsSample.WPSL-VB.vbproj", "{4D85CD9B-98AC-46AE-8CAF-DB25C3454E68}"
EndProject
Project("{F184B08F-C81C-45F6-A57F-5ABD9991F28F}") = "NotificationHubsSample.WP-VB", "NotificationHubsSample.WP-VB\NotificationHubsSample.WP-VB.vbproj", "{E705FA24-64AF-4EBE-98EF-75B3FA92B969}"
EndProject
Project("{2150E333-8FDC-42A3-9474-1A3956D46DE8}") = ".nuget", ".nuget", "{C0F8E39C-9666-4863-BAB2-399D7D410C4E}"
	ProjectSection(SolutionItems) = preProject
		.nuget\NuGet.Config = .nuget\NuGet.Config
		.nuget\NuGet.exe = .nuget\NuGet.exe
		.nuget\NuGet.targets = .nuget\NuGet.targets
	EndProjectSection
EndProject
Project("{2150E333-8FDC-42A3-9474-1A3956D46DE8}") = "BackEnd", "BackEnd", "{70D24E13-A27A-4195-A635-8BE420954DA0}"
EndProject
Project("{FAE04EC0-301F-11D3-BF4B-00C04F79EFBC}") = "NotificationHubsSample.WebApi", "NotificationHubsSample.WebApi\NotificationHubsSample.WebApi.csproj", "{2F76BC5C-6BC4-43FD-AB85-CF4E0ADFF0D6}"
EndProject
Project("{FAE04EC0-301F-11D3-BF4B-00C04F79EFBC}") = "NotificationHubsSample.Xam", "NotificationHubsSample.Xam\NotificationHubsSample.Xam\NotificationHubsSample.Xam.csproj", "{080EE6F1-4EAA-4644-9249-84EC5CCBC2CE}"
EndProject
Project("{FAE04EC0-301F-11D3-BF4B-00C04F79EFBC}") = "NotificationHubsSample.Xam.Droid", "NotificationHubsSample.Xam\NotificationHubsSample.Xam.Droid\NotificationHubsSample.Xam.Droid.csproj", "{2434FA65-3BD0-4069-B6E6-14CA8A12E216}"
EndProject
Project("{FAE04EC0-301F-11D3-BF4B-00C04F79EFBC}") = "NotificationHubsSample.Xam.iOS", "NotificationHubsSample.Xam\NotificationHubsSample.Xam.iOS\NotificationHubsSample.Xam.iOS.csproj", "{1AF64E08-00B6-49DB-A370-602658313211}"
EndProject
Global
	GlobalSection(SharedMSBuildProjectFiles) = preSolution
		NotificationHubsSample.UA\NotificationHubsSample.UA.Shared\NotificationHubsSample.UA.Shared.projitems*{ebf2b114-194b-493e-8afa-473acfc0add9}*SharedItemsImports = 4
		NotificationHubsSample.UA\NotificationHubsSample.UA.Shared\NotificationHubsSample.UA.Shared.projitems*{60ad3028-142e-4764-9596-b680bb737681}*SharedItemsImports = 13
		NotificationHubsSample.UA\NotificationHubsSample.UA.Shared\NotificationHubsSample.UA.Shared.projitems*{5b98d7af-96b1-4948-a293-ca4b16583b8a}*SharedItemsImports = 4
	EndGlobalSection
	GlobalSection(SolutionConfigurationPlatforms) = preSolution
		Ad-Hoc|Any CPU = Ad-Hoc|Any CPU
		Ad-Hoc|ARM = Ad-Hoc|ARM
		Ad-Hoc|iPhone = Ad-Hoc|iPhone
		Ad-Hoc|iPhoneSimulator = Ad-Hoc|iPhoneSimulator
		Ad-Hoc|Mixed Platforms = Ad-Hoc|Mixed Platforms
		Ad-Hoc|x64 = Ad-Hoc|x64
		Ad-Hoc|x86 = Ad-Hoc|x86
		AppStore|Any CPU = AppStore|Any CPU
		AppStore|ARM = AppStore|ARM
		AppStore|iPhone = AppStore|iPhone
		AppStore|iPhoneSimulator = AppStore|iPhoneSimulator
		AppStore|Mixed Platforms = AppStore|Mixed Platforms
		AppStore|x64 = AppStore|x64
		AppStore|x86 = AppStore|x86
		Debug|Any CPU = Debug|Any CPU
		Debug|ARM = Debug|ARM
		Debug|iPhone = Debug|iPhone
		Debug|iPhoneSimulator = Debug|iPhoneSimulator
		Debug|Mixed Platforms = Debug|Mixed Platforms
		Debug|x64 = Debug|x64
		Debug|x86 = Debug|x86
		Release|Any CPU = Release|Any CPU
		Release|ARM = Release|ARM
		Release|iPhone = Release|iPhone
		Release|iPhoneSimulator = Release|iPhoneSimulator
		Release|Mixed Platforms = Release|Mixed Platforms
		Release|x64 = Release|x64
		Release|x86 = Release|x86
	EndGlobalSection
	GlobalSection(ProjectConfigurationPlatforms) = postSolution
		{5B98D7AF-96B1-4948-A293-CA4B16583B8A}.Ad-Hoc|Any CPU.ActiveCfg = Release|Any CPU
		{5B98D7AF-96B1-4948-A293-CA4B16583B8A}.Ad-Hoc|Any CPU.Build.0 = Release|Any CPU
		{5B98D7AF-96B1-4948-A293-CA4B16583B8A}.Ad-Hoc|Any CPU.Deploy.0 = Release|Any CPU
		{5B98D7AF-96B1-4948-A293-CA4B16583B8A}.Ad-Hoc|ARM.ActiveCfg = Release|ARM
		{5B98D7AF-96B1-4948-A293-CA4B16583B8A}.Ad-Hoc|ARM.Build.0 = Release|ARM
		{5B98D7AF-96B1-4948-A293-CA4B16583B8A}.Ad-Hoc|ARM.Deploy.0 = Release|ARM
		{5B98D7AF-96B1-4948-A293-CA4B16583B8A}.Ad-Hoc|iPhone.ActiveCfg = Release|Any CPU
		{5B98D7AF-96B1-4948-A293-CA4B16583B8A}.Ad-Hoc|iPhoneSimulator.ActiveCfg = Release|Any CPU
		{5B98D7AF-96B1-4948-A293-CA4B16583B8A}.Ad-Hoc|Mixed Platforms.ActiveCfg = Release|x86
		{5B98D7AF-96B1-4948-A293-CA4B16583B8A}.Ad-Hoc|Mixed Platforms.Build.0 = Release|x86
		{5B98D7AF-96B1-4948-A293-CA4B16583B8A}.Ad-Hoc|Mixed Platforms.Deploy.0 = Release|x86
		{5B98D7AF-96B1-4948-A293-CA4B16583B8A}.Ad-Hoc|x64.ActiveCfg = Release|x64
		{5B98D7AF-96B1-4948-A293-CA4B16583B8A}.Ad-Hoc|x64.Build.0 = Release|x64
		{5B98D7AF-96B1-4948-A293-CA4B16583B8A}.Ad-Hoc|x64.Deploy.0 = Release|x64
		{5B98D7AF-96B1-4948-A293-CA4B16583B8A}.Ad-Hoc|x86.ActiveCfg = Release|x86
		{5B98D7AF-96B1-4948-A293-CA4B16583B8A}.Ad-Hoc|x86.Build.0 = Release|x86
		{5B98D7AF-96B1-4948-A293-CA4B16583B8A}.Ad-Hoc|x86.Deploy.0 = Release|x86
		{5B98D7AF-96B1-4948-A293-CA4B16583B8A}.AppStore|Any CPU.ActiveCfg = Release|Any CPU
		{5B98D7AF-96B1-4948-A293-CA4B16583B8A}.AppStore|Any CPU.Build.0 = Release|Any CPU
		{5B98D7AF-96B1-4948-A293-CA4B16583B8A}.AppStore|Any CPU.Deploy.0 = Release|Any CPU
		{5B98D7AF-96B1-4948-A293-CA4B16583B8A}.AppStore|ARM.ActiveCfg = Release|ARM
		{5B98D7AF-96B1-4948-A293-CA4B16583B8A}.AppStore|ARM.Build.0 = Release|ARM
		{5B98D7AF-96B1-4948-A293-CA4B16583B8A}.AppStore|ARM.Deploy.0 = Release|ARM
		{5B98D7AF-96B1-4948-A293-CA4B16583B8A}.AppStore|iPhone.ActiveCfg = Release|Any CPU
		{5B98D7AF-96B1-4948-A293-CA4B16583B8A}.AppStore|iPhoneSimulator.ActiveCfg = Release|Any CPU
		{5B98D7AF-96B1-4948-A293-CA4B16583B8A}.AppStore|Mixed Platforms.ActiveCfg = Release|x86
		{5B98D7AF-96B1-4948-A293-CA4B16583B8A}.AppStore|Mixed Platforms.Build.0 = Release|x86
		{5B98D7AF-96B1-4948-A293-CA4B16583B8A}.AppStore|Mixed Platforms.Deploy.0 = Release|x86
		{5B98D7AF-96B1-4948-A293-CA4B16583B8A}.AppStore|x64.ActiveCfg = Release|x64
		{5B98D7AF-96B1-4948-A293-CA4B16583B8A}.AppStore|x64.Build.0 = Release|x64
		{5B98D7AF-96B1-4948-A293-CA4B16583B8A}.AppStore|x64.Deploy.0 = Release|x64
		{5B98D7AF-96B1-4948-A293-CA4B16583B8A}.AppStore|x86.ActiveCfg = Release|x86
		{5B98D7AF-96B1-4948-A293-CA4B16583B8A}.AppStore|x86.Build.0 = Release|x86
		{5B98D7AF-96B1-4948-A293-CA4B16583B8A}.AppStore|x86.Deploy.0 = Release|x86
		{5B98D7AF-96B1-4948-A293-CA4B16583B8A}.Debug|Any CPU.ActiveCfg = Debug|Any CPU
		{5B98D7AF-96B1-4948-A293-CA4B16583B8A}.Debug|Any CPU.Build.0 = Debug|Any CPU
		{5B98D7AF-96B1-4948-A293-CA4B16583B8A}.Debug|Any CPU.Deploy.0 = Debug|Any CPU
		{5B98D7AF-96B1-4948-A293-CA4B16583B8A}.Debug|ARM.ActiveCfg = Debug|ARM
		{5B98D7AF-96B1-4948-A293-CA4B16583B8A}.Debug|ARM.Build.0 = Debug|ARM
		{5B98D7AF-96B1-4948-A293-CA4B16583B8A}.Debug|ARM.Deploy.0 = Debug|ARM
		{5B98D7AF-96B1-4948-A293-CA4B16583B8A}.Debug|iPhone.ActiveCfg = Debug|Any CPU
		{5B98D7AF-96B1-4948-A293-CA4B16583B8A}.Debug|iPhoneSimulator.ActiveCfg = Debug|Any CPU
		{5B98D7AF-96B1-4948-A293-CA4B16583B8A}.Debug|Mixed Platforms.ActiveCfg = Debug|x86
		{5B98D7AF-96B1-4948-A293-CA4B16583B8A}.Debug|Mixed Platforms.Build.0 = Debug|x86
		{5B98D7AF-96B1-4948-A293-CA4B16583B8A}.Debug|Mixed Platforms.Deploy.0 = Debug|x86
		{5B98D7AF-96B1-4948-A293-CA4B16583B8A}.Debug|x64.ActiveCfg = Debug|x64
		{5B98D7AF-96B1-4948-A293-CA4B16583B8A}.Debug|x64.Build.0 = Debug|x64
		{5B98D7AF-96B1-4948-A293-CA4B16583B8A}.Debug|x64.Deploy.0 = Debug|x64
		{5B98D7AF-96B1-4948-A293-CA4B16583B8A}.Debug|x86.ActiveCfg = Debug|x86
		{5B98D7AF-96B1-4948-A293-CA4B16583B8A}.Debug|x86.Build.0 = Debug|x86
		{5B98D7AF-96B1-4948-A293-CA4B16583B8A}.Debug|x86.Deploy.0 = Debug|x86
		{5B98D7AF-96B1-4948-A293-CA4B16583B8A}.Release|Any CPU.ActiveCfg = Release|Any CPU
		{5B98D7AF-96B1-4948-A293-CA4B16583B8A}.Release|Any CPU.Build.0 = Release|Any CPU
		{5B98D7AF-96B1-4948-A293-CA4B16583B8A}.Release|Any CPU.Deploy.0 = Release|Any CPU
		{5B98D7AF-96B1-4948-A293-CA4B16583B8A}.Release|ARM.ActiveCfg = Release|ARM
		{5B98D7AF-96B1-4948-A293-CA4B16583B8A}.Release|ARM.Build.0 = Release|ARM
		{5B98D7AF-96B1-4948-A293-CA4B16583B8A}.Release|ARM.Deploy.0 = Release|ARM
		{5B98D7AF-96B1-4948-A293-CA4B16583B8A}.Release|iPhone.ActiveCfg = Release|Any CPU
		{5B98D7AF-96B1-4948-A293-CA4B16583B8A}.Release|iPhoneSimulator.ActiveCfg = Release|Any CPU
		{5B98D7AF-96B1-4948-A293-CA4B16583B8A}.Release|Mixed Platforms.ActiveCfg = Release|x86
		{5B98D7AF-96B1-4948-A293-CA4B16583B8A}.Release|Mixed Platforms.Build.0 = Release|x86
		{5B98D7AF-96B1-4948-A293-CA4B16583B8A}.Release|Mixed Platforms.Deploy.0 = Release|x86
		{5B98D7AF-96B1-4948-A293-CA4B16583B8A}.Release|x64.ActiveCfg = Release|x64
		{5B98D7AF-96B1-4948-A293-CA4B16583B8A}.Release|x64.Build.0 = Release|x64
		{5B98D7AF-96B1-4948-A293-CA4B16583B8A}.Release|x64.Deploy.0 = Release|x64
		{5B98D7AF-96B1-4948-A293-CA4B16583B8A}.Release|x86.ActiveCfg = Release|x86
		{5B98D7AF-96B1-4948-A293-CA4B16583B8A}.Release|x86.Build.0 = Release|x86
		{5B98D7AF-96B1-4948-A293-CA4B16583B8A}.Release|x86.Deploy.0 = Release|x86
		{EBF2B114-194B-493E-8AFA-473ACFC0ADD9}.Ad-Hoc|Any CPU.ActiveCfg = Release|Any CPU
		{EBF2B114-194B-493E-8AFA-473ACFC0ADD9}.Ad-Hoc|Any CPU.Build.0 = Release|Any CPU
		{EBF2B114-194B-493E-8AFA-473ACFC0ADD9}.Ad-Hoc|Any CPU.Deploy.0 = Release|Any CPU
		{EBF2B114-194B-493E-8AFA-473ACFC0ADD9}.Ad-Hoc|ARM.ActiveCfg = Release|ARM
		{EBF2B114-194B-493E-8AFA-473ACFC0ADD9}.Ad-Hoc|ARM.Build.0 = Release|ARM
		{EBF2B114-194B-493E-8AFA-473ACFC0ADD9}.Ad-Hoc|ARM.Deploy.0 = Release|ARM
		{EBF2B114-194B-493E-8AFA-473ACFC0ADD9}.Ad-Hoc|iPhone.ActiveCfg = Release|Any CPU
		{EBF2B114-194B-493E-8AFA-473ACFC0ADD9}.Ad-Hoc|iPhoneSimulator.ActiveCfg = Release|Any CPU
		{EBF2B114-194B-493E-8AFA-473ACFC0ADD9}.Ad-Hoc|Mixed Platforms.ActiveCfg = Release|x86
		{EBF2B114-194B-493E-8AFA-473ACFC0ADD9}.Ad-Hoc|Mixed Platforms.Build.0 = Release|x86
		{EBF2B114-194B-493E-8AFA-473ACFC0ADD9}.Ad-Hoc|Mixed Platforms.Deploy.0 = Release|x86
		{EBF2B114-194B-493E-8AFA-473ACFC0ADD9}.Ad-Hoc|x64.ActiveCfg = Release|Any CPU
		{EBF2B114-194B-493E-8AFA-473ACFC0ADD9}.Ad-Hoc|x86.ActiveCfg = Release|x86
		{EBF2B114-194B-493E-8AFA-473ACFC0ADD9}.Ad-Hoc|x86.Build.0 = Release|x86
		{EBF2B114-194B-493E-8AFA-473ACFC0ADD9}.Ad-Hoc|x86.Deploy.0 = Release|x86
		{EBF2B114-194B-493E-8AFA-473ACFC0ADD9}.AppStore|Any CPU.ActiveCfg = Release|Any CPU
		{EBF2B114-194B-493E-8AFA-473ACFC0ADD9}.AppStore|Any CPU.Build.0 = Release|Any CPU
		{EBF2B114-194B-493E-8AFA-473ACFC0ADD9}.AppStore|Any CPU.Deploy.0 = Release|Any CPU
		{EBF2B114-194B-493E-8AFA-473ACFC0ADD9}.AppStore|ARM.ActiveCfg = Release|ARM
		{EBF2B114-194B-493E-8AFA-473ACFC0ADD9}.AppStore|ARM.Build.0 = Release|ARM
		{EBF2B114-194B-493E-8AFA-473ACFC0ADD9}.AppStore|ARM.Deploy.0 = Release|ARM
		{EBF2B114-194B-493E-8AFA-473ACFC0ADD9}.AppStore|iPhone.ActiveCfg = Release|Any CPU
		{EBF2B114-194B-493E-8AFA-473ACFC0ADD9}.AppStore|iPhoneSimulator.ActiveCfg = Release|Any CPU
		{EBF2B114-194B-493E-8AFA-473ACFC0ADD9}.AppStore|Mixed Platforms.ActiveCfg = Release|x86
		{EBF2B114-194B-493E-8AFA-473ACFC0ADD9}.AppStore|Mixed Platforms.Build.0 = Release|x86
		{EBF2B114-194B-493E-8AFA-473ACFC0ADD9}.AppStore|Mixed Platforms.Deploy.0 = Release|x86
		{EBF2B114-194B-493E-8AFA-473ACFC0ADD9}.AppStore|x64.ActiveCfg = Release|Any CPU
		{EBF2B114-194B-493E-8AFA-473ACFC0ADD9}.AppStore|x86.ActiveCfg = Release|x86
		{EBF2B114-194B-493E-8AFA-473ACFC0ADD9}.AppStore|x86.Build.0 = Release|x86
		{EBF2B114-194B-493E-8AFA-473ACFC0ADD9}.AppStore|x86.Deploy.0 = Release|x86
		{EBF2B114-194B-493E-8AFA-473ACFC0ADD9}.Debug|Any CPU.ActiveCfg = Debug|Any CPU
		{EBF2B114-194B-493E-8AFA-473ACFC0ADD9}.Debug|Any CPU.Build.0 = Debug|Any CPU
		{EBF2B114-194B-493E-8AFA-473ACFC0ADD9}.Debug|Any CPU.Deploy.0 = Debug|Any CPU
		{EBF2B114-194B-493E-8AFA-473ACFC0ADD9}.Debug|ARM.ActiveCfg = Debug|ARM
		{EBF2B114-194B-493E-8AFA-473ACFC0ADD9}.Debug|ARM.Build.0 = Debug|ARM
		{EBF2B114-194B-493E-8AFA-473ACFC0ADD9}.Debug|ARM.Deploy.0 = Debug|ARM
		{EBF2B114-194B-493E-8AFA-473ACFC0ADD9}.Debug|iPhone.ActiveCfg = Debug|Any CPU
		{EBF2B114-194B-493E-8AFA-473ACFC0ADD9}.Debug|iPhoneSimulator.ActiveCfg = Debug|Any CPU
		{EBF2B114-194B-493E-8AFA-473ACFC0ADD9}.Debug|Mixed Platforms.ActiveCfg = Debug|x86
		{EBF2B114-194B-493E-8AFA-473ACFC0ADD9}.Debug|Mixed Platforms.Build.0 = Debug|x86
		{EBF2B114-194B-493E-8AFA-473ACFC0ADD9}.Debug|Mixed Platforms.Deploy.0 = Debug|x86
		{EBF2B114-194B-493E-8AFA-473ACFC0ADD9}.Debug|x64.ActiveCfg = Debug|Any CPU
		{EBF2B114-194B-493E-8AFA-473ACFC0ADD9}.Debug|x86.ActiveCfg = Debug|x86
		{EBF2B114-194B-493E-8AFA-473ACFC0ADD9}.Debug|x86.Build.0 = Debug|x86
		{EBF2B114-194B-493E-8AFA-473ACFC0ADD9}.Debug|x86.Deploy.0 = Debug|x86
		{EBF2B114-194B-493E-8AFA-473ACFC0ADD9}.Release|Any CPU.ActiveCfg = Release|Any CPU
		{EBF2B114-194B-493E-8AFA-473ACFC0ADD9}.Release|Any CPU.Build.0 = Release|Any CPU
		{EBF2B114-194B-493E-8AFA-473ACFC0ADD9}.Release|Any CPU.Deploy.0 = Release|Any CPU
		{EBF2B114-194B-493E-8AFA-473ACFC0ADD9}.Release|ARM.ActiveCfg = Release|ARM
		{EBF2B114-194B-493E-8AFA-473ACFC0ADD9}.Release|ARM.Build.0 = Release|ARM
		{EBF2B114-194B-493E-8AFA-473ACFC0ADD9}.Release|ARM.Deploy.0 = Release|ARM
		{EBF2B114-194B-493E-8AFA-473ACFC0ADD9}.Release|iPhone.ActiveCfg = Release|Any CPU
		{EBF2B114-194B-493E-8AFA-473ACFC0ADD9}.Release|iPhoneSimulator.ActiveCfg = Release|Any CPU
		{EBF2B114-194B-493E-8AFA-473ACFC0ADD9}.Release|Mixed Platforms.ActiveCfg = Release|x86
		{EBF2B114-194B-493E-8AFA-473ACFC0ADD9}.Release|Mixed Platforms.Build.0 = Release|x86
		{EBF2B114-194B-493E-8AFA-473ACFC0ADD9}.Release|Mixed Platforms.Deploy.0 = Release|x86
		{EBF2B114-194B-493E-8AFA-473ACFC0ADD9}.Release|x64.ActiveCfg = Release|Any CPU
		{EBF2B114-194B-493E-8AFA-473ACFC0ADD9}.Release|x86.ActiveCfg = Release|x86
		{EBF2B114-194B-493E-8AFA-473ACFC0ADD9}.Release|x86.Build.0 = Release|x86
		{EBF2B114-194B-493E-8AFA-473ACFC0ADD9}.Release|x86.Deploy.0 = Release|x86
		{8AAEF82D-CA91-4B1F-9414-5C343FF3B74A}.Ad-Hoc|Any CPU.ActiveCfg = Release|Any CPU
		{8AAEF82D-CA91-4B1F-9414-5C343FF3B74A}.Ad-Hoc|Any CPU.Build.0 = Release|Any CPU
		{8AAEF82D-CA91-4B1F-9414-5C343FF3B74A}.Ad-Hoc|Any CPU.Deploy.0 = Release|Any CPU
		{8AAEF82D-CA91-4B1F-9414-5C343FF3B74A}.Ad-Hoc|ARM.ActiveCfg = Release|ARM
		{8AAEF82D-CA91-4B1F-9414-5C343FF3B74A}.Ad-Hoc|ARM.Build.0 = Release|ARM
		{8AAEF82D-CA91-4B1F-9414-5C343FF3B74A}.Ad-Hoc|ARM.Deploy.0 = Release|ARM
		{8AAEF82D-CA91-4B1F-9414-5C343FF3B74A}.Ad-Hoc|iPhone.ActiveCfg = Release|Any CPU
		{8AAEF82D-CA91-4B1F-9414-5C343FF3B74A}.Ad-Hoc|iPhoneSimulator.ActiveCfg = Release|Any CPU
		{8AAEF82D-CA91-4B1F-9414-5C343FF3B74A}.Ad-Hoc|Mixed Platforms.ActiveCfg = Release|x86
		{8AAEF82D-CA91-4B1F-9414-5C343FF3B74A}.Ad-Hoc|Mixed Platforms.Build.0 = Release|x86
		{8AAEF82D-CA91-4B1F-9414-5C343FF3B74A}.Ad-Hoc|Mixed Platforms.Deploy.0 = Release|x86
		{8AAEF82D-CA91-4B1F-9414-5C343FF3B74A}.Ad-Hoc|x64.ActiveCfg = Release|Any CPU
		{8AAEF82D-CA91-4B1F-9414-5C343FF3B74A}.Ad-Hoc|x86.ActiveCfg = Release|x86
		{8AAEF82D-CA91-4B1F-9414-5C343FF3B74A}.Ad-Hoc|x86.Build.0 = Release|x86
		{8AAEF82D-CA91-4B1F-9414-5C343FF3B74A}.Ad-Hoc|x86.Deploy.0 = Release|x86
		{8AAEF82D-CA91-4B1F-9414-5C343FF3B74A}.AppStore|Any CPU.ActiveCfg = Release|Any CPU
		{8AAEF82D-CA91-4B1F-9414-5C343FF3B74A}.AppStore|Any CPU.Build.0 = Release|Any CPU
		{8AAEF82D-CA91-4B1F-9414-5C343FF3B74A}.AppStore|Any CPU.Deploy.0 = Release|Any CPU
		{8AAEF82D-CA91-4B1F-9414-5C343FF3B74A}.AppStore|ARM.ActiveCfg = Release|ARM
		{8AAEF82D-CA91-4B1F-9414-5C343FF3B74A}.AppStore|ARM.Build.0 = Release|ARM
		{8AAEF82D-CA91-4B1F-9414-5C343FF3B74A}.AppStore|ARM.Deploy.0 = Release|ARM
		{8AAEF82D-CA91-4B1F-9414-5C343FF3B74A}.AppStore|iPhone.ActiveCfg = Release|Any CPU
		{8AAEF82D-CA91-4B1F-9414-5C343FF3B74A}.AppStore|iPhoneSimulator.ActiveCfg = Release|Any CPU
		{8AAEF82D-CA91-4B1F-9414-5C343FF3B74A}.AppStore|Mixed Platforms.ActiveCfg = Release|x86
		{8AAEF82D-CA91-4B1F-9414-5C343FF3B74A}.AppStore|Mixed Platforms.Build.0 = Release|x86
		{8AAEF82D-CA91-4B1F-9414-5C343FF3B74A}.AppStore|Mixed Platforms.Deploy.0 = Release|x86
		{8AAEF82D-CA91-4B1F-9414-5C343FF3B74A}.AppStore|x64.ActiveCfg = Release|Any CPU
		{8AAEF82D-CA91-4B1F-9414-5C343FF3B74A}.AppStore|x86.ActiveCfg = Release|x86
		{8AAEF82D-CA91-4B1F-9414-5C343FF3B74A}.AppStore|x86.Build.0 = Release|x86
		{8AAEF82D-CA91-4B1F-9414-5C343FF3B74A}.AppStore|x86.Deploy.0 = Release|x86
		{8AAEF82D-CA91-4B1F-9414-5C343FF3B74A}.Debug|Any CPU.ActiveCfg = Debug|Any CPU
		{8AAEF82D-CA91-4B1F-9414-5C343FF3B74A}.Debug|Any CPU.Build.0 = Debug|Any CPU
		{8AAEF82D-CA91-4B1F-9414-5C343FF3B74A}.Debug|Any CPU.Deploy.0 = Debug|Any CPU
		{8AAEF82D-CA91-4B1F-9414-5C343FF3B74A}.Debug|ARM.ActiveCfg = Debug|ARM
		{8AAEF82D-CA91-4B1F-9414-5C343FF3B74A}.Debug|ARM.Build.0 = Debug|ARM
		{8AAEF82D-CA91-4B1F-9414-5C343FF3B74A}.Debug|ARM.Deploy.0 = Debug|ARM
		{8AAEF82D-CA91-4B1F-9414-5C343FF3B74A}.Debug|iPhone.ActiveCfg = Debug|Any CPU
		{8AAEF82D-CA91-4B1F-9414-5C343FF3B74A}.Debug|iPhoneSimulator.ActiveCfg = Debug|Any CPU
		{8AAEF82D-CA91-4B1F-9414-5C343FF3B74A}.Debug|Mixed Platforms.ActiveCfg = Debug|x86
		{8AAEF82D-CA91-4B1F-9414-5C343FF3B74A}.Debug|Mixed Platforms.Build.0 = Debug|x86
		{8AAEF82D-CA91-4B1F-9414-5C343FF3B74A}.Debug|Mixed Platforms.Deploy.0 = Debug|x86
		{8AAEF82D-CA91-4B1F-9414-5C343FF3B74A}.Debug|x64.ActiveCfg = Debug|Any CPU
		{8AAEF82D-CA91-4B1F-9414-5C343FF3B74A}.Debug|x86.ActiveCfg = Debug|x86
		{8AAEF82D-CA91-4B1F-9414-5C343FF3B74A}.Debug|x86.Build.0 = Debug|x86
		{8AAEF82D-CA91-4B1F-9414-5C343FF3B74A}.Debug|x86.Deploy.0 = Debug|x86
		{8AAEF82D-CA91-4B1F-9414-5C343FF3B74A}.Release|Any CPU.ActiveCfg = Release|Any CPU
		{8AAEF82D-CA91-4B1F-9414-5C343FF3B74A}.Release|Any CPU.Build.0 = Release|Any CPU
		{8AAEF82D-CA91-4B1F-9414-5C343FF3B74A}.Release|Any CPU.Deploy.0 = Release|Any CPU
		{8AAEF82D-CA91-4B1F-9414-5C343FF3B74A}.Release|ARM.ActiveCfg = Release|ARM
		{8AAEF82D-CA91-4B1F-9414-5C343FF3B74A}.Release|ARM.Build.0 = Release|ARM
		{8AAEF82D-CA91-4B1F-9414-5C343FF3B74A}.Release|ARM.Deploy.0 = Release|ARM
		{8AAEF82D-CA91-4B1F-9414-5C343FF3B74A}.Release|iPhone.ActiveCfg = Release|Any CPU
		{8AAEF82D-CA91-4B1F-9414-5C343FF3B74A}.Release|iPhoneSimulator.ActiveCfg = Release|Any CPU
		{8AAEF82D-CA91-4B1F-9414-5C343FF3B74A}.Release|Mixed Platforms.ActiveCfg = Release|x86
		{8AAEF82D-CA91-4B1F-9414-5C343FF3B74A}.Release|Mixed Platforms.Build.0 = Release|x86
		{8AAEF82D-CA91-4B1F-9414-5C343FF3B74A}.Release|Mixed Platforms.Deploy.0 = Release|x86
		{8AAEF82D-CA91-4B1F-9414-5C343FF3B74A}.Release|x64.ActiveCfg = Release|Any CPU
		{8AAEF82D-CA91-4B1F-9414-5C343FF3B74A}.Release|x86.ActiveCfg = Release|x86
		{8AAEF82D-CA91-4B1F-9414-5C343FF3B74A}.Release|x86.Build.0 = Release|x86
		{8AAEF82D-CA91-4B1F-9414-5C343FF3B74A}.Release|x86.Deploy.0 = Release|x86
		{CFA01B0F-A9EE-4137-B8AD-B3D7DB73C308}.Ad-Hoc|Any CPU.ActiveCfg = Release|Any CPU
		{CFA01B0F-A9EE-4137-B8AD-B3D7DB73C308}.Ad-Hoc|Any CPU.Build.0 = Release|Any CPU
		{CFA01B0F-A9EE-4137-B8AD-B3D7DB73C308}.Ad-Hoc|Any CPU.Deploy.0 = Release|Any CPU
		{CFA01B0F-A9EE-4137-B8AD-B3D7DB73C308}.Ad-Hoc|ARM.ActiveCfg = Release|ARM
		{CFA01B0F-A9EE-4137-B8AD-B3D7DB73C308}.Ad-Hoc|ARM.Build.0 = Release|ARM
		{CFA01B0F-A9EE-4137-B8AD-B3D7DB73C308}.Ad-Hoc|ARM.Deploy.0 = Release|ARM
		{CFA01B0F-A9EE-4137-B8AD-B3D7DB73C308}.Ad-Hoc|iPhone.ActiveCfg = Release|Any CPU
		{CFA01B0F-A9EE-4137-B8AD-B3D7DB73C308}.Ad-Hoc|iPhoneSimulator.ActiveCfg = Release|Any CPU
		{CFA01B0F-A9EE-4137-B8AD-B3D7DB73C308}.Ad-Hoc|Mixed Platforms.ActiveCfg = Release|x86
		{CFA01B0F-A9EE-4137-B8AD-B3D7DB73C308}.Ad-Hoc|Mixed Platforms.Build.0 = Release|x86
		{CFA01B0F-A9EE-4137-B8AD-B3D7DB73C308}.Ad-Hoc|Mixed Platforms.Deploy.0 = Release|x86
		{CFA01B0F-A9EE-4137-B8AD-B3D7DB73C308}.Ad-Hoc|x64.ActiveCfg = Release|x64
		{CFA01B0F-A9EE-4137-B8AD-B3D7DB73C308}.Ad-Hoc|x64.Build.0 = Release|x64
		{CFA01B0F-A9EE-4137-B8AD-B3D7DB73C308}.Ad-Hoc|x64.Deploy.0 = Release|x64
		{CFA01B0F-A9EE-4137-B8AD-B3D7DB73C308}.Ad-Hoc|x86.ActiveCfg = Release|x86
		{CFA01B0F-A9EE-4137-B8AD-B3D7DB73C308}.Ad-Hoc|x86.Build.0 = Release|x86
		{CFA01B0F-A9EE-4137-B8AD-B3D7DB73C308}.Ad-Hoc|x86.Deploy.0 = Release|x86
		{CFA01B0F-A9EE-4137-B8AD-B3D7DB73C308}.AppStore|Any CPU.ActiveCfg = Release|Any CPU
		{CFA01B0F-A9EE-4137-B8AD-B3D7DB73C308}.AppStore|Any CPU.Build.0 = Release|Any CPU
		{CFA01B0F-A9EE-4137-B8AD-B3D7DB73C308}.AppStore|Any CPU.Deploy.0 = Release|Any CPU
		{CFA01B0F-A9EE-4137-B8AD-B3D7DB73C308}.AppStore|ARM.ActiveCfg = Release|ARM
		{CFA01B0F-A9EE-4137-B8AD-B3D7DB73C308}.AppStore|ARM.Build.0 = Release|ARM
		{CFA01B0F-A9EE-4137-B8AD-B3D7DB73C308}.AppStore|ARM.Deploy.0 = Release|ARM
		{CFA01B0F-A9EE-4137-B8AD-B3D7DB73C308}.AppStore|iPhone.ActiveCfg = Release|Any CPU
		{CFA01B0F-A9EE-4137-B8AD-B3D7DB73C308}.AppStore|iPhoneSimulator.ActiveCfg = Release|Any CPU
		{CFA01B0F-A9EE-4137-B8AD-B3D7DB73C308}.AppStore|Mixed Platforms.ActiveCfg = Release|x86
		{CFA01B0F-A9EE-4137-B8AD-B3D7DB73C308}.AppStore|Mixed Platforms.Build.0 = Release|x86
		{CFA01B0F-A9EE-4137-B8AD-B3D7DB73C308}.AppStore|Mixed Platforms.Deploy.0 = Release|x86
		{CFA01B0F-A9EE-4137-B8AD-B3D7DB73C308}.AppStore|x64.ActiveCfg = Release|x64
		{CFA01B0F-A9EE-4137-B8AD-B3D7DB73C308}.AppStore|x64.Build.0 = Release|x64
		{CFA01B0F-A9EE-4137-B8AD-B3D7DB73C308}.AppStore|x64.Deploy.0 = Release|x64
		{CFA01B0F-A9EE-4137-B8AD-B3D7DB73C308}.AppStore|x86.ActiveCfg = Release|x86
		{CFA01B0F-A9EE-4137-B8AD-B3D7DB73C308}.AppStore|x86.Build.0 = Release|x86
		{CFA01B0F-A9EE-4137-B8AD-B3D7DB73C308}.AppStore|x86.Deploy.0 = Release|x86
		{CFA01B0F-A9EE-4137-B8AD-B3D7DB73C308}.Debug|Any CPU.ActiveCfg = Debug|Any CPU
		{CFA01B0F-A9EE-4137-B8AD-B3D7DB73C308}.Debug|Any CPU.Build.0 = Debug|Any CPU
		{CFA01B0F-A9EE-4137-B8AD-B3D7DB73C308}.Debug|Any CPU.Deploy.0 = Debug|Any CPU
		{CFA01B0F-A9EE-4137-B8AD-B3D7DB73C308}.Debug|ARM.ActiveCfg = Debug|ARM
		{CFA01B0F-A9EE-4137-B8AD-B3D7DB73C308}.Debug|ARM.Build.0 = Debug|ARM
		{CFA01B0F-A9EE-4137-B8AD-B3D7DB73C308}.Debug|ARM.Deploy.0 = Debug|ARM
		{CFA01B0F-A9EE-4137-B8AD-B3D7DB73C308}.Debug|iPhone.ActiveCfg = Debug|Any CPU
		{CFA01B0F-A9EE-4137-B8AD-B3D7DB73C308}.Debug|iPhoneSimulator.ActiveCfg = Debug|Any CPU
		{CFA01B0F-A9EE-4137-B8AD-B3D7DB73C308}.Debug|Mixed Platforms.ActiveCfg = Debug|x86
		{CFA01B0F-A9EE-4137-B8AD-B3D7DB73C308}.Debug|Mixed Platforms.Build.0 = Debug|x86
		{CFA01B0F-A9EE-4137-B8AD-B3D7DB73C308}.Debug|Mixed Platforms.Deploy.0 = Debug|x86
		{CFA01B0F-A9EE-4137-B8AD-B3D7DB73C308}.Debug|x64.ActiveCfg = Debug|x64
		{CFA01B0F-A9EE-4137-B8AD-B3D7DB73C308}.Debug|x64.Build.0 = Debug|x64
		{CFA01B0F-A9EE-4137-B8AD-B3D7DB73C308}.Debug|x64.Deploy.0 = Debug|x64
		{CFA01B0F-A9EE-4137-B8AD-B3D7DB73C308}.Debug|x86.ActiveCfg = Debug|x86
		{CFA01B0F-A9EE-4137-B8AD-B3D7DB73C308}.Debug|x86.Build.0 = Debug|x86
		{CFA01B0F-A9EE-4137-B8AD-B3D7DB73C308}.Debug|x86.Deploy.0 = Debug|x86
		{CFA01B0F-A9EE-4137-B8AD-B3D7DB73C308}.Release|Any CPU.ActiveCfg = Release|Any CPU
		{CFA01B0F-A9EE-4137-B8AD-B3D7DB73C308}.Release|Any CPU.Build.0 = Release|Any CPU
		{CFA01B0F-A9EE-4137-B8AD-B3D7DB73C308}.Release|Any CPU.Deploy.0 = Release|Any CPU
		{CFA01B0F-A9EE-4137-B8AD-B3D7DB73C308}.Release|ARM.ActiveCfg = Release|ARM
		{CFA01B0F-A9EE-4137-B8AD-B3D7DB73C308}.Release|ARM.Build.0 = Release|ARM
		{CFA01B0F-A9EE-4137-B8AD-B3D7DB73C308}.Release|ARM.Deploy.0 = Release|ARM
		{CFA01B0F-A9EE-4137-B8AD-B3D7DB73C308}.Release|iPhone.ActiveCfg = Release|Any CPU
		{CFA01B0F-A9EE-4137-B8AD-B3D7DB73C308}.Release|iPhoneSimulator.ActiveCfg = Release|Any CPU
		{CFA01B0F-A9EE-4137-B8AD-B3D7DB73C308}.Release|Mixed Platforms.ActiveCfg = Release|x86
		{CFA01B0F-A9EE-4137-B8AD-B3D7DB73C308}.Release|Mixed Platforms.Build.0 = Release|x86
		{CFA01B0F-A9EE-4137-B8AD-B3D7DB73C308}.Release|Mixed Platforms.Deploy.0 = Release|x86
		{CFA01B0F-A9EE-4137-B8AD-B3D7DB73C308}.Release|x64.ActiveCfg = Release|x64
		{CFA01B0F-A9EE-4137-B8AD-B3D7DB73C308}.Release|x64.Build.0 = Release|x64
		{CFA01B0F-A9EE-4137-B8AD-B3D7DB73C308}.Release|x64.Deploy.0 = Release|x64
		{CFA01B0F-A9EE-4137-B8AD-B3D7DB73C308}.Release|x86.ActiveCfg = Release|x86
		{CFA01B0F-A9EE-4137-B8AD-B3D7DB73C308}.Release|x86.Build.0 = Release|x86
		{CFA01B0F-A9EE-4137-B8AD-B3D7DB73C308}.Release|x86.Deploy.0 = Release|x86
		{4D85CD9B-98AC-46AE-8CAF-DB25C3454E68}.Ad-Hoc|Any CPU.ActiveCfg = Release|Any CPU
		{4D85CD9B-98AC-46AE-8CAF-DB25C3454E68}.Ad-Hoc|Any CPU.Build.0 = Release|Any CPU
		{4D85CD9B-98AC-46AE-8CAF-DB25C3454E68}.Ad-Hoc|Any CPU.Deploy.0 = Release|Any CPU
		{4D85CD9B-98AC-46AE-8CAF-DB25C3454E68}.Ad-Hoc|ARM.ActiveCfg = Release|ARM
		{4D85CD9B-98AC-46AE-8CAF-DB25C3454E68}.Ad-Hoc|ARM.Build.0 = Release|ARM
		{4D85CD9B-98AC-46AE-8CAF-DB25C3454E68}.Ad-Hoc|ARM.Deploy.0 = Release|ARM
		{4D85CD9B-98AC-46AE-8CAF-DB25C3454E68}.Ad-Hoc|iPhone.ActiveCfg = Release|Any CPU
		{4D85CD9B-98AC-46AE-8CAF-DB25C3454E68}.Ad-Hoc|iPhoneSimulator.ActiveCfg = Release|Any CPU
		{4D85CD9B-98AC-46AE-8CAF-DB25C3454E68}.Ad-Hoc|Mixed Platforms.ActiveCfg = Release|x86
		{4D85CD9B-98AC-46AE-8CAF-DB25C3454E68}.Ad-Hoc|Mixed Platforms.Build.0 = Release|x86
		{4D85CD9B-98AC-46AE-8CAF-DB25C3454E68}.Ad-Hoc|Mixed Platforms.Deploy.0 = Release|x86
		{4D85CD9B-98AC-46AE-8CAF-DB25C3454E68}.Ad-Hoc|x64.ActiveCfg = Release|Any CPU
		{4D85CD9B-98AC-46AE-8CAF-DB25C3454E68}.Ad-Hoc|x86.ActiveCfg = Release|x86
		{4D85CD9B-98AC-46AE-8CAF-DB25C3454E68}.Ad-Hoc|x86.Build.0 = Release|x86
		{4D85CD9B-98AC-46AE-8CAF-DB25C3454E68}.Ad-Hoc|x86.Deploy.0 = Release|x86
		{4D85CD9B-98AC-46AE-8CAF-DB25C3454E68}.AppStore|Any CPU.ActiveCfg = Release|Any CPU
		{4D85CD9B-98AC-46AE-8CAF-DB25C3454E68}.AppStore|Any CPU.Build.0 = Release|Any CPU
		{4D85CD9B-98AC-46AE-8CAF-DB25C3454E68}.AppStore|Any CPU.Deploy.0 = Release|Any CPU
		{4D85CD9B-98AC-46AE-8CAF-DB25C3454E68}.AppStore|ARM.ActiveCfg = Release|ARM
		{4D85CD9B-98AC-46AE-8CAF-DB25C3454E68}.AppStore|ARM.Build.0 = Release|ARM
		{4D85CD9B-98AC-46AE-8CAF-DB25C3454E68}.AppStore|ARM.Deploy.0 = Release|ARM
		{4D85CD9B-98AC-46AE-8CAF-DB25C3454E68}.AppStore|iPhone.ActiveCfg = Release|Any CPU
		{4D85CD9B-98AC-46AE-8CAF-DB25C3454E68}.AppStore|iPhoneSimulator.ActiveCfg = Release|Any CPU
		{4D85CD9B-98AC-46AE-8CAF-DB25C3454E68}.AppStore|Mixed Platforms.ActiveCfg = Release|x86
		{4D85CD9B-98AC-46AE-8CAF-DB25C3454E68}.AppStore|Mixed Platforms.Build.0 = Release|x86
		{4D85CD9B-98AC-46AE-8CAF-DB25C3454E68}.AppStore|Mixed Platforms.Deploy.0 = Release|x86
		{4D85CD9B-98AC-46AE-8CAF-DB25C3454E68}.AppStore|x64.ActiveCfg = Release|Any CPU
		{4D85CD9B-98AC-46AE-8CAF-DB25C3454E68}.AppStore|x86.ActiveCfg = Release|x86
		{4D85CD9B-98AC-46AE-8CAF-DB25C3454E68}.AppStore|x86.Build.0 = Release|x86
		{4D85CD9B-98AC-46AE-8CAF-DB25C3454E68}.AppStore|x86.Deploy.0 = Release|x86
		{4D85CD9B-98AC-46AE-8CAF-DB25C3454E68}.Debug|Any CPU.ActiveCfg = Debug|Any CPU
		{4D85CD9B-98AC-46AE-8CAF-DB25C3454E68}.Debug|Any CPU.Build.0 = Debug|Any CPU
		{4D85CD9B-98AC-46AE-8CAF-DB25C3454E68}.Debug|Any CPU.Deploy.0 = Debug|Any CPU
		{4D85CD9B-98AC-46AE-8CAF-DB25C3454E68}.Debug|ARM.ActiveCfg = Debug|ARM
		{4D85CD9B-98AC-46AE-8CAF-DB25C3454E68}.Debug|ARM.Build.0 = Debug|ARM
		{4D85CD9B-98AC-46AE-8CAF-DB25C3454E68}.Debug|ARM.Deploy.0 = Debug|ARM
		{4D85CD9B-98AC-46AE-8CAF-DB25C3454E68}.Debug|iPhone.ActiveCfg = Debug|Any CPU
		{4D85CD9B-98AC-46AE-8CAF-DB25C3454E68}.Debug|iPhoneSimulator.ActiveCfg = Debug|Any CPU
		{4D85CD9B-98AC-46AE-8CAF-DB25C3454E68}.Debug|Mixed Platforms.ActiveCfg = Debug|x86
		{4D85CD9B-98AC-46AE-8CAF-DB25C3454E68}.Debug|Mixed Platforms.Build.0 = Debug|x86
		{4D85CD9B-98AC-46AE-8CAF-DB25C3454E68}.Debug|Mixed Platforms.Deploy.0 = Debug|x86
		{4D85CD9B-98AC-46AE-8CAF-DB25C3454E68}.Debug|x64.ActiveCfg = Debug|Any CPU
		{4D85CD9B-98AC-46AE-8CAF-DB25C3454E68}.Debug|x86.ActiveCfg = Debug|x86
		{4D85CD9B-98AC-46AE-8CAF-DB25C3454E68}.Debug|x86.Build.0 = Debug|x86
		{4D85CD9B-98AC-46AE-8CAF-DB25C3454E68}.Debug|x86.Deploy.0 = Debug|x86
		{4D85CD9B-98AC-46AE-8CAF-DB25C3454E68}.Release|Any CPU.ActiveCfg = Release|Any CPU
		{4D85CD9B-98AC-46AE-8CAF-DB25C3454E68}.Release|Any CPU.Build.0 = Release|Any CPU
		{4D85CD9B-98AC-46AE-8CAF-DB25C3454E68}.Release|Any CPU.Deploy.0 = Release|Any CPU
		{4D85CD9B-98AC-46AE-8CAF-DB25C3454E68}.Release|ARM.ActiveCfg = Release|ARM
		{4D85CD9B-98AC-46AE-8CAF-DB25C3454E68}.Release|ARM.Build.0 = Release|ARM
		{4D85CD9B-98AC-46AE-8CAF-DB25C3454E68}.Release|ARM.Deploy.0 = Release|ARM
		{4D85CD9B-98AC-46AE-8CAF-DB25C3454E68}.Release|iPhone.ActiveCfg = Release|Any CPU
		{4D85CD9B-98AC-46AE-8CAF-DB25C3454E68}.Release|iPhoneSimulator.ActiveCfg = Release|Any CPU
		{4D85CD9B-98AC-46AE-8CAF-DB25C3454E68}.Release|Mixed Platforms.ActiveCfg = Release|x86
		{4D85CD9B-98AC-46AE-8CAF-DB25C3454E68}.Release|Mixed Platforms.Build.0 = Release|x86
		{4D85CD9B-98AC-46AE-8CAF-DB25C3454E68}.Release|Mixed Platforms.Deploy.0 = Release|x86
		{4D85CD9B-98AC-46AE-8CAF-DB25C3454E68}.Release|x64.ActiveCfg = Release|Any CPU
		{4D85CD9B-98AC-46AE-8CAF-DB25C3454E68}.Release|x86.ActiveCfg = Release|x86
		{4D85CD9B-98AC-46AE-8CAF-DB25C3454E68}.Release|x86.Build.0 = Release|x86
		{4D85CD9B-98AC-46AE-8CAF-DB25C3454E68}.Release|x86.Deploy.0 = Release|x86
		{E705FA24-64AF-4EBE-98EF-75B3FA92B969}.Ad-Hoc|Any CPU.ActiveCfg = Release|Any CPU
		{E705FA24-64AF-4EBE-98EF-75B3FA92B969}.Ad-Hoc|Any CPU.Build.0 = Release|Any CPU
		{E705FA24-64AF-4EBE-98EF-75B3FA92B969}.Ad-Hoc|Any CPU.Deploy.0 = Release|Any CPU
		{E705FA24-64AF-4EBE-98EF-75B3FA92B969}.Ad-Hoc|ARM.ActiveCfg = Release|ARM
		{E705FA24-64AF-4EBE-98EF-75B3FA92B969}.Ad-Hoc|ARM.Build.0 = Release|ARM
		{E705FA24-64AF-4EBE-98EF-75B3FA92B969}.Ad-Hoc|ARM.Deploy.0 = Release|ARM
		{E705FA24-64AF-4EBE-98EF-75B3FA92B969}.Ad-Hoc|iPhone.ActiveCfg = Release|Any CPU
		{E705FA24-64AF-4EBE-98EF-75B3FA92B969}.Ad-Hoc|iPhoneSimulator.ActiveCfg = Release|Any CPU
		{E705FA24-64AF-4EBE-98EF-75B3FA92B969}.Ad-Hoc|Mixed Platforms.ActiveCfg = Release|x86
		{E705FA24-64AF-4EBE-98EF-75B3FA92B969}.Ad-Hoc|Mixed Platforms.Build.0 = Release|x86
		{E705FA24-64AF-4EBE-98EF-75B3FA92B969}.Ad-Hoc|Mixed Platforms.Deploy.0 = Release|x86
		{E705FA24-64AF-4EBE-98EF-75B3FA92B969}.Ad-Hoc|x64.ActiveCfg = Release|Any CPU
		{E705FA24-64AF-4EBE-98EF-75B3FA92B969}.Ad-Hoc|x86.ActiveCfg = Release|x86
		{E705FA24-64AF-4EBE-98EF-75B3FA92B969}.Ad-Hoc|x86.Build.0 = Release|x86
		{E705FA24-64AF-4EBE-98EF-75B3FA92B969}.Ad-Hoc|x86.Deploy.0 = Release|x86
		{E705FA24-64AF-4EBE-98EF-75B3FA92B969}.AppStore|Any CPU.ActiveCfg = Release|Any CPU
		{E705FA24-64AF-4EBE-98EF-75B3FA92B969}.AppStore|Any CPU.Build.0 = Release|Any CPU
		{E705FA24-64AF-4EBE-98EF-75B3FA92B969}.AppStore|Any CPU.Deploy.0 = Release|Any CPU
		{E705FA24-64AF-4EBE-98EF-75B3FA92B969}.AppStore|ARM.ActiveCfg = Release|ARM
		{E705FA24-64AF-4EBE-98EF-75B3FA92B969}.AppStore|ARM.Build.0 = Release|ARM
		{E705FA24-64AF-4EBE-98EF-75B3FA92B969}.AppStore|ARM.Deploy.0 = Release|ARM
		{E705FA24-64AF-4EBE-98EF-75B3FA92B969}.AppStore|iPhone.ActiveCfg = Release|Any CPU
		{E705FA24-64AF-4EBE-98EF-75B3FA92B969}.AppStore|iPhoneSimulator.ActiveCfg = Release|Any CPU
		{E705FA24-64AF-4EBE-98EF-75B3FA92B969}.AppStore|Mixed Platforms.ActiveCfg = Release|x86
		{E705FA24-64AF-4EBE-98EF-75B3FA92B969}.AppStore|Mixed Platforms.Build.0 = Release|x86
		{E705FA24-64AF-4EBE-98EF-75B3FA92B969}.AppStore|Mixed Platforms.Deploy.0 = Release|x86
		{E705FA24-64AF-4EBE-98EF-75B3FA92B969}.AppStore|x64.ActiveCfg = Release|Any CPU
		{E705FA24-64AF-4EBE-98EF-75B3FA92B969}.AppStore|x86.ActiveCfg = Release|x86
		{E705FA24-64AF-4EBE-98EF-75B3FA92B969}.AppStore|x86.Build.0 = Release|x86
		{E705FA24-64AF-4EBE-98EF-75B3FA92B969}.AppStore|x86.Deploy.0 = Release|x86
		{E705FA24-64AF-4EBE-98EF-75B3FA92B969}.Debug|Any CPU.ActiveCfg = Debug|Any CPU
		{E705FA24-64AF-4EBE-98EF-75B3FA92B969}.Debug|Any CPU.Build.0 = Debug|Any CPU
		{E705FA24-64AF-4EBE-98EF-75B3FA92B969}.Debug|Any CPU.Deploy.0 = Debug|Any CPU
		{E705FA24-64AF-4EBE-98EF-75B3FA92B969}.Debug|ARM.ActiveCfg = Debug|ARM
		{E705FA24-64AF-4EBE-98EF-75B3FA92B969}.Debug|ARM.Build.0 = Debug|ARM
		{E705FA24-64AF-4EBE-98EF-75B3FA92B969}.Debug|ARM.Deploy.0 = Debug|ARM
		{E705FA24-64AF-4EBE-98EF-75B3FA92B969}.Debug|iPhone.ActiveCfg = Debug|Any CPU
		{E705FA24-64AF-4EBE-98EF-75B3FA92B969}.Debug|iPhoneSimulator.ActiveCfg = Debug|Any CPU
		{E705FA24-64AF-4EBE-98EF-75B3FA92B969}.Debug|Mixed Platforms.ActiveCfg = Debug|x86
		{E705FA24-64AF-4EBE-98EF-75B3FA92B969}.Debug|Mixed Platforms.Build.0 = Debug|x86
		{E705FA24-64AF-4EBE-98EF-75B3FA92B969}.Debug|Mixed Platforms.Deploy.0 = Debug|x86
		{E705FA24-64AF-4EBE-98EF-75B3FA92B969}.Debug|x64.ActiveCfg = Debug|Any CPU
		{E705FA24-64AF-4EBE-98EF-75B3FA92B969}.Debug|x86.ActiveCfg = Debug|x86
		{E705FA24-64AF-4EBE-98EF-75B3FA92B969}.Debug|x86.Build.0 = Debug|x86
		{E705FA24-64AF-4EBE-98EF-75B3FA92B969}.Debug|x86.Deploy.0 = Debug|x86
		{E705FA24-64AF-4EBE-98EF-75B3FA92B969}.Release|Any CPU.ActiveCfg = Release|Any CPU
		{E705FA24-64AF-4EBE-98EF-75B3FA92B969}.Release|Any CPU.Build.0 = Release|Any CPU
		{E705FA24-64AF-4EBE-98EF-75B3FA92B969}.Release|Any CPU.Deploy.0 = Release|Any CPU
		{E705FA24-64AF-4EBE-98EF-75B3FA92B969}.Release|ARM.ActiveCfg = Release|ARM
		{E705FA24-64AF-4EBE-98EF-75B3FA92B969}.Release|ARM.Build.0 = Release|ARM
		{E705FA24-64AF-4EBE-98EF-75B3FA92B969}.Release|ARM.Deploy.0 = Release|ARM
		{E705FA24-64AF-4EBE-98EF-75B3FA92B969}.Release|iPhone.ActiveCfg = Release|Any CPU
		{E705FA24-64AF-4EBE-98EF-75B3FA92B969}.Release|iPhoneSimulator.ActiveCfg = Release|Any CPU
		{E705FA24-64AF-4EBE-98EF-75B3FA92B969}.Release|Mixed Platforms.ActiveCfg = Release|x86
		{E705FA24-64AF-4EBE-98EF-75B3FA92B969}.Release|Mixed Platforms.Build.0 = Release|x86
		{E705FA24-64AF-4EBE-98EF-75B3FA92B969}.Release|Mixed Platforms.Deploy.0 = Release|x86
		{E705FA24-64AF-4EBE-98EF-75B3FA92B969}.Release|x64.ActiveCfg = Release|Any CPU
		{E705FA24-64AF-4EBE-98EF-75B3FA92B969}.Release|x86.ActiveCfg = Release|x86
		{E705FA24-64AF-4EBE-98EF-75B3FA92B969}.Release|x86.Build.0 = Release|x86
		{E705FA24-64AF-4EBE-98EF-75B3FA92B969}.Release|x86.Deploy.0 = Release|x86
		{2F76BC5C-6BC4-43FD-AB85-CF4E0ADFF0D6}.Ad-Hoc|Any CPU.ActiveCfg = Release|Any CPU
		{2F76BC5C-6BC4-43FD-AB85-CF4E0ADFF0D6}.Ad-Hoc|Any CPU.Build.0 = Release|Any CPU
		{2F76BC5C-6BC4-43FD-AB85-CF4E0ADFF0D6}.Ad-Hoc|ARM.ActiveCfg = Release|Any CPU
		{2F76BC5C-6BC4-43FD-AB85-CF4E0ADFF0D6}.Ad-Hoc|iPhone.ActiveCfg = Release|Any CPU
		{2F76BC5C-6BC4-43FD-AB85-CF4E0ADFF0D6}.Ad-Hoc|iPhoneSimulator.ActiveCfg = Release|Any CPU
		{2F76BC5C-6BC4-43FD-AB85-CF4E0ADFF0D6}.Ad-Hoc|Mixed Platforms.ActiveCfg = Release|Any CPU
		{2F76BC5C-6BC4-43FD-AB85-CF4E0ADFF0D6}.Ad-Hoc|Mixed Platforms.Build.0 = Release|Any CPU
		{2F76BC5C-6BC4-43FD-AB85-CF4E0ADFF0D6}.Ad-Hoc|x64.ActiveCfg = Release|Any CPU
		{2F76BC5C-6BC4-43FD-AB85-CF4E0ADFF0D6}.Ad-Hoc|x86.ActiveCfg = Release|Any CPU
		{2F76BC5C-6BC4-43FD-AB85-CF4E0ADFF0D6}.AppStore|Any CPU.ActiveCfg = Release|Any CPU
		{2F76BC5C-6BC4-43FD-AB85-CF4E0ADFF0D6}.AppStore|Any CPU.Build.0 = Release|Any CPU
		{2F76BC5C-6BC4-43FD-AB85-CF4E0ADFF0D6}.AppStore|ARM.ActiveCfg = Release|Any CPU
		{2F76BC5C-6BC4-43FD-AB85-CF4E0ADFF0D6}.AppStore|iPhone.ActiveCfg = Release|Any CPU
		{2F76BC5C-6BC4-43FD-AB85-CF4E0ADFF0D6}.AppStore|iPhoneSimulator.ActiveCfg = Release|Any CPU
		{2F76BC5C-6BC4-43FD-AB85-CF4E0ADFF0D6}.AppStore|Mixed Platforms.ActiveCfg = Release|Any CPU
		{2F76BC5C-6BC4-43FD-AB85-CF4E0ADFF0D6}.AppStore|Mixed Platforms.Build.0 = Release|Any CPU
		{2F76BC5C-6BC4-43FD-AB85-CF4E0ADFF0D6}.AppStore|x64.ActiveCfg = Release|Any CPU
		{2F76BC5C-6BC4-43FD-AB85-CF4E0ADFF0D6}.AppStore|x86.ActiveCfg = Release|Any CPU
		{2F76BC5C-6BC4-43FD-AB85-CF4E0ADFF0D6}.Debug|Any CPU.ActiveCfg = Debug|Any CPU
		{2F76BC5C-6BC4-43FD-AB85-CF4E0ADFF0D6}.Debug|Any CPU.Build.0 = Debug|Any CPU
		{2F76BC5C-6BC4-43FD-AB85-CF4E0ADFF0D6}.Debug|ARM.ActiveCfg = Debug|Any CPU
		{2F76BC5C-6BC4-43FD-AB85-CF4E0ADFF0D6}.Debug|iPhone.ActiveCfg = Debug|Any CPU
		{2F76BC5C-6BC4-43FD-AB85-CF4E0ADFF0D6}.Debug|iPhoneSimulator.ActiveCfg = Debug|Any CPU
		{2F76BC5C-6BC4-43FD-AB85-CF4E0ADFF0D6}.Debug|Mixed Platforms.ActiveCfg = Debug|Any CPU
		{2F76BC5C-6BC4-43FD-AB85-CF4E0ADFF0D6}.Debug|Mixed Platforms.Build.0 = Debug|Any CPU
		{2F76BC5C-6BC4-43FD-AB85-CF4E0ADFF0D6}.Debug|x64.ActiveCfg = Debug|Any CPU
		{2F76BC5C-6BC4-43FD-AB85-CF4E0ADFF0D6}.Debug|x86.ActiveCfg = Debug|Any CPU
		{2F76BC5C-6BC4-43FD-AB85-CF4E0ADFF0D6}.Release|Any CPU.ActiveCfg = Release|Any CPU
		{2F76BC5C-6BC4-43FD-AB85-CF4E0ADFF0D6}.Release|Any CPU.Build.0 = Release|Any CPU
		{2F76BC5C-6BC4-43FD-AB85-CF4E0ADFF0D6}.Release|ARM.ActiveCfg = Release|Any CPU
		{2F76BC5C-6BC4-43FD-AB85-CF4E0ADFF0D6}.Release|iPhone.ActiveCfg = Release|Any CPU
		{2F76BC5C-6BC4-43FD-AB85-CF4E0ADFF0D6}.Release|iPhoneSimulator.ActiveCfg = Release|Any CPU
		{2F76BC5C-6BC4-43FD-AB85-CF4E0ADFF0D6}.Release|Mixed Platforms.ActiveCfg = Release|Any CPU
		{2F76BC5C-6BC4-43FD-AB85-CF4E0ADFF0D6}.Release|Mixed Platforms.Build.0 = Release|Any CPU
		{2F76BC5C-6BC4-43FD-AB85-CF4E0ADFF0D6}.Release|x64.ActiveCfg = Release|Any CPU
		{2F76BC5C-6BC4-43FD-AB85-CF4E0ADFF0D6}.Release|x86.ActiveCfg = Release|Any CPU
		{080EE6F1-4EAA-4644-9249-84EC5CCBC2CE}.Ad-Hoc|Any CPU.ActiveCfg = Release|Any CPU
		{080EE6F1-4EAA-4644-9249-84EC5CCBC2CE}.Ad-Hoc|Any CPU.Build.0 = Release|Any CPU
		{080EE6F1-4EAA-4644-9249-84EC5CCBC2CE}.Ad-Hoc|ARM.ActiveCfg = Release|Any CPU
		{080EE6F1-4EAA-4644-9249-84EC5CCBC2CE}.Ad-Hoc|iPhone.ActiveCfg = Release|Any CPU
		{080EE6F1-4EAA-4644-9249-84EC5CCBC2CE}.Ad-Hoc|iPhoneSimulator.ActiveCfg = Release|Any CPU
		{080EE6F1-4EAA-4644-9249-84EC5CCBC2CE}.Ad-Hoc|Mixed Platforms.ActiveCfg = Release|Any CPU
		{080EE6F1-4EAA-4644-9249-84EC5CCBC2CE}.Ad-Hoc|Mixed Platforms.Build.0 = Release|Any CPU
		{080EE6F1-4EAA-4644-9249-84EC5CCBC2CE}.Ad-Hoc|x64.ActiveCfg = Release|Any CPU
		{080EE6F1-4EAA-4644-9249-84EC5CCBC2CE}.Ad-Hoc|x86.ActiveCfg = Release|Any CPU
		{080EE6F1-4EAA-4644-9249-84EC5CCBC2CE}.AppStore|Any CPU.ActiveCfg = Release|Any CPU
		{080EE6F1-4EAA-4644-9249-84EC5CCBC2CE}.AppStore|Any CPU.Build.0 = Release|Any CPU
		{080EE6F1-4EAA-4644-9249-84EC5CCBC2CE}.AppStore|ARM.ActiveCfg = Release|Any CPU
		{080EE6F1-4EAA-4644-9249-84EC5CCBC2CE}.AppStore|iPhone.ActiveCfg = Release|Any CPU
		{080EE6F1-4EAA-4644-9249-84EC5CCBC2CE}.AppStore|iPhoneSimulator.ActiveCfg = Release|Any CPU
		{080EE6F1-4EAA-4644-9249-84EC5CCBC2CE}.AppStore|Mixed Platforms.ActiveCfg = Release|Any CPU
		{080EE6F1-4EAA-4644-9249-84EC5CCBC2CE}.AppStore|Mixed Platforms.Build.0 = Release|Any CPU
		{080EE6F1-4EAA-4644-9249-84EC5CCBC2CE}.AppStore|x64.ActiveCfg = Release|Any CPU
		{080EE6F1-4EAA-4644-9249-84EC5CCBC2CE}.AppStore|x86.ActiveCfg = Release|Any CPU
		{080EE6F1-4EAA-4644-9249-84EC5CCBC2CE}.Debug|Any CPU.ActiveCfg = Debug|Any CPU
		{080EE6F1-4EAA-4644-9249-84EC5CCBC2CE}.Debug|Any CPU.Build.0 = Debug|Any CPU
		{080EE6F1-4EAA-4644-9249-84EC5CCBC2CE}.Debug|ARM.ActiveCfg = Debug|Any CPU
		{080EE6F1-4EAA-4644-9249-84EC5CCBC2CE}.Debug|iPhone.ActiveCfg = Debug|Any CPU
		{080EE6F1-4EAA-4644-9249-84EC5CCBC2CE}.Debug|iPhoneSimulator.ActiveCfg = Debug|Any CPU
		{080EE6F1-4EAA-4644-9249-84EC5CCBC2CE}.Debug|Mixed Platforms.ActiveCfg = Debug|Any CPU
		{080EE6F1-4EAA-4644-9249-84EC5CCBC2CE}.Debug|Mixed Platforms.Build.0 = Debug|Any CPU
		{080EE6F1-4EAA-4644-9249-84EC5CCBC2CE}.Debug|x64.ActiveCfg = Debug|Any CPU
		{080EE6F1-4EAA-4644-9249-84EC5CCBC2CE}.Debug|x86.ActiveCfg = Debug|Any CPU
		{080EE6F1-4EAA-4644-9249-84EC5CCBC2CE}.Release|Any CPU.ActiveCfg = Release|Any CPU
		{080EE6F1-4EAA-4644-9249-84EC5CCBC2CE}.Release|Any CPU.Build.0 = Release|Any CPU
		{080EE6F1-4EAA-4644-9249-84EC5CCBC2CE}.Release|ARM.ActiveCfg = Release|Any CPU
		{080EE6F1-4EAA-4644-9249-84EC5CCBC2CE}.Release|iPhone.ActiveCfg = Release|Any CPU
		{080EE6F1-4EAA-4644-9249-84EC5CCBC2CE}.Release|iPhoneSimulator.ActiveCfg = Release|Any CPU
		{080EE6F1-4EAA-4644-9249-84EC5CCBC2CE}.Release|Mixed Platforms.ActiveCfg = Release|Any CPU
		{080EE6F1-4EAA-4644-9249-84EC5CCBC2CE}.Release|Mixed Platforms.Build.0 = Release|Any CPU
		{080EE6F1-4EAA-4644-9249-84EC5CCBC2CE}.Release|x64.ActiveCfg = Release|Any CPU
		{080EE6F1-4EAA-4644-9249-84EC5CCBC2CE}.Release|x86.ActiveCfg = Release|Any CPU
		{2434FA65-3BD0-4069-B6E6-14CA8A12E216}.Ad-Hoc|Any CPU.ActiveCfg = Release|Any CPU
		{2434FA65-3BD0-4069-B6E6-14CA8A12E216}.Ad-Hoc|Any CPU.Build.0 = Release|Any CPU
		{2434FA65-3BD0-4069-B6E6-14CA8A12E216}.Ad-Hoc|Any CPU.Deploy.0 = Release|Any CPU
		{2434FA65-3BD0-4069-B6E6-14CA8A12E216}.Ad-Hoc|ARM.ActiveCfg = Release|Any CPU
		{2434FA65-3BD0-4069-B6E6-14CA8A12E216}.Ad-Hoc|iPhone.ActiveCfg = Release|Any CPU
		{2434FA65-3BD0-4069-B6E6-14CA8A12E216}.Ad-Hoc|iPhoneSimulator.ActiveCfg = Release|Any CPU
		{2434FA65-3BD0-4069-B6E6-14CA8A12E216}.Ad-Hoc|Mixed Platforms.ActiveCfg = Release|Any CPU
		{2434FA65-3BD0-4069-B6E6-14CA8A12E216}.Ad-Hoc|Mixed Platforms.Build.0 = Release|Any CPU
		{2434FA65-3BD0-4069-B6E6-14CA8A12E216}.Ad-Hoc|Mixed Platforms.Deploy.0 = Release|Any CPU
		{2434FA65-3BD0-4069-B6E6-14CA8A12E216}.Ad-Hoc|x64.ActiveCfg = Release|Any CPU
		{2434FA65-3BD0-4069-B6E6-14CA8A12E216}.Ad-Hoc|x86.ActiveCfg = Release|Any CPU
		{2434FA65-3BD0-4069-B6E6-14CA8A12E216}.AppStore|Any CPU.ActiveCfg = Release|Any CPU
		{2434FA65-3BD0-4069-B6E6-14CA8A12E216}.AppStore|Any CPU.Build.0 = Release|Any CPU
		{2434FA65-3BD0-4069-B6E6-14CA8A12E216}.AppStore|Any CPU.Deploy.0 = Release|Any CPU
		{2434FA65-3BD0-4069-B6E6-14CA8A12E216}.AppStore|ARM.ActiveCfg = Release|Any CPU
		{2434FA65-3BD0-4069-B6E6-14CA8A12E216}.AppStore|iPhone.ActiveCfg = Release|Any CPU
		{2434FA65-3BD0-4069-B6E6-14CA8A12E216}.AppStore|iPhoneSimulator.ActiveCfg = Release|Any CPU
		{2434FA65-3BD0-4069-B6E6-14CA8A12E216}.AppStore|Mixed Platforms.ActiveCfg = Release|Any CPU
		{2434FA65-3BD0-4069-B6E6-14CA8A12E216}.AppStore|Mixed Platforms.Build.0 = Release|Any CPU
		{2434FA65-3BD0-4069-B6E6-14CA8A12E216}.AppStore|Mixed Platforms.Deploy.0 = Release|Any CPU
		{2434FA65-3BD0-4069-B6E6-14CA8A12E216}.AppStore|x64.ActiveCfg = Release|Any CPU
		{2434FA65-3BD0-4069-B6E6-14CA8A12E216}.AppStore|x86.ActiveCfg = Release|Any CPU
		{2434FA65-3BD0-4069-B6E6-14CA8A12E216}.Debug|Any CPU.ActiveCfg = Debug|Any CPU
		{2434FA65-3BD0-4069-B6E6-14CA8A12E216}.Debug|Any CPU.Build.0 = Debug|Any CPU
		{2434FA65-3BD0-4069-B6E6-14CA8A12E216}.Debug|Any CPU.Deploy.0 = Debug|Any CPU
		{2434FA65-3BD0-4069-B6E6-14CA8A12E216}.Debug|ARM.ActiveCfg = Debug|Any CPU
		{2434FA65-3BD0-4069-B6E6-14CA8A12E216}.Debug|iPhone.ActiveCfg = Debug|Any CPU
		{2434FA65-3BD0-4069-B6E6-14CA8A12E216}.Debug|iPhoneSimulator.ActiveCfg = Debug|Any CPU
		{2434FA65-3BD0-4069-B6E6-14CA8A12E216}.Debug|Mixed Platforms.ActiveCfg = Debug|Any CPU
		{2434FA65-3BD0-4069-B6E6-14CA8A12E216}.Debug|Mixed Platforms.Build.0 = Debug|Any CPU
		{2434FA65-3BD0-4069-B6E6-14CA8A12E216}.Debug|Mixed Platforms.Deploy.0 = Debug|Any CPU
		{2434FA65-3BD0-4069-B6E6-14CA8A12E216}.Debug|x64.ActiveCfg = Debug|Any CPU
		{2434FA65-3BD0-4069-B6E6-14CA8A12E216}.Debug|x86.ActiveCfg = Debug|Any CPU
		{2434FA65-3BD0-4069-B6E6-14CA8A12E216}.Release|Any CPU.ActiveCfg = Release|Any CPU
		{2434FA65-3BD0-4069-B6E6-14CA8A12E216}.Release|Any CPU.Build.0 = Release|Any CPU
		{2434FA65-3BD0-4069-B6E6-14CA8A12E216}.Release|Any CPU.Deploy.0 = Release|Any CPU
		{2434FA65-3BD0-4069-B6E6-14CA8A12E216}.Release|ARM.ActiveCfg = Release|Any CPU
		{2434FA65-3BD0-4069-B6E6-14CA8A12E216}.Release|iPhone.ActiveCfg = Release|Any CPU
		{2434FA65-3BD0-4069-B6E6-14CA8A12E216}.Release|iPhoneSimulator.ActiveCfg = Release|Any CPU
		{2434FA65-3BD0-4069-B6E6-14CA8A12E216}.Release|Mixed Platforms.ActiveCfg = Release|Any CPU
		{2434FA65-3BD0-4069-B6E6-14CA8A12E216}.Release|Mixed Platforms.Build.0 = Release|Any CPU
		{2434FA65-3BD0-4069-B6E6-14CA8A12E216}.Release|Mixed Platforms.Deploy.0 = Release|Any CPU
		{2434FA65-3BD0-4069-B6E6-14CA8A12E216}.Release|x64.ActiveCfg = Release|Any CPU
		{2434FA65-3BD0-4069-B6E6-14CA8A12E216}.Release|x86.ActiveCfg = Release|Any CPU
		{1AF64E08-00B6-49DB-A370-602658313211}.Ad-Hoc|Any CPU.ActiveCfg = Ad-Hoc|iPhone
		{1AF64E08-00B6-49DB-A370-602658313211}.Ad-Hoc|ARM.ActiveCfg = Ad-Hoc|iPhone
		{1AF64E08-00B6-49DB-A370-602658313211}.Ad-Hoc|iPhone.ActiveCfg = Ad-Hoc|iPhone
		{1AF64E08-00B6-49DB-A370-602658313211}.Ad-Hoc|iPhone.Build.0 = Ad-Hoc|iPhone
		{1AF64E08-00B6-49DB-A370-602658313211}.Ad-Hoc|iPhoneSimulator.ActiveCfg = Ad-Hoc|iPhoneSimulator
		{1AF64E08-00B6-49DB-A370-602658313211}.Ad-Hoc|iPhoneSimulator.Build.0 = Ad-Hoc|iPhoneSimulator
		{1AF64E08-00B6-49DB-A370-602658313211}.Ad-Hoc|Mixed Platforms.ActiveCfg = Ad-Hoc|iPhone
		{1AF64E08-00B6-49DB-A370-602658313211}.Ad-Hoc|Mixed Platforms.Build.0 = Ad-Hoc|iPhone
		{1AF64E08-00B6-49DB-A370-602658313211}.Ad-Hoc|x64.ActiveCfg = Ad-Hoc|iPhone
		{1AF64E08-00B6-49DB-A370-602658313211}.Ad-Hoc|x86.ActiveCfg = Ad-Hoc|iPhone
		{1AF64E08-00B6-49DB-A370-602658313211}.AppStore|Any CPU.ActiveCfg = AppStore|iPhone
		{1AF64E08-00B6-49DB-A370-602658313211}.AppStore|ARM.ActiveCfg = AppStore|iPhone
		{1AF64E08-00B6-49DB-A370-602658313211}.AppStore|iPhone.ActiveCfg = AppStore|iPhone
		{1AF64E08-00B6-49DB-A370-602658313211}.AppStore|iPhone.Build.0 = AppStore|iPhone
		{1AF64E08-00B6-49DB-A370-602658313211}.AppStore|iPhoneSimulator.ActiveCfg = AppStore|iPhoneSimulator
		{1AF64E08-00B6-49DB-A370-602658313211}.AppStore|iPhoneSimulator.Build.0 = AppStore|iPhoneSimulator
		{1AF64E08-00B6-49DB-A370-602658313211}.AppStore|Mixed Platforms.ActiveCfg = AppStore|iPhone
		{1AF64E08-00B6-49DB-A370-602658313211}.AppStore|Mixed Platforms.Build.0 = AppStore|iPhone
		{1AF64E08-00B6-49DB-A370-602658313211}.AppStore|x64.ActiveCfg = AppStore|iPhone
		{1AF64E08-00B6-49DB-A370-602658313211}.AppStore|x86.ActiveCfg = AppStore|iPhone
		{1AF64E08-00B6-49DB-A370-602658313211}.Debug|Any CPU.ActiveCfg = Debug|iPhone
		{1AF64E08-00B6-49DB-A370-602658313211}.Debug|ARM.ActiveCfg = Debug|iPhone
		{1AF64E08-00B6-49DB-A370-602658313211}.Debug|iPhone.ActiveCfg = Debug|iPhone
		{1AF64E08-00B6-49DB-A370-602658313211}.Debug|iPhone.Build.0 = Debug|iPhone
		{1AF64E08-00B6-49DB-A370-602658313211}.Debug|iPhoneSimulator.ActiveCfg = Debug|iPhoneSimulator
		{1AF64E08-00B6-49DB-A370-602658313211}.Debug|iPhoneSimulator.Build.0 = Debug|iPhoneSimulator
		{1AF64E08-00B6-49DB-A370-602658313211}.Debug|Mixed Platforms.ActiveCfg = Debug|iPhone
		{1AF64E08-00B6-49DB-A370-602658313211}.Debug|Mixed Platforms.Build.0 = Debug|iPhone
		{1AF64E08-00B6-49DB-A370-602658313211}.Debug|x64.ActiveCfg = Debug|iPhone
		{1AF64E08-00B6-49DB-A370-602658313211}.Debug|x86.ActiveCfg = Debug|iPhone
		{1AF64E08-00B6-49DB-A370-602658313211}.Release|Any CPU.ActiveCfg = Release|iPhone
		{1AF64E08-00B6-49DB-A370-602658313211}.Release|ARM.ActiveCfg = Release|iPhone
		{1AF64E08-00B6-49DB-A370-602658313211}.Release|iPhone.ActiveCfg = Release|iPhone
		{1AF64E08-00B6-49DB-A370-602658313211}.Release|iPhone.Build.0 = Release|iPhone
		{1AF64E08-00B6-49DB-A370-602658313211}.Release|iPhoneSimulator.ActiveCfg = Release|iPhoneSimulator
		{1AF64E08-00B6-49DB-A370-602658313211}.Release|iPhoneSimulator.Build.0 = Release|iPhoneSimulator
		{1AF64E08-00B6-49DB-A370-602658313211}.Release|Mixed Platforms.ActiveCfg = Release|iPhone
		{1AF64E08-00B6-49DB-A370-602658313211}.Release|Mixed Platforms.Build.0 = Release|iPhone
		{1AF64E08-00B6-49DB-A370-602658313211}.Release|x64.ActiveCfg = Release|iPhone
		{1AF64E08-00B6-49DB-A370-602658313211}.Release|x86.ActiveCfg = Release|iPhone
	EndGlobalSection
	GlobalSection(SolutionProperties) = preSolution
		HideSolutionNode = FALSE
	EndGlobalSection
	GlobalSection(NestedProjects) = preSolution
		{0CEBE7C8-C36D-4628-80DE-A60007DABB93} = {7586BA99-90D4-4057-95DC-DD284A2A4656}
		{A9268727-A7E7-40BF-B961-395DF14972BD} = {0CEBE7C8-C36D-4628-80DE-A60007DABB93}
		{60AD3028-142E-4764-9596-B680BB737681} = {A9268727-A7E7-40BF-B961-395DF14972BD}
		{5B98D7AF-96B1-4948-A293-CA4B16583B8A} = {A9268727-A7E7-40BF-B961-395DF14972BD}
		{EBF2B114-194B-493E-8AFA-473ACFC0ADD9} = {A9268727-A7E7-40BF-B961-395DF14972BD}
		{8AAEF82D-CA91-4B1F-9414-5C343FF3B74A} = {0CEBE7C8-C36D-4628-80DE-A60007DABB93}
		{1217C272-B876-4173-9136-35E1CAB1D9C5} = {7586BA99-90D4-4057-95DC-DD284A2A4656}
		{CFA01B0F-A9EE-4137-B8AD-B3D7DB73C308} = {1217C272-B876-4173-9136-35E1CAB1D9C5}
		{4D85CD9B-98AC-46AE-8CAF-DB25C3454E68} = {1217C272-B876-4173-9136-35E1CAB1D9C5}
		{E705FA24-64AF-4EBE-98EF-75B3FA92B969} = {1217C272-B876-4173-9136-35E1CAB1D9C5}
		{2F76BC5C-6BC4-43FD-AB85-CF4E0ADFF0D6} = {70D24E13-A27A-4195-A635-8BE420954DA0}
		{080EE6F1-4EAA-4644-9249-84EC5CCBC2CE} = {919BC2A9-E77E-4787-A534-D10FBE465F0F}
		{2434FA65-3BD0-4069-B6E6-14CA8A12E216} = {919BC2A9-E77E-4787-A534-D10FBE465F0F}
		{1AF64E08-00B6-49DB-A370-602658313211} = {919BC2A9-E77E-4787-A534-D10FBE465F0F}
	EndGlobalSection
EndGlobal
