
Microsoft Visual Studio Solution File, Format Version 12.00
# Visual Studio 2013
VisualStudioVersion = 12.0.31101.0
MinimumVisualStudioVersion = 10.0.40219.1
Project("{2150E333-8FDC-42A3-9474-1A3956D46DE8}") = "Xamarin Apps", "Xamarin Apps", "{919BC2A9-E77E-4787-A534-D10FBE465F0F}"
EndProject
Project("{2150E333-8FDC-42A3-9474-1A3956D46DE8}") = ".Shared", ".Shared", "{7262A176-4D84-4994-A9D9-C3DA65EA2D4A}"
	ProjectSection(SolutionItems) = preProject
		Shared\Constants.cs = Shared\Constants.cs
		Shared\Constants.vb = Shared\Constants.vb
	EndProjectSection
EndProject
Project("{2150E333-8FDC-42A3-9474-1A3956D46DE8}") = ".nuget", ".nuget", "{C0F8E39C-9666-4863-BAB2-399D7D410C4E}"
	ProjectSection(SolutionItems) = preProject
		.nuget\NuGet.Config = .nuget\NuGet.Config
		.nuget\NuGet.exe = .nuget\NuGet.exe
		.nuget\NuGet.targets = .nuget\NuGet.targets
	EndProjectSection
EndProject
Project("{FAE04EC0-301F-11D3-BF4B-00C04F79EFBC}") = "NotificationHubsSample.Xam", "NotificationHubsSample.Xam\NotificationHubsSample.Xam\NotificationHubsSample.Xam.csproj", "{080EE6F1-4EAA-4644-9249-84EC5CCBC2CE}"
EndProject
Project("{FAE04EC0-301F-11D3-BF4B-00C04F79EFBC}") = "NotificationHubsSample.Xam.Droid", "NotificationHubsSample.Xam\NotificationHubsSample.Xam.Droid\NotificationHubsSample.Xam.Droid.csproj", "{2434FA65-3BD0-4069-B6E6-14CA8A12E216}"
EndProject
Project("{FAE04EC0-301F-11D3-BF4B-00C04F79EFBC}") = "NotificationHubsSample.Xam.iOS", "NotificationHubsSample.Xam\NotificationHubsSample.Xam.iOS\NotificationHubsSample.Xam.iOS.csproj", "{1AF64E08-00B6-49DB-A370-602658313211}"
EndProject
Global
	GlobalSection(SolutionConfigurationPlatforms) = preSolution
		Ad-Hoc|Any CPU = Ad-Hoc|Any CPU
		Ad-Hoc|ARM = Ad-Hoc|ARM
		Ad-Hoc|iPhone = Ad-Hoc|iPhone
		Ad-Hoc|iPhoneSimulator = Ad-Hoc|iPhoneSimulator
		Ad-Hoc|Mixed Platforms = Ad-Hoc|Mixed Platforms
		Ad-Hoc|x64 = Ad-Hoc|x64
		Ad-Hoc|x86 = Ad-Hoc|x86
		AppStore|Any CPU = AppStore|Any CPU
		AppStore|ARM = AppStore|ARM
		AppStore|iPhone = AppStore|iPhone
		AppStore|iPhoneSimulator = AppStore|iPhoneSimulator
		AppStore|Mixed Platforms = AppStore|Mixed Platforms
		AppStore|x64 = AppStore|x64
		AppStore|x86 = AppStore|x86
		Debug|Any CPU = Debug|Any CPU
		Debug|ARM = Debug|ARM
		Debug|iPhone = Debug|iPhone
		Debug|iPhoneSimulator = Debug|iPhoneSimulator
		Debug|Mixed Platforms = Debug|Mixed Platforms
		Debug|x64 = Debug|x64
		Debug|x86 = Debug|x86
		Release|Any CPU = Release|Any CPU
		Release|ARM = Release|ARM
		Release|iPhone = Release|iPhone
		Release|iPhoneSimulator = Release|iPhoneSimulator
		Release|Mixed Platforms = Release|Mixed Platforms
		Release|x64 = Release|x64
		Release|x86 = Release|x86
	EndGlobalSection
	GlobalSection(ProjectConfigurationPlatforms) = postSolution
		{080EE6F1-4EAA-4644-9249-84EC5CCBC2CE}.Ad-Hoc|Any CPU.ActiveCfg = Release|Any CPU
		{080EE6F1-4EAA-4644-9249-84EC5CCBC2CE}.Ad-Hoc|Any CPU.Build.0 = Release|Any CPU
		{080EE6F1-4EAA-4644-9249-84EC5CCBC2CE}.Ad-Hoc|ARM.ActiveCfg = Release|Any CPU
		{080EE6F1-4EAA-4644-9249-84EC5CCBC2CE}.Ad-Hoc|iPhone.ActiveCfg = Release|Any CPU
		{080EE6F1-4EAA-4644-9249-84EC5CCBC2CE}.Ad-Hoc|iPhoneSimulator.ActiveCfg = Release|Any CPU
		{080EE6F1-4EAA-4644-9249-84EC5CCBC2CE}.Ad-Hoc|Mixed Platforms.ActiveCfg = Release|Any CPU
		{080EE6F1-4EAA-4644-9249-84EC5CCBC2CE}.Ad-Hoc|Mixed Platforms.Build.0 = Release|Any CPU
		{080EE6F1-4EAA-4644-9249-84EC5CCBC2CE}.Ad-Hoc|x64.ActiveCfg = Release|Any CPU
		{080EE6F1-4EAA-4644-9249-84EC5CCBC2CE}.Ad-Hoc|x86.ActiveCfg = Release|Any CPU
		{080EE6F1-4EAA-4644-9249-84EC5CCBC2CE}.AppStore|Any CPU.ActiveCfg = Release|Any CPU
		{080EE6F1-4EAA-4644-9249-84EC5CCBC2CE}.AppStore|Any CPU.Build.0 = Release|Any CPU
		{080EE6F1-4EAA-4644-9249-84EC5CCBC2CE}.AppStore|ARM.ActiveCfg = Release|Any CPU
		{080EE6F1-4EAA-4644-9249-84EC5CCBC2CE}.AppStore|iPhone.ActiveCfg = Release|Any CPU
		{080EE6F1-4EAA-4644-9249-84EC5CCBC2CE}.AppStore|iPhoneSimulator.ActiveCfg = Release|Any CPU
		{080EE6F1-4EAA-4644-9249-84EC5CCBC2CE}.AppStore|Mixed Platforms.ActiveCfg = Release|Any CPU
		{080EE6F1-4EAA-4644-9249-84EC5CCBC2CE}.AppStore|Mixed Platforms.Build.0 = Release|Any CPU
		{080EE6F1-4EAA-4644-9249-84EC5CCBC2CE}.AppStore|x64.ActiveCfg = Release|Any CPU
		{080EE6F1-4EAA-4644-9249-84EC5CCBC2CE}.AppStore|x86.ActiveCfg = Release|Any CPU
		{080EE6F1-4EAA-4644-9249-84EC5CCBC2CE}.Debug|Any CPU.ActiveCfg = Debug|Any CPU
		{080EE6F1-4EAA-4644-9249-84EC5CCBC2CE}.Debug|Any CPU.Build.0 = Debug|Any CPU
		{080EE6F1-4EAA-4644-9249-84EC5CCBC2CE}.Debug|ARM.ActiveCfg = Debug|Any CPU
		{080EE6F1-4EAA-4644-9249-84EC5CCBC2CE}.Debug|iPhone.ActiveCfg = Debug|Any CPU
		{080EE6F1-4EAA-4644-9249-84EC5CCBC2CE}.Debug|iPhoneSimulator.ActiveCfg = Debug|Any CPU
		{080EE6F1-4EAA-4644-9249-84EC5CCBC2CE}.Debug|Mixed Platforms.ActiveCfg = Debug|Any CPU
		{080EE6F1-4EAA-4644-9249-84EC5CCBC2CE}.Debug|Mixed Platforms.Build.0 = Debug|Any CPU
		{080EE6F1-4EAA-4644-9249-84EC5CCBC2CE}.Debug|x64.ActiveCfg = Debug|Any CPU
		{080EE6F1-4EAA-4644-9249-84EC5CCBC2CE}.Debug|x86.ActiveCfg = Debug|Any CPU
		{080EE6F1-4EAA-4644-9249-84EC5CCBC2CE}.Release|Any CPU.ActiveCfg = Release|Any CPU
		{080EE6F1-4EAA-4644-9249-84EC5CCBC2CE}.Release|Any CPU.Build.0 = Release|Any CPU
		{080EE6F1-4EAA-4644-9249-84EC5CCBC2CE}.Release|ARM.ActiveCfg = Release|Any CPU
		{080EE6F1-4EAA-4644-9249-84EC5CCBC2CE}.Release|iPhone.ActiveCfg = Release|Any CPU
		{080EE6F1-4EAA-4644-9249-84EC5CCBC2CE}.Release|iPhoneSimulator.ActiveCfg = Release|Any CPU
		{080EE6F1-4EAA-4644-9249-84EC5CCBC2CE}.Release|Mixed Platforms.ActiveCfg = Release|Any CPU
		{080EE6F1-4EAA-4644-9249-84EC5CCBC2CE}.Release|Mixed Platforms.Build.0 = Release|Any CPU
		{080EE6F1-4EAA-4644-9249-84EC5CCBC2CE}.Release|x64.ActiveCfg = Release|Any CPU
		{080EE6F1-4EAA-4644-9249-84EC5CCBC2CE}.Release|x86.ActiveCfg = Release|Any CPU
		{2434FA65-3BD0-4069-B6E6-14CA8A12E216}.Ad-Hoc|Any CPU.ActiveCfg = Release|Any CPU
		{2434FA65-3BD0-4069-B6E6-14CA8A12E216}.Ad-Hoc|Any CPU.Build.0 = Release|Any CPU
		{2434FA65-3BD0-4069-B6E6-14CA8A12E216}.Ad-Hoc|Any CPU.Deploy.0 = Release|Any CPU
		{2434FA65-3BD0-4069-B6E6-14CA8A12E216}.Ad-Hoc|ARM.ActiveCfg = Release|Any CPU
		{2434FA65-3BD0-4069-B6E6-14CA8A12E216}.Ad-Hoc|iPhone.ActiveCfg = Release|Any CPU
		{2434FA65-3BD0-4069-B6E6-14CA8A12E216}.Ad-Hoc|iPhoneSimulator.ActiveCfg = Release|Any CPU
		{2434FA65-3BD0-4069-B6E6-14CA8A12E216}.Ad-Hoc|Mixed Platforms.ActiveCfg = Release|Any CPU
		{2434FA65-3BD0-4069-B6E6-14CA8A12E216}.Ad-Hoc|Mixed Platforms.Build.0 = Release|Any CPU
		{2434FA65-3BD0-4069-B6E6-14CA8A12E216}.Ad-Hoc|Mixed Platforms.Deploy.0 = Release|Any CPU
		{2434FA65-3BD0-4069-B6E6-14CA8A12E216}.Ad-Hoc|x64.ActiveCfg = Release|Any CPU
		{2434FA65-3BD0-4069-B6E6-14CA8A12E216}.Ad-Hoc|x86.ActiveCfg = Release|Any CPU
		{2434FA65-3BD0-4069-B6E6-14CA8A12E216}.AppStore|Any CPU.ActiveCfg = Release|Any CPU
		{2434FA65-3BD0-4069-B6E6-14CA8A12E216}.AppStore|Any CPU.Build.0 = Release|Any CPU
		{2434FA65-3BD0-4069-B6E6-14CA8A12E216}.AppStore|Any CPU.Deploy.0 = Release|Any CPU
		{2434FA65-3BD0-4069-B6E6-14CA8A12E216}.AppStore|ARM.ActiveCfg = Release|Any CPU
		{2434FA65-3BD0-4069-B6E6-14CA8A12E216}.AppStore|iPhone.ActiveCfg = Release|Any CPU
		{2434FA65-3BD0-4069-B6E6-14CA8A12E216}.AppStore|iPhoneSimulator.ActiveCfg = Release|Any CPU
		{2434FA65-3BD0-4069-B6E6-14CA8A12E216}.AppStore|Mixed Platforms.ActiveCfg = Release|Any CPU
		{2434FA65-3BD0-4069-B6E6-14CA8A12E216}.AppStore|Mixed Platforms.Build.0 = Release|Any CPU
		{2434FA65-3BD0-4069-B6E6-14CA8A12E216}.AppStore|Mixed Platforms.Deploy.0 = Release|Any CPU
		{2434FA65-3BD0-4069-B6E6-14CA8A12E216}.AppStore|x64.ActiveCfg = Release|Any CPU
		{2434FA65-3BD0-4069-B6E6-14CA8A12E216}.AppStore|x86.ActiveCfg = Release|Any CPU
		{2434FA65-3BD0-4069-B6E6-14CA8A12E216}.Debug|Any CPU.ActiveCfg = Debug|Any CPU
		{2434FA65-3BD0-4069-B6E6-14CA8A12E216}.Debug|Any CPU.Build.0 = Debug|Any CPU
		{2434FA65-3BD0-4069-B6E6-14CA8A12E216}.Debug|Any CPU.Deploy.0 = Debug|Any CPU
		{2434FA65-3BD0-4069-B6E6-14CA8A12E216}.Debug|ARM.ActiveCfg = Debug|Any CPU
		{2434FA65-3BD0-4069-B6E6-14CA8A12E216}.Debug|iPhone.ActiveCfg = Debug|Any CPU
		{2434FA65-3BD0-4069-B6E6-14CA8A12E216}.Debug|iPhoneSimulator.ActiveCfg = Debug|Any CPU
		{2434FA65-3BD0-4069-B6E6-14CA8A12E216}.Debug|Mixed Platforms.ActiveCfg = Debug|Any CPU
		{2434FA65-3BD0-4069-B6E6-14CA8A12E216}.Debug|Mixed Platforms.Build.0 = Debug|Any CPU
		{2434FA65-3BD0-4069-B6E6-14CA8A12E216}.Debug|Mixed Platforms.Deploy.0 = Debug|Any CPU
		{2434FA65-3BD0-4069-B6E6-14CA8A12E216}.Debug|x64.ActiveCfg = Debug|Any CPU
		{2434FA65-3BD0-4069-B6E6-14CA8A12E216}.Debug|x86.ActiveCfg = Debug|Any CPU
		{2434FA65-3BD0-4069-B6E6-14CA8A12E216}.Release|Any CPU.ActiveCfg = Release|Any CPU
		{2434FA65-3BD0-4069-B6E6-14CA8A12E216}.Release|Any CPU.Build.0 = Release|Any CPU
		{2434FA65-3BD0-4069-B6E6-14CA8A12E216}.Release|Any CPU.Deploy.0 = Release|Any CPU
		{2434FA65-3BD0-4069-B6E6-14CA8A12E216}.Release|ARM.ActiveCfg = Release|Any CPU
		{2434FA65-3BD0-4069-B6E6-14CA8A12E216}.Release|iPhone.ActiveCfg = Release|Any CPU
		{2434FA65-3BD0-4069-B6E6-14CA8A12E216}.Release|iPhoneSimulator.ActiveCfg = Release|Any CPU
		{2434FA65-3BD0-4069-B6E6-14CA8A12E216}.Release|Mixed Platforms.ActiveCfg = Release|Any CPU
		{2434FA65-3BD0-4069-B6E6-14CA8A12E216}.Release|Mixed Platforms.Build.0 = Release|Any CPU
		{2434FA65-3BD0-4069-B6E6-14CA8A12E216}.Release|Mixed Platforms.Deploy.0 = Release|Any CPU
		{2434FA65-3BD0-4069-B6E6-14CA8A12E216}.Release|x64.ActiveCfg = Release|Any CPU
		{2434FA65-3BD0-4069-B6E6-14CA8A12E216}.Release|x86.ActiveCfg = Release|Any CPU
		{1AF64E08-00B6-49DB-A370-602658313211}.Ad-Hoc|Any CPU.ActiveCfg = Ad-Hoc|iPhone
		{1AF64E08-00B6-49DB-A370-602658313211}.Ad-Hoc|ARM.ActiveCfg = Ad-Hoc|iPhone
		{1AF64E08-00B6-49DB-A370-602658313211}.Ad-Hoc|iPhone.ActiveCfg = Ad-Hoc|iPhone
		{1AF64E08-00B6-49DB-A370-602658313211}.Ad-Hoc|iPhone.Build.0 = Ad-Hoc|iPhone
		{1AF64E08-00B6-49DB-A370-602658313211}.Ad-Hoc|iPhoneSimulator.ActiveCfg = Ad-Hoc|iPhoneSimulator
		{1AF64E08-00B6-49DB-A370-602658313211}.Ad-Hoc|iPhoneSimulator.Build.0 = Ad-Hoc|iPhoneSimulator
		{1AF64E08-00B6-49DB-A370-602658313211}.Ad-Hoc|Mixed Platforms.ActiveCfg = Ad-Hoc|iPhone
		{1AF64E08-00B6-49DB-A370-602658313211}.Ad-Hoc|Mixed Platforms.Build.0 = Ad-Hoc|iPhone
		{1AF64E08-00B6-49DB-A370-602658313211}.Ad-Hoc|x64.ActiveCfg = Ad-Hoc|iPhone
		{1AF64E08-00B6-49DB-A370-602658313211}.Ad-Hoc|x86.ActiveCfg = Ad-Hoc|iPhone
		{1AF64E08-00B6-49DB-A370-602658313211}.AppStore|Any CPU.ActiveCfg = AppStore|iPhone
		{1AF64E08-00B6-49DB-A370-602658313211}.AppStore|ARM.ActiveCfg = AppStore|iPhone
		{1AF64E08-00B6-49DB-A370-602658313211}.AppStore|iPhone.ActiveCfg = AppStore|iPhone
		{1AF64E08-00B6-49DB-A370-602658313211}.AppStore|iPhone.Build.0 = AppStore|iPhone
		{1AF64E08-00B6-49DB-A370-602658313211}.AppStore|iPhoneSimulator.ActiveCfg = AppStore|iPhoneSimulator
		{1AF64E08-00B6-49DB-A370-602658313211}.AppStore|iPhoneSimulator.Build.0 = AppStore|iPhoneSimulator
		{1AF64E08-00B6-49DB-A370-602658313211}.AppStore|Mixed Platforms.ActiveCfg = AppStore|iPhone
		{1AF64E08-00B6-49DB-A370-602658313211}.AppStore|Mixed Platforms.Build.0 = AppStore|iPhone
		{1AF64E08-00B6-49DB-A370-602658313211}.AppStore|x64.ActiveCfg = AppStore|iPhone
		{1AF64E08-00B6-49DB-A370-602658313211}.AppStore|x86.ActiveCfg = AppStore|iPhone
		{1AF64E08-00B6-49DB-A370-602658313211}.Debug|Any CPU.ActiveCfg = Debug|iPhone
		{1AF64E08-00B6-49DB-A370-602658313211}.Debug|ARM.ActiveCfg = Debug|iPhone
		{1AF64E08-00B6-49DB-A370-602658313211}.Debug|iPhone.ActiveCfg = Debug|iPhone
		{1AF64E08-00B6-49DB-A370-602658313211}.Debug|iPhone.Build.0 = Debug|iPhone
		{1AF64E08-00B6-49DB-A370-602658313211}.Debug|iPhoneSimulator.ActiveCfg = Debug|iPhoneSimulator
		{1AF64E08-00B6-49DB-A370-602658313211}.Debug|iPhoneSimulator.Build.0 = Debug|iPhoneSimulator
		{1AF64E08-00B6-49DB-A370-602658313211}.Debug|Mixed Platforms.ActiveCfg = Debug|iPhone
		{1AF64E08-00B6-49DB-A370-602658313211}.Debug|Mixed Platforms.Build.0 = Debug|iPhone
		{1AF64E08-00B6-49DB-A370-602658313211}.Debug|x64.ActiveCfg = Debug|iPhone
		{1AF64E08-00B6-49DB-A370-602658313211}.Debug|x86.ActiveCfg = Debug|iPhone
		{1AF64E08-00B6-49DB-A370-602658313211}.Release|Any CPU.ActiveCfg = Release|iPhone
		{1AF64E08-00B6-49DB-A370-602658313211}.Release|ARM.ActiveCfg = Release|iPhone
		{1AF64E08-00B6-49DB-A370-602658313211}.Release|iPhone.ActiveCfg = Release|iPhone
		{1AF64E08-00B6-49DB-A370-602658313211}.Release|iPhone.Build.0 = Release|iPhone
		{1AF64E08-00B6-49DB-A370-602658313211}.Release|iPhoneSimulator.ActiveCfg = Release|iPhoneSimulator
		{1AF64E08-00B6-49DB-A370-602658313211}.Release|iPhoneSimulator.Build.0 = Release|iPhoneSimulator
		{1AF64E08-00B6-49DB-A370-602658313211}.Release|Mixed Platforms.ActiveCfg = Release|iPhone
		{1AF64E08-00B6-49DB-A370-602658313211}.Release|Mixed Platforms.Build.0 = Release|iPhone
		{1AF64E08-00B6-49DB-A370-602658313211}.Release|x64.ActiveCfg = Release|iPhone
		{1AF64E08-00B6-49DB-A370-602658313211}.Release|x86.ActiveCfg = Release|iPhone
	EndGlobalSection
	GlobalSection(SolutionProperties) = preSolution
		HideSolutionNode = FALSE
	EndGlobalSection
	GlobalSection(NestedProjects) = preSolution
		{080EE6F1-4EAA-4644-9249-84EC5CCBC2CE} = {919BC2A9-E77E-4787-A534-D10FBE465F0F}
		{2434FA65-3BD0-4069-B6E6-14CA8A12E216} = {919BC2A9-E77E-4787-A534-D10FBE465F0F}
		{1AF64E08-00B6-49DB-A370-602658313211} = {919BC2A9-E77E-4787-A534-D10FBE465F0F}
	EndGlobalSection
EndGlobal
