
Microsoft Visual Studio Solution File, Format Version 12.00
# Visual Studio 2013
VisualStudioVersion = 12.0.31101.0
MinimumVisualStudioVersion = 10.0.40219.1
Project("{2150E333-8FDC-42A3-9474-1A3956D46DE8}") = "Windows Apps", "Windows Apps", "{1B10CFF4-0BD4-412D-879F-2056A0606A25}"
EndProject
Project("{2150E333-8FDC-42A3-9474-1A3956D46DE8}") = "Xamarin Apps", "Xamarin Apps", "{33E48454-5BBE-42CA-872D-8FAA87DCDA65}"
EndProject
Project("{2150E333-8FDC-42A3-9474-1A3956D46DE8}") = "Shared", "Shared", "{B27D9AF1-067B-46DA-A23B-21C85E7208DA}"
	ProjectSection(SolutionItems) = preProject
		Shared\Constants.cs = Shared\Constants.cs
		Shared\Constants.vb = Shared\Constants.vb
	EndProjectSection
EndProject
Project("{FAE04EC0-301F-11D3-BF4B-00C04F79EFBC}") = "NotificationHubsSample.Win81", "NotificationHubsSample.Win81\NotificationHubsSample.Win81.csproj", "{D05074B4-1929-414F-9F27-1C18E888C47C}"
EndProject
Project("{F184B08F-C81C-45F6-A57F-5ABD9991F28F}") = "NotificationHubsSample.Win81-VB", "NotificationHubsSample.Win81-VB\NotificationHubsSample.Win81-VB.vbproj", "{8E964296-AFE1-48F9-85DD-AACF71C8C5C7}"
EndProject
Project("{FAE04EC0-301F-11D3-BF4B-00C04F79EFBC}") = "NotificationHubsSample.WP", "NotificationHubsSample.WP\NotificationHubsSample.WP.csproj", "{5A8BF7EC-822B-4E0E-9CA3-8145BBD57A34}"
EndProject
Project("{FAE04EC0-301F-11D3-BF4B-00C04F79EFBC}") = "NotificationHubsSample.WPSL", "NotificationHubsSample.WPSL\NotificationHubsSample.WPSL.csproj", "{4CB743B3-D417-446F-B8B0-772C97D28942}"
EndProject
Project("{2150E333-8FDC-42A3-9474-1A3956D46DE8}") = "CSharp", "CSharp", "{79331FA8-78A4-4F5F-AA04-6BA5FAF0989E}"
EndProject
Project("{2150E333-8FDC-42A3-9474-1A3956D46DE8}") = "VB", "VB", "{5AB97BA1-BA14-4308-B7CD-ABD6A69D5107}"
EndProject
Project("{F184B08F-C81C-45F6-A57F-5ABD9991F28F}") = "NotificationHubsSample.WPSL-VB", "NotificationHubsSample.WPSL-VB\NotificationHubsSample.WPSL-VB.vbproj", "{1F274F8B-F43F-4BDE-AC29-0DC204B32650}"
EndProject
Project("{F184B08F-C81C-45F6-A57F-5ABD9991F28F}") = "NotificationHubsSample.WP-VB", "NotificationHubsSample.WP-VB\NotificationHubsSample.WP-VB.vbproj", "{CED24AF0-2C88-4F24-8498-A62D9A9F5B7C}"
EndProject
Project("{FAE04EC0-301F-11D3-BF4B-00C04F79EFBC}") = "NotificationHubsSample.Droid", "NotificationHubsSample.Droid\NotificationHubsSample.Droid.csproj", "{5A01D236-F23C-48D8-854E-B7091C94DEC3}"
EndProject
Project("{FAE04EC0-301F-11D3-BF4B-00C04F79EFBC}") = "NotificationHubsSample.iOS", "NotificationHubsSample.iOS\NotificationHubsSample.iOS.csproj", "{BC5A7110-0BD0-4107-B9D9-36D7E4E66277}"
EndProject
Project("{2150E333-8FDC-42A3-9474-1A3956D46DE8}") = ".nuget", ".nuget", "{7ACAC151-64D3-495F-8B74-C24E35050B5A}"
	ProjectSection(SolutionItems) = preProject
		.nuget\NuGet.Config = .nuget\NuGet.Config
		.nuget\NuGet.exe = .nuget\NuGet.exe
		.nuget\NuGet.targets = .nuget\NuGet.targets
	EndProjectSection
EndProject
Global
	GlobalSection(SolutionConfigurationPlatforms) = preSolution
		Ad-Hoc|Any CPU = Ad-Hoc|Any CPU
		Ad-Hoc|ARM = Ad-Hoc|ARM
		Ad-Hoc|iPhone = Ad-Hoc|iPhone
		Ad-Hoc|iPhoneSimulator = Ad-Hoc|iPhoneSimulator
		Ad-Hoc|Mixed Platforms = Ad-Hoc|Mixed Platforms
		Ad-Hoc|x64 = Ad-Hoc|x64
		Ad-Hoc|x86 = Ad-Hoc|x86
		AppStore|Any CPU = AppStore|Any CPU
		AppStore|ARM = AppStore|ARM
		AppStore|iPhone = AppStore|iPhone
		AppStore|iPhoneSimulator = AppStore|iPhoneSimulator
		AppStore|Mixed Platforms = AppStore|Mixed Platforms
		AppStore|x64 = AppStore|x64
		AppStore|x86 = AppStore|x86
		Debug|Any CPU = Debug|Any CPU
		Debug|ARM = Debug|ARM
		Debug|iPhone = Debug|iPhone
		Debug|iPhoneSimulator = Debug|iPhoneSimulator
		Debug|Mixed Platforms = Debug|Mixed Platforms
		Debug|x64 = Debug|x64
		Debug|x86 = Debug|x86
		Release|Any CPU = Release|Any CPU
		Release|ARM = Release|ARM
		Release|iPhone = Release|iPhone
		Release|iPhoneSimulator = Release|iPhoneSimulator
		Release|Mixed Platforms = Release|Mixed Platforms
		Release|x64 = Release|x64
		Release|x86 = Release|x86
	EndGlobalSection
	GlobalSection(ProjectConfigurationPlatforms) = postSolution
		{D05074B4-1929-414F-9F27-1C18E888C47C}.Ad-Hoc|Any CPU.ActiveCfg = Release|Any CPU
		{D05074B4-1929-414F-9F27-1C18E888C47C}.Ad-Hoc|Any CPU.Build.0 = Release|Any CPU
		{D05074B4-1929-414F-9F27-1C18E888C47C}.Ad-Hoc|Any CPU.Deploy.0 = Release|Any CPU
		{D05074B4-1929-414F-9F27-1C18E888C47C}.Ad-Hoc|ARM.ActiveCfg = Release|ARM
		{D05074B4-1929-414F-9F27-1C18E888C47C}.Ad-Hoc|ARM.Build.0 = Release|ARM
		{D05074B4-1929-414F-9F27-1C18E888C47C}.Ad-Hoc|ARM.Deploy.0 = Release|ARM
		{D05074B4-1929-414F-9F27-1C18E888C47C}.Ad-Hoc|iPhone.ActiveCfg = Release|Any CPU
		{D05074B4-1929-414F-9F27-1C18E888C47C}.Ad-Hoc|iPhoneSimulator.ActiveCfg = Release|Any CPU
		{D05074B4-1929-414F-9F27-1C18E888C47C}.Ad-Hoc|Mixed Platforms.ActiveCfg = Release|x86
		{D05074B4-1929-414F-9F27-1C18E888C47C}.Ad-Hoc|Mixed Platforms.Build.0 = Release|x86
		{D05074B4-1929-414F-9F27-1C18E888C47C}.Ad-Hoc|Mixed Platforms.Deploy.0 = Release|x86
		{D05074B4-1929-414F-9F27-1C18E888C47C}.Ad-Hoc|x64.ActiveCfg = Release|x64
		{D05074B4-1929-414F-9F27-1C18E888C47C}.Ad-Hoc|x64.Build.0 = Release|x64
		{D05074B4-1929-414F-9F27-1C18E888C47C}.Ad-Hoc|x64.Deploy.0 = Release|x64
		{D05074B4-1929-414F-9F27-1C18E888C47C}.Ad-Hoc|x86.ActiveCfg = Release|x86
		{D05074B4-1929-414F-9F27-1C18E888C47C}.Ad-Hoc|x86.Build.0 = Release|x86
		{D05074B4-1929-414F-9F27-1C18E888C47C}.Ad-Hoc|x86.Deploy.0 = Release|x86
		{D05074B4-1929-414F-9F27-1C18E888C47C}.AppStore|Any CPU.ActiveCfg = Release|Any CPU
		{D05074B4-1929-414F-9F27-1C18E888C47C}.AppStore|Any CPU.Build.0 = Release|Any CPU
		{D05074B4-1929-414F-9F27-1C18E888C47C}.AppStore|Any CPU.Deploy.0 = Release|Any CPU
		{D05074B4-1929-414F-9F27-1C18E888C47C}.AppStore|ARM.ActiveCfg = Release|ARM
		{D05074B4-1929-414F-9F27-1C18E888C47C}.AppStore|ARM.Build.0 = Release|ARM
		{D05074B4-1929-414F-9F27-1C18E888C47C}.AppStore|ARM.Deploy.0 = Release|ARM
		{D05074B4-1929-414F-9F27-1C18E888C47C}.AppStore|iPhone.ActiveCfg = Release|Any CPU
		{D05074B4-1929-414F-9F27-1C18E888C47C}.AppStore|iPhoneSimulator.ActiveCfg = Release|Any CPU
		{D05074B4-1929-414F-9F27-1C18E888C47C}.AppStore|Mixed Platforms.ActiveCfg = Release|x86
		{D05074B4-1929-414F-9F27-1C18E888C47C}.AppStore|Mixed Platforms.Build.0 = Release|x86
		{D05074B4-1929-414F-9F27-1C18E888C47C}.AppStore|Mixed Platforms.Deploy.0 = Release|x86
		{D05074B4-1929-414F-9F27-1C18E888C47C}.AppStore|x64.ActiveCfg = Release|x64
		{D05074B4-1929-414F-9F27-1C18E888C47C}.AppStore|x64.Build.0 = Release|x64
		{D05074B4-1929-414F-9F27-1C18E888C47C}.AppStore|x64.Deploy.0 = Release|x64
		{D05074B4-1929-414F-9F27-1C18E888C47C}.AppStore|x86.ActiveCfg = Release|x86
		{D05074B4-1929-414F-9F27-1C18E888C47C}.AppStore|x86.Build.0 = Release|x86
		{D05074B4-1929-414F-9F27-1C18E888C47C}.AppStore|x86.Deploy.0 = Release|x86
		{D05074B4-1929-414F-9F27-1C18E888C47C}.Debug|Any CPU.ActiveCfg = Debug|Any CPU
		{D05074B4-1929-414F-9F27-1C18E888C47C}.Debug|Any CPU.Build.0 = Debug|Any CPU
		{D05074B4-1929-414F-9F27-1C18E888C47C}.Debug|Any CPU.Deploy.0 = Debug|Any CPU
		{D05074B4-1929-414F-9F27-1C18E888C47C}.Debug|ARM.ActiveCfg = Debug|ARM
		{D05074B4-1929-414F-9F27-1C18E888C47C}.Debug|ARM.Build.0 = Debug|ARM
		{D05074B4-1929-414F-9F27-1C18E888C47C}.Debug|ARM.Deploy.0 = Debug|ARM
		{D05074B4-1929-414F-9F27-1C18E888C47C}.Debug|iPhone.ActiveCfg = Debug|Any CPU
		{D05074B4-1929-414F-9F27-1C18E888C47C}.Debug|iPhoneSimulator.ActiveCfg = Debug|Any CPU
		{D05074B4-1929-414F-9F27-1C18E888C47C}.Debug|Mixed Platforms.ActiveCfg = Debug|x86
		{D05074B4-1929-414F-9F27-1C18E888C47C}.Debug|Mixed Platforms.Build.0 = Debug|x86
		{D05074B4-1929-414F-9F27-1C18E888C47C}.Debug|Mixed Platforms.Deploy.0 = Debug|x86
		{D05074B4-1929-414F-9F27-1C18E888C47C}.Debug|x64.ActiveCfg = Debug|x64
		{D05074B4-1929-414F-9F27-1C18E888C47C}.Debug|x64.Build.0 = Debug|x64
		{D05074B4-1929-414F-9F27-1C18E888C47C}.Debug|x64.Deploy.0 = Debug|x64
		{D05074B4-1929-414F-9F27-1C18E888C47C}.Debug|x86.ActiveCfg = Debug|x86
		{D05074B4-1929-414F-9F27-1C18E888C47C}.Debug|x86.Build.0 = Debug|x86
		{D05074B4-1929-414F-9F27-1C18E888C47C}.Debug|x86.Deploy.0 = Debug|x86
		{D05074B4-1929-414F-9F27-1C18E888C47C}.Release|Any CPU.ActiveCfg = Release|Any CPU
		{D05074B4-1929-414F-9F27-1C18E888C47C}.Release|Any CPU.Build.0 = Release|Any CPU
		{D05074B4-1929-414F-9F27-1C18E888C47C}.Release|Any CPU.Deploy.0 = Release|Any CPU
		{D05074B4-1929-414F-9F27-1C18E888C47C}.Release|ARM.ActiveCfg = Release|ARM
		{D05074B4-1929-414F-9F27-1C18E888C47C}.Release|ARM.Build.0 = Release|ARM
		{D05074B4-1929-414F-9F27-1C18E888C47C}.Release|ARM.Deploy.0 = Release|ARM
		{D05074B4-1929-414F-9F27-1C18E888C47C}.Release|iPhone.ActiveCfg = Release|Any CPU
		{D05074B4-1929-414F-9F27-1C18E888C47C}.Release|iPhoneSimulator.ActiveCfg = Release|Any CPU
		{D05074B4-1929-414F-9F27-1C18E888C47C}.Release|Mixed Platforms.ActiveCfg = Release|x86
		{D05074B4-1929-414F-9F27-1C18E888C47C}.Release|Mixed Platforms.Build.0 = Release|x86
		{D05074B4-1929-414F-9F27-1C18E888C47C}.Release|Mixed Platforms.Deploy.0 = Release|x86
		{D05074B4-1929-414F-9F27-1C18E888C47C}.Release|x64.ActiveCfg = Release|x64
		{D05074B4-1929-414F-9F27-1C18E888C47C}.Release|x64.Build.0 = Release|x64
		{D05074B4-1929-414F-9F27-1C18E888C47C}.Release|x64.Deploy.0 = Release|x64
		{D05074B4-1929-414F-9F27-1C18E888C47C}.Release|x86.ActiveCfg = Release|x86
		{D05074B4-1929-414F-9F27-1C18E888C47C}.Release|x86.Build.0 = Release|x86
		{D05074B4-1929-414F-9F27-1C18E888C47C}.Release|x86.Deploy.0 = Release|x86
		{8E964296-AFE1-48F9-85DD-AACF71C8C5C7}.Ad-Hoc|Any CPU.ActiveCfg = Release|Any CPU
		{8E964296-AFE1-48F9-85DD-AACF71C8C5C7}.Ad-Hoc|Any CPU.Build.0 = Release|Any CPU
		{8E964296-AFE1-48F9-85DD-AACF71C8C5C7}.Ad-Hoc|Any CPU.Deploy.0 = Release|Any CPU
		{8E964296-AFE1-48F9-85DD-AACF71C8C5C7}.Ad-Hoc|ARM.ActiveCfg = Release|ARM
		{8E964296-AFE1-48F9-85DD-AACF71C8C5C7}.Ad-Hoc|ARM.Build.0 = Release|ARM
		{8E964296-AFE1-48F9-85DD-AACF71C8C5C7}.Ad-Hoc|ARM.Deploy.0 = Release|ARM
		{8E964296-AFE1-48F9-85DD-AACF71C8C5C7}.Ad-Hoc|iPhone.ActiveCfg = Release|Any CPU
		{8E964296-AFE1-48F9-85DD-AACF71C8C5C7}.Ad-Hoc|iPhoneSimulator.ActiveCfg = Release|Any CPU
		{8E964296-AFE1-48F9-85DD-AACF71C8C5C7}.Ad-Hoc|Mixed Platforms.ActiveCfg = Release|x86
		{8E964296-AFE1-48F9-85DD-AACF71C8C5C7}.Ad-Hoc|Mixed Platforms.Build.0 = Release|x86
		{8E964296-AFE1-48F9-85DD-AACF71C8C5C7}.Ad-Hoc|Mixed Platforms.Deploy.0 = Release|x86
		{8E964296-AFE1-48F9-85DD-AACF71C8C5C7}.Ad-Hoc|x64.ActiveCfg = Release|x64
		{8E964296-AFE1-48F9-85DD-AACF71C8C5C7}.Ad-Hoc|x64.Build.0 = Release|x64
		{8E964296-AFE1-48F9-85DD-AACF71C8C5C7}.Ad-Hoc|x64.Deploy.0 = Release|x64
		{8E964296-AFE1-48F9-85DD-AACF71C8C5C7}.Ad-Hoc|x86.ActiveCfg = Release|x86
		{8E964296-AFE1-48F9-85DD-AACF71C8C5C7}.Ad-Hoc|x86.Build.0 = Release|x86
		{8E964296-AFE1-48F9-85DD-AACF71C8C5C7}.Ad-Hoc|x86.Deploy.0 = Release|x86
		{8E964296-AFE1-48F9-85DD-AACF71C8C5C7}.AppStore|Any CPU.ActiveCfg = Release|Any CPU
		{8E964296-AFE1-48F9-85DD-AACF71C8C5C7}.AppStore|Any CPU.Build.0 = Release|Any CPU
		{8E964296-AFE1-48F9-85DD-AACF71C8C5C7}.AppStore|Any CPU.Deploy.0 = Release|Any CPU
		{8E964296-AFE1-48F9-85DD-AACF71C8C5C7}.AppStore|ARM.ActiveCfg = Release|ARM
		{8E964296-AFE1-48F9-85DD-AACF71C8C5C7}.AppStore|ARM.Build.0 = Release|ARM
		{8E964296-AFE1-48F9-85DD-AACF71C8C5C7}.AppStore|ARM.Deploy.0 = Release|ARM
		{8E964296-AFE1-48F9-85DD-AACF71C8C5C7}.AppStore|iPhone.ActiveCfg = Release|Any CPU
		{8E964296-AFE1-48F9-85DD-AACF71C8C5C7}.AppStore|iPhoneSimulator.ActiveCfg = Release|Any CPU
		{8E964296-AFE1-48F9-85DD-AACF71C8C5C7}.AppStore|Mixed Platforms.ActiveCfg = Release|x86
		{8E964296-AFE1-48F9-85DD-AACF71C8C5C7}.AppStore|Mixed Platforms.Build.0 = Release|x86
		{8E964296-AFE1-48F9-85DD-AACF71C8C5C7}.AppStore|Mixed Platforms.Deploy.0 = Release|x86
		{8E964296-AFE1-48F9-85DD-AACF71C8C5C7}.AppStore|x64.ActiveCfg = Release|x64
		{8E964296-AFE1-48F9-85DD-AACF71C8C5C7}.AppStore|x64.Build.0 = Release|x64
		{8E964296-AFE1-48F9-85DD-AACF71C8C5C7}.AppStore|x64.Deploy.0 = Release|x64
		{8E964296-AFE1-48F9-85DD-AACF71C8C5C7}.AppStore|x86.ActiveCfg = Release|x86
		{8E964296-AFE1-48F9-85DD-AACF71C8C5C7}.AppStore|x86.Build.0 = Release|x86
		{8E964296-AFE1-48F9-85DD-AACF71C8C5C7}.AppStore|x86.Deploy.0 = Release|x86
		{8E964296-AFE1-48F9-85DD-AACF71C8C5C7}.Debug|Any CPU.ActiveCfg = Debug|Any CPU
		{8E964296-AFE1-48F9-85DD-AACF71C8C5C7}.Debug|Any CPU.Build.0 = Debug|Any CPU
		{8E964296-AFE1-48F9-85DD-AACF71C8C5C7}.Debug|Any CPU.Deploy.0 = Debug|Any CPU
		{8E964296-AFE1-48F9-85DD-AACF71C8C5C7}.Debug|ARM.ActiveCfg = Debug|ARM
		{8E964296-AFE1-48F9-85DD-AACF71C8C5C7}.Debug|ARM.Build.0 = Debug|ARM
		{8E964296-AFE1-48F9-85DD-AACF71C8C5C7}.Debug|ARM.Deploy.0 = Debug|ARM
		{8E964296-AFE1-48F9-85DD-AACF71C8C5C7}.Debug|iPhone.ActiveCfg = Debug|Any CPU
		{8E964296-AFE1-48F9-85DD-AACF71C8C5C7}.Debug|iPhoneSimulator.ActiveCfg = Debug|Any CPU
		{8E964296-AFE1-48F9-85DD-AACF71C8C5C7}.Debug|Mixed Platforms.ActiveCfg = Debug|x86
		{8E964296-AFE1-48F9-85DD-AACF71C8C5C7}.Debug|Mixed Platforms.Build.0 = Debug|x86
		{8E964296-AFE1-48F9-85DD-AACF71C8C5C7}.Debug|Mixed Platforms.Deploy.0 = Debug|x86
		{8E964296-AFE1-48F9-85DD-AACF71C8C5C7}.Debug|x64.ActiveCfg = Debug|x64
		{8E964296-AFE1-48F9-85DD-AACF71C8C5C7}.Debug|x64.Build.0 = Debug|x64
		{8E964296-AFE1-48F9-85DD-AACF71C8C5C7}.Debug|x64.Deploy.0 = Debug|x64
		{8E964296-AFE1-48F9-85DD-AACF71C8C5C7}.Debug|x86.ActiveCfg = Debug|x86
		{8E964296-AFE1-48F9-85DD-AACF71C8C5C7}.Debug|x86.Build.0 = Debug|x86
		{8E964296-AFE1-48F9-85DD-AACF71C8C5C7}.Debug|x86.Deploy.0 = Debug|x86
		{8E964296-AFE1-48F9-85DD-AACF71C8C5C7}.Release|Any CPU.ActiveCfg = Release|Any CPU
		{8E964296-AFE1-48F9-85DD-AACF71C8C5C7}.Release|Any CPU.Build.0 = Release|Any CPU
		{8E964296-AFE1-48F9-85DD-AACF71C8C5C7}.Release|Any CPU.Deploy.0 = Release|Any CPU
		{8E964296-AFE1-48F9-85DD-AACF71C8C5C7}.Release|ARM.ActiveCfg = Release|ARM
		{8E964296-AFE1-48F9-85DD-AACF71C8C5C7}.Release|ARM.Build.0 = Release|ARM
		{8E964296-AFE1-48F9-85DD-AACF71C8C5C7}.Release|ARM.Deploy.0 = Release|ARM
		{8E964296-AFE1-48F9-85DD-AACF71C8C5C7}.Release|iPhone.ActiveCfg = Release|Any CPU
		{8E964296-AFE1-48F9-85DD-AACF71C8C5C7}.Release|iPhoneSimulator.ActiveCfg = Release|Any CPU
		{8E964296-AFE1-48F9-85DD-AACF71C8C5C7}.Release|Mixed Platforms.ActiveCfg = Release|x86
		{8E964296-AFE1-48F9-85DD-AACF71C8C5C7}.Release|Mixed Platforms.Build.0 = Release|x86
		{8E964296-AFE1-48F9-85DD-AACF71C8C5C7}.Release|Mixed Platforms.Deploy.0 = Release|x86
		{8E964296-AFE1-48F9-85DD-AACF71C8C5C7}.Release|x64.ActiveCfg = Release|x64
		{8E964296-AFE1-48F9-85DD-AACF71C8C5C7}.Release|x64.Build.0 = Release|x64
		{8E964296-AFE1-48F9-85DD-AACF71C8C5C7}.Release|x64.Deploy.0 = Release|x64
		{8E964296-AFE1-48F9-85DD-AACF71C8C5C7}.Release|x86.ActiveCfg = Release|x86
		{8E964296-AFE1-48F9-85DD-AACF71C8C5C7}.Release|x86.Build.0 = Release|x86
		{8E964296-AFE1-48F9-85DD-AACF71C8C5C7}.Release|x86.Deploy.0 = Release|x86
		{5A8BF7EC-822B-4E0E-9CA3-8145BBD57A34}.Ad-Hoc|Any CPU.ActiveCfg = Release|Any CPU
		{5A8BF7EC-822B-4E0E-9CA3-8145BBD57A34}.Ad-Hoc|Any CPU.Build.0 = Release|Any CPU
		{5A8BF7EC-822B-4E0E-9CA3-8145BBD57A34}.Ad-Hoc|Any CPU.Deploy.0 = Release|Any CPU
		{5A8BF7EC-822B-4E0E-9CA3-8145BBD57A34}.Ad-Hoc|ARM.ActiveCfg = Release|ARM
		{5A8BF7EC-822B-4E0E-9CA3-8145BBD57A34}.Ad-Hoc|ARM.Build.0 = Release|ARM
		{5A8BF7EC-822B-4E0E-9CA3-8145BBD57A34}.Ad-Hoc|ARM.Deploy.0 = Release|ARM
		{5A8BF7EC-822B-4E0E-9CA3-8145BBD57A34}.Ad-Hoc|iPhone.ActiveCfg = Release|Any CPU
		{5A8BF7EC-822B-4E0E-9CA3-8145BBD57A34}.Ad-Hoc|iPhoneSimulator.ActiveCfg = Release|Any CPU
		{5A8BF7EC-822B-4E0E-9CA3-8145BBD57A34}.Ad-Hoc|Mixed Platforms.ActiveCfg = Release|x86
		{5A8BF7EC-822B-4E0E-9CA3-8145BBD57A34}.Ad-Hoc|Mixed Platforms.Build.0 = Release|x86
		{5A8BF7EC-822B-4E0E-9CA3-8145BBD57A34}.Ad-Hoc|Mixed Platforms.Deploy.0 = Release|x86
		{5A8BF7EC-822B-4E0E-9CA3-8145BBD57A34}.Ad-Hoc|x64.ActiveCfg = Release|Any CPU
		{5A8BF7EC-822B-4E0E-9CA3-8145BBD57A34}.Ad-Hoc|x86.ActiveCfg = Release|x86
		{5A8BF7EC-822B-4E0E-9CA3-8145BBD57A34}.Ad-Hoc|x86.Build.0 = Release|x86
		{5A8BF7EC-822B-4E0E-9CA3-8145BBD57A34}.Ad-Hoc|x86.Deploy.0 = Release|x86
		{5A8BF7EC-822B-4E0E-9CA3-8145BBD57A34}.AppStore|Any CPU.ActiveCfg = Release|Any CPU
		{5A8BF7EC-822B-4E0E-9CA3-8145BBD57A34}.AppStore|Any CPU.Build.0 = Release|Any CPU
		{5A8BF7EC-822B-4E0E-9CA3-8145BBD57A34}.AppStore|Any CPU.Deploy.0 = Release|Any CPU
		{5A8BF7EC-822B-4E0E-9CA3-8145BBD57A34}.AppStore|ARM.ActiveCfg = Release|ARM
		{5A8BF7EC-822B-4E0E-9CA3-8145BBD57A34}.AppStore|ARM.Build.0 = Release|ARM
		{5A8BF7EC-822B-4E0E-9CA3-8145BBD57A34}.AppStore|ARM.Deploy.0 = Release|ARM
		{5A8BF7EC-822B-4E0E-9CA3-8145BBD57A34}.AppStore|iPhone.ActiveCfg = Release|Any CPU
		{5A8BF7EC-822B-4E0E-9CA3-8145BBD57A34}.AppStore|iPhoneSimulator.ActiveCfg = Release|Any CPU
		{5A8BF7EC-822B-4E0E-9CA3-8145BBD57A34}.AppStore|Mixed Platforms.ActiveCfg = Release|x86
		{5A8BF7EC-822B-4E0E-9CA3-8145BBD57A34}.AppStore|Mixed Platforms.Build.0 = Release|x86
		{5A8BF7EC-822B-4E0E-9CA3-8145BBD57A34}.AppStore|Mixed Platforms.Deploy.0 = Release|x86
		{5A8BF7EC-822B-4E0E-9CA3-8145BBD57A34}.AppStore|x64.ActiveCfg = Release|Any CPU
		{5A8BF7EC-822B-4E0E-9CA3-8145BBD57A34}.AppStore|x86.ActiveCfg = Release|x86
		{5A8BF7EC-822B-4E0E-9CA3-8145BBD57A34}.AppStore|x86.Build.0 = Release|x86
		{5A8BF7EC-822B-4E0E-9CA3-8145BBD57A34}.AppStore|x86.Deploy.0 = Release|x86
		{5A8BF7EC-822B-4E0E-9CA3-8145BBD57A34}.Debug|Any CPU.ActiveCfg = Debug|Any CPU
		{5A8BF7EC-822B-4E0E-9CA3-8145BBD57A34}.Debug|Any CPU.Build.0 = Debug|Any CPU
		{5A8BF7EC-822B-4E0E-9CA3-8145BBD57A34}.Debug|Any CPU.Deploy.0 = Debug|Any CPU
		{5A8BF7EC-822B-4E0E-9CA3-8145BBD57A34}.Debug|ARM.ActiveCfg = Debug|ARM
		{5A8BF7EC-822B-4E0E-9CA3-8145BBD57A34}.Debug|ARM.Build.0 = Debug|ARM
		{5A8BF7EC-822B-4E0E-9CA3-8145BBD57A34}.Debug|ARM.Deploy.0 = Debug|ARM
		{5A8BF7EC-822B-4E0E-9CA3-8145BBD57A34}.Debug|iPhone.ActiveCfg = Debug|Any CPU
		{5A8BF7EC-822B-4E0E-9CA3-8145BBD57A34}.Debug|iPhoneSimulator.ActiveCfg = Debug|Any CPU
		{5A8BF7EC-822B-4E0E-9CA3-8145BBD57A34}.Debug|Mixed Platforms.ActiveCfg = Debug|x86
		{5A8BF7EC-822B-4E0E-9CA3-8145BBD57A34}.Debug|Mixed Platforms.Build.0 = Debug|x86
		{5A8BF7EC-822B-4E0E-9CA3-8145BBD57A34}.Debug|Mixed Platforms.Deploy.0 = Debug|x86
		{5A8BF7EC-822B-4E0E-9CA3-8145BBD57A34}.Debug|x64.ActiveCfg = Debug|Any CPU
		{5A8BF7EC-822B-4E0E-9CA3-8145BBD57A34}.Debug|x86.ActiveCfg = Debug|x86
		{5A8BF7EC-822B-4E0E-9CA3-8145BBD57A34}.Debug|x86.Build.0 = Debug|x86
		{5A8BF7EC-822B-4E0E-9CA3-8145BBD57A34}.Debug|x86.Deploy.0 = Debug|x86
		{5A8BF7EC-822B-4E0E-9CA3-8145BBD57A34}.Release|Any CPU.ActiveCfg = Release|Any CPU
		{5A8BF7EC-822B-4E0E-9CA3-8145BBD57A34}.Release|Any CPU.Build.0 = Release|Any CPU
		{5A8BF7EC-822B-4E0E-9CA3-8145BBD57A34}.Release|Any CPU.Deploy.0 = Release|Any CPU
		{5A8BF7EC-822B-4E0E-9CA3-8145BBD57A34}.Release|ARM.ActiveCfg = Release|ARM
		{5A8BF7EC-822B-4E0E-9CA3-8145BBD57A34}.Release|ARM.Build.0 = Release|ARM
		{5A8BF7EC-822B-4E0E-9CA3-8145BBD57A34}.Release|ARM.Deploy.0 = Release|ARM
		{5A8BF7EC-822B-4E0E-9CA3-8145BBD57A34}.Release|iPhone.ActiveCfg = Release|Any CPU
		{5A8BF7EC-822B-4E0E-9CA3-8145BBD57A34}.Release|iPhoneSimulator.ActiveCfg = Release|Any CPU
		{5A8BF7EC-822B-4E0E-9CA3-8145BBD57A34}.Release|Mixed Platforms.ActiveCfg = Release|x86
		{5A8BF7EC-822B-4E0E-9CA3-8145BBD57A34}.Release|Mixed Platforms.Build.0 = Release|x86
		{5A8BF7EC-822B-4E0E-9CA3-8145BBD57A34}.Release|Mixed Platforms.Deploy.0 = Release|x86
		{5A8BF7EC-822B-4E0E-9CA3-8145BBD57A34}.Release|x64.ActiveCfg = Release|Any CPU
		{5A8BF7EC-822B-4E0E-9CA3-8145BBD57A34}.Release|x86.ActiveCfg = Release|x86
		{5A8BF7EC-822B-4E0E-9CA3-8145BBD57A34}.Release|x86.Build.0 = Release|x86
		{5A8BF7EC-822B-4E0E-9CA3-8145BBD57A34}.Release|x86.Deploy.0 = Release|x86
		{4CB743B3-D417-446F-B8B0-772C97D28942}.Ad-Hoc|Any CPU.ActiveCfg = Release|Any CPU
		{4CB743B3-D417-446F-B8B0-772C97D28942}.Ad-Hoc|Any CPU.Build.0 = Release|Any CPU
		{4CB743B3-D417-446F-B8B0-772C97D28942}.Ad-Hoc|Any CPU.Deploy.0 = Release|Any CPU
		{4CB743B3-D417-446F-B8B0-772C97D28942}.Ad-Hoc|ARM.ActiveCfg = Release|ARM
		{4CB743B3-D417-446F-B8B0-772C97D28942}.Ad-Hoc|ARM.Build.0 = Release|ARM
		{4CB743B3-D417-446F-B8B0-772C97D28942}.Ad-Hoc|ARM.Deploy.0 = Release|ARM
		{4CB743B3-D417-446F-B8B0-772C97D28942}.Ad-Hoc|iPhone.ActiveCfg = Release|Any CPU
		{4CB743B3-D417-446F-B8B0-772C97D28942}.Ad-Hoc|iPhoneSimulator.ActiveCfg = Release|Any CPU
		{4CB743B3-D417-446F-B8B0-772C97D28942}.Ad-Hoc|Mixed Platforms.ActiveCfg = Release|x86
		{4CB743B3-D417-446F-B8B0-772C97D28942}.Ad-Hoc|Mixed Platforms.Build.0 = Release|x86
		{4CB743B3-D417-446F-B8B0-772C97D28942}.Ad-Hoc|Mixed Platforms.Deploy.0 = Release|x86
		{4CB743B3-D417-446F-B8B0-772C97D28942}.Ad-Hoc|x64.ActiveCfg = Release|Any CPU
		{4CB743B3-D417-446F-B8B0-772C97D28942}.Ad-Hoc|x86.ActiveCfg = Release|x86
		{4CB743B3-D417-446F-B8B0-772C97D28942}.Ad-Hoc|x86.Build.0 = Release|x86
		{4CB743B3-D417-446F-B8B0-772C97D28942}.Ad-Hoc|x86.Deploy.0 = Release|x86
		{4CB743B3-D417-446F-B8B0-772C97D28942}.AppStore|Any CPU.ActiveCfg = Release|Any CPU
		{4CB743B3-D417-446F-B8B0-772C97D28942}.AppStore|Any CPU.Build.0 = Release|Any CPU
		{4CB743B3-D417-446F-B8B0-772C97D28942}.AppStore|Any CPU.Deploy.0 = Release|Any CPU
		{4CB743B3-D417-446F-B8B0-772C97D28942}.AppStore|ARM.ActiveCfg = Release|ARM
		{4CB743B3-D417-446F-B8B0-772C97D28942}.AppStore|ARM.Build.0 = Release|ARM
		{4CB743B3-D417-446F-B8B0-772C97D28942}.AppStore|ARM.Deploy.0 = Release|ARM
		{4CB743B3-D417-446F-B8B0-772C97D28942}.AppStore|iPhone.ActiveCfg = Release|Any CPU
		{4CB743B3-D417-446F-B8B0-772C97D28942}.AppStore|iPhoneSimulator.ActiveCfg = Release|Any CPU
		{4CB743B3-D417-446F-B8B0-772C97D28942}.AppStore|Mixed Platforms.ActiveCfg = Release|x86
		{4CB743B3-D417-446F-B8B0-772C97D28942}.AppStore|Mixed Platforms.Build.0 = Release|x86
		{4CB743B3-D417-446F-B8B0-772C97D28942}.AppStore|Mixed Platforms.Deploy.0 = Release|x86
		{4CB743B3-D417-446F-B8B0-772C97D28942}.AppStore|x64.ActiveCfg = Release|Any CPU
		{4CB743B3-D417-446F-B8B0-772C97D28942}.AppStore|x86.ActiveCfg = Release|x86
		{4CB743B3-D417-446F-B8B0-772C97D28942}.AppStore|x86.Build.0 = Release|x86
		{4CB743B3-D417-446F-B8B0-772C97D28942}.AppStore|x86.Deploy.0 = Release|x86
		{4CB743B3-D417-446F-B8B0-772C97D28942}.Debug|Any CPU.ActiveCfg = Debug|Any CPU
		{4CB743B3-D417-446F-B8B0-772C97D28942}.Debug|Any CPU.Build.0 = Debug|Any CPU
		{4CB743B3-D417-446F-B8B0-772C97D28942}.Debug|Any CPU.Deploy.0 = Debug|Any CPU
		{4CB743B3-D417-446F-B8B0-772C97D28942}.Debug|ARM.ActiveCfg = Debug|ARM
		{4CB743B3-D417-446F-B8B0-772C97D28942}.Debug|ARM.Build.0 = Debug|ARM
		{4CB743B3-D417-446F-B8B0-772C97D28942}.Debug|ARM.Deploy.0 = Debug|ARM
		{4CB743B3-D417-446F-B8B0-772C97D28942}.Debug|iPhone.ActiveCfg = Debug|Any CPU
		{4CB743B3-D417-446F-B8B0-772C97D28942}.Debug|iPhoneSimulator.ActiveCfg = Debug|Any CPU
		{4CB743B3-D417-446F-B8B0-772C97D28942}.Debug|Mixed Platforms.ActiveCfg = Debug|x86
		{4CB743B3-D417-446F-B8B0-772C97D28942}.Debug|Mixed Platforms.Build.0 = Debug|x86
		{4CB743B3-D417-446F-B8B0-772C97D28942}.Debug|Mixed Platforms.Deploy.0 = Debug|x86
		{4CB743B3-D417-446F-B8B0-772C97D28942}.Debug|x64.ActiveCfg = Debug|Any CPU
		{4CB743B3-D417-446F-B8B0-772C97D28942}.Debug|x86.ActiveCfg = Debug|x86
		{4CB743B3-D417-446F-B8B0-772C97D28942}.Debug|x86.Build.0 = Debug|x86
		{4CB743B3-D417-446F-B8B0-772C97D28942}.Debug|x86.Deploy.0 = Debug|x86
		{4CB743B3-D417-446F-B8B0-772C97D28942}.Release|Any CPU.ActiveCfg = Release|Any CPU
		{4CB743B3-D417-446F-B8B0-772C97D28942}.Release|Any CPU.Build.0 = Release|Any CPU
		{4CB743B3-D417-446F-B8B0-772C97D28942}.Release|Any CPU.Deploy.0 = Release|Any CPU
		{4CB743B3-D417-446F-B8B0-772C97D28942}.Release|ARM.ActiveCfg = Release|ARM
		{4CB743B3-D417-446F-B8B0-772C97D28942}.Release|ARM.Build.0 = Release|ARM
		{4CB743B3-D417-446F-B8B0-772C97D28942}.Release|ARM.Deploy.0 = Release|ARM
		{4CB743B3-D417-446F-B8B0-772C97D28942}.Release|iPhone.ActiveCfg = Release|Any CPU
		{4CB743B3-D417-446F-B8B0-772C97D28942}.Release|iPhoneSimulator.ActiveCfg = Release|Any CPU
		{4CB743B3-D417-446F-B8B0-772C97D28942}.Release|Mixed Platforms.ActiveCfg = Release|x86
		{4CB743B3-D417-446F-B8B0-772C97D28942}.Release|Mixed Platforms.Build.0 = Release|x86
		{4CB743B3-D417-446F-B8B0-772C97D28942}.Release|Mixed Platforms.Deploy.0 = Release|x86
		{4CB743B3-D417-446F-B8B0-772C97D28942}.Release|x64.ActiveCfg = Release|Any CPU
		{4CB743B3-D417-446F-B8B0-772C97D28942}.Release|x86.ActiveCfg = Release|x86
		{4CB743B3-D417-446F-B8B0-772C97D28942}.Release|x86.Build.0 = Release|x86
		{4CB743B3-D417-446F-B8B0-772C97D28942}.Release|x86.Deploy.0 = Release|x86
		{1F274F8B-F43F-4BDE-AC29-0DC204B32650}.Ad-Hoc|Any CPU.ActiveCfg = Release|Any CPU
		{1F274F8B-F43F-4BDE-AC29-0DC204B32650}.Ad-Hoc|Any CPU.Build.0 = Release|Any CPU
		{1F274F8B-F43F-4BDE-AC29-0DC204B32650}.Ad-Hoc|Any CPU.Deploy.0 = Release|Any CPU
		{1F274F8B-F43F-4BDE-AC29-0DC204B32650}.Ad-Hoc|ARM.ActiveCfg = Release|ARM
		{1F274F8B-F43F-4BDE-AC29-0DC204B32650}.Ad-Hoc|ARM.Build.0 = Release|ARM
		{1F274F8B-F43F-4BDE-AC29-0DC204B32650}.Ad-Hoc|ARM.Deploy.0 = Release|ARM
		{1F274F8B-F43F-4BDE-AC29-0DC204B32650}.Ad-Hoc|iPhone.ActiveCfg = Release|Any CPU
		{1F274F8B-F43F-4BDE-AC29-0DC204B32650}.Ad-Hoc|iPhoneSimulator.ActiveCfg = Release|Any CPU
		{1F274F8B-F43F-4BDE-AC29-0DC204B32650}.Ad-Hoc|Mixed Platforms.ActiveCfg = Release|x86
		{1F274F8B-F43F-4BDE-AC29-0DC204B32650}.Ad-Hoc|Mixed Platforms.Build.0 = Release|x86
		{1F274F8B-F43F-4BDE-AC29-0DC204B32650}.Ad-Hoc|Mixed Platforms.Deploy.0 = Release|x86
		{1F274F8B-F43F-4BDE-AC29-0DC204B32650}.Ad-Hoc|x64.ActiveCfg = Release|Any CPU
		{1F274F8B-F43F-4BDE-AC29-0DC204B32650}.Ad-Hoc|x86.ActiveCfg = Release|x86
		{1F274F8B-F43F-4BDE-AC29-0DC204B32650}.Ad-Hoc|x86.Build.0 = Release|x86
		{1F274F8B-F43F-4BDE-AC29-0DC204B32650}.Ad-Hoc|x86.Deploy.0 = Release|x86
		{1F274F8B-F43F-4BDE-AC29-0DC204B32650}.AppStore|Any CPU.ActiveCfg = Release|Any CPU
		{1F274F8B-F43F-4BDE-AC29-0DC204B32650}.AppStore|Any CPU.Build.0 = Release|Any CPU
		{1F274F8B-F43F-4BDE-AC29-0DC204B32650}.AppStore|Any CPU.Deploy.0 = Release|Any CPU
		{1F274F8B-F43F-4BDE-AC29-0DC204B32650}.AppStore|ARM.ActiveCfg = Release|ARM
		{1F274F8B-F43F-4BDE-AC29-0DC204B32650}.AppStore|ARM.Build.0 = Release|ARM
		{1F274F8B-F43F-4BDE-AC29-0DC204B32650}.AppStore|ARM.Deploy.0 = Release|ARM
		{1F274F8B-F43F-4BDE-AC29-0DC204B32650}.AppStore|iPhone.ActiveCfg = Release|Any CPU
		{1F274F8B-F43F-4BDE-AC29-0DC204B32650}.AppStore|iPhoneSimulator.ActiveCfg = Release|Any CPU
		{1F274F8B-F43F-4BDE-AC29-0DC204B32650}.AppStore|Mixed Platforms.ActiveCfg = Release|x86
		{1F274F8B-F43F-4BDE-AC29-0DC204B32650}.AppStore|Mixed Platforms.Build.0 = Release|x86
		{1F274F8B-F43F-4BDE-AC29-0DC204B32650}.AppStore|Mixed Platforms.Deploy.0 = Release|x86
		{1F274F8B-F43F-4BDE-AC29-0DC204B32650}.AppStore|x64.ActiveCfg = Release|Any CPU
		{1F274F8B-F43F-4BDE-AC29-0DC204B32650}.AppStore|x86.ActiveCfg = Release|x86
		{1F274F8B-F43F-4BDE-AC29-0DC204B32650}.AppStore|x86.Build.0 = Release|x86
		{1F274F8B-F43F-4BDE-AC29-0DC204B32650}.AppStore|x86.Deploy.0 = Release|x86
		{1F274F8B-F43F-4BDE-AC29-0DC204B32650}.Debug|Any CPU.ActiveCfg = Debug|Any CPU
		{1F274F8B-F43F-4BDE-AC29-0DC204B32650}.Debug|Any CPU.Build.0 = Debug|Any CPU
		{1F274F8B-F43F-4BDE-AC29-0DC204B32650}.Debug|Any CPU.Deploy.0 = Debug|Any CPU
		{1F274F8B-F43F-4BDE-AC29-0DC204B32650}.Debug|ARM.ActiveCfg = Debug|ARM
		{1F274F8B-F43F-4BDE-AC29-0DC204B32650}.Debug|ARM.Build.0 = Debug|ARM
		{1F274F8B-F43F-4BDE-AC29-0DC204B32650}.Debug|ARM.Deploy.0 = Debug|ARM
		{1F274F8B-F43F-4BDE-AC29-0DC204B32650}.Debug|iPhone.ActiveCfg = Debug|Any CPU
		{1F274F8B-F43F-4BDE-AC29-0DC204B32650}.Debug|iPhoneSimulator.ActiveCfg = Debug|Any CPU
		{1F274F8B-F43F-4BDE-AC29-0DC204B32650}.Debug|Mixed Platforms.ActiveCfg = Debug|x86
		{1F274F8B-F43F-4BDE-AC29-0DC204B32650}.Debug|Mixed Platforms.Build.0 = Debug|x86
		{1F274F8B-F43F-4BDE-AC29-0DC204B32650}.Debug|Mixed Platforms.Deploy.0 = Debug|x86
		{1F274F8B-F43F-4BDE-AC29-0DC204B32650}.Debug|x64.ActiveCfg = Debug|Any CPU
		{1F274F8B-F43F-4BDE-AC29-0DC204B32650}.Debug|x86.ActiveCfg = Debug|x86
		{1F274F8B-F43F-4BDE-AC29-0DC204B32650}.Debug|x86.Build.0 = Debug|x86
		{1F274F8B-F43F-4BDE-AC29-0DC204B32650}.Debug|x86.Deploy.0 = Debug|x86
		{1F274F8B-F43F-4BDE-AC29-0DC204B32650}.Release|Any CPU.ActiveCfg = Release|Any CPU
		{1F274F8B-F43F-4BDE-AC29-0DC204B32650}.Release|Any CPU.Build.0 = Release|Any CPU
		{1F274F8B-F43F-4BDE-AC29-0DC204B32650}.Release|Any CPU.Deploy.0 = Release|Any CPU
		{1F274F8B-F43F-4BDE-AC29-0DC204B32650}.Release|ARM.ActiveCfg = Release|ARM
		{1F274F8B-F43F-4BDE-AC29-0DC204B32650}.Release|ARM.Build.0 = Release|ARM
		{1F274F8B-F43F-4BDE-AC29-0DC204B32650}.Release|ARM.Deploy.0 = Release|ARM
		{1F274F8B-F43F-4BDE-AC29-0DC204B32650}.Release|iPhone.ActiveCfg = Release|Any CPU
		{1F274F8B-F43F-4BDE-AC29-0DC204B32650}.Release|iPhoneSimulator.ActiveCfg = Release|Any CPU
		{1F274F8B-F43F-4BDE-AC29-0DC204B32650}.Release|Mixed Platforms.ActiveCfg = Release|x86
		{1F274F8B-F43F-4BDE-AC29-0DC204B32650}.Release|Mixed Platforms.Build.0 = Release|x86
		{1F274F8B-F43F-4BDE-AC29-0DC204B32650}.Release|Mixed Platforms.Deploy.0 = Release|x86
		{1F274F8B-F43F-4BDE-AC29-0DC204B32650}.Release|x64.ActiveCfg = Release|Any CPU
		{1F274F8B-F43F-4BDE-AC29-0DC204B32650}.Release|x86.ActiveCfg = Release|x86
		{1F274F8B-F43F-4BDE-AC29-0DC204B32650}.Release|x86.Build.0 = Release|x86
		{1F274F8B-F43F-4BDE-AC29-0DC204B32650}.Release|x86.Deploy.0 = Release|x86
		{CED24AF0-2C88-4F24-8498-A62D9A9F5B7C}.Ad-Hoc|Any CPU.ActiveCfg = Release|Any CPU
		{CED24AF0-2C88-4F24-8498-A62D9A9F5B7C}.Ad-Hoc|Any CPU.Build.0 = Release|Any CPU
		{CED24AF0-2C88-4F24-8498-A62D9A9F5B7C}.Ad-Hoc|Any CPU.Deploy.0 = Release|Any CPU
		{CED24AF0-2C88-4F24-8498-A62D9A9F5B7C}.Ad-Hoc|ARM.ActiveCfg = Release|ARM
		{CED24AF0-2C88-4F24-8498-A62D9A9F5B7C}.Ad-Hoc|ARM.Build.0 = Release|ARM
		{CED24AF0-2C88-4F24-8498-A62D9A9F5B7C}.Ad-Hoc|ARM.Deploy.0 = Release|ARM
		{CED24AF0-2C88-4F24-8498-A62D9A9F5B7C}.Ad-Hoc|iPhone.ActiveCfg = Release|Any CPU
		{CED24AF0-2C88-4F24-8498-A62D9A9F5B7C}.Ad-Hoc|iPhoneSimulator.ActiveCfg = Release|Any CPU
		{CED24AF0-2C88-4F24-8498-A62D9A9F5B7C}.Ad-Hoc|Mixed Platforms.ActiveCfg = Release|x86
		{CED24AF0-2C88-4F24-8498-A62D9A9F5B7C}.Ad-Hoc|Mixed Platforms.Build.0 = Release|x86
		{CED24AF0-2C88-4F24-8498-A62D9A9F5B7C}.Ad-Hoc|Mixed Platforms.Deploy.0 = Release|x86
		{CED24AF0-2C88-4F24-8498-A62D9A9F5B7C}.Ad-Hoc|x64.ActiveCfg = Release|Any CPU
		{CED24AF0-2C88-4F24-8498-A62D9A9F5B7C}.Ad-Hoc|x86.ActiveCfg = Release|x86
		{CED24AF0-2C88-4F24-8498-A62D9A9F5B7C}.Ad-Hoc|x86.Build.0 = Release|x86
		{CED24AF0-2C88-4F24-8498-A62D9A9F5B7C}.Ad-Hoc|x86.Deploy.0 = Release|x86
		{CED24AF0-2C88-4F24-8498-A62D9A9F5B7C}.AppStore|Any CPU.ActiveCfg = Release|Any CPU
		{CED24AF0-2C88-4F24-8498-A62D9A9F5B7C}.AppStore|Any CPU.Build.0 = Release|Any CPU
		{CED24AF0-2C88-4F24-8498-A62D9A9F5B7C}.AppStore|Any CPU.Deploy.0 = Release|Any CPU
		{CED24AF0-2C88-4F24-8498-A62D9A9F5B7C}.AppStore|ARM.ActiveCfg = Release|ARM
		{CED24AF0-2C88-4F24-8498-A62D9A9F5B7C}.AppStore|ARM.Build.0 = Release|ARM
		{CED24AF0-2C88-4F24-8498-A62D9A9F5B7C}.AppStore|ARM.Deploy.0 = Release|ARM
		{CED24AF0-2C88-4F24-8498-A62D9A9F5B7C}.AppStore|iPhone.ActiveCfg = Release|Any CPU
		{CED24AF0-2C88-4F24-8498-A62D9A9F5B7C}.AppStore|iPhoneSimulator.ActiveCfg = Release|Any CPU
		{CED24AF0-2C88-4F24-8498-A62D9A9F5B7C}.AppStore|Mixed Platforms.ActiveCfg = Release|x86
		{CED24AF0-2C88-4F24-8498-A62D9A9F5B7C}.AppStore|Mixed Platforms.Build.0 = Release|x86
		{CED24AF0-2C88-4F24-8498-A62D9A9F5B7C}.AppStore|Mixed Platforms.Deploy.0 = Release|x86
		{CED24AF0-2C88-4F24-8498-A62D9A9F5B7C}.AppStore|x64.ActiveCfg = Release|Any CPU
		{CED24AF0-2C88-4F24-8498-A62D9A9F5B7C}.AppStore|x86.ActiveCfg = Release|x86
		{CED24AF0-2C88-4F24-8498-A62D9A9F5B7C}.AppStore|x86.Build.0 = Release|x86
		{CED24AF0-2C88-4F24-8498-A62D9A9F5B7C}.AppStore|x86.Deploy.0 = Release|x86
		{CED24AF0-2C88-4F24-8498-A62D9A9F5B7C}.Debug|Any CPU.ActiveCfg = Debug|Any CPU
		{CED24AF0-2C88-4F24-8498-A62D9A9F5B7C}.Debug|Any CPU.Build.0 = Debug|Any CPU
		{CED24AF0-2C88-4F24-8498-A62D9A9F5B7C}.Debug|Any CPU.Deploy.0 = Debug|Any CPU
		{CED24AF0-2C88-4F24-8498-A62D9A9F5B7C}.Debug|ARM.ActiveCfg = Debug|ARM
		{CED24AF0-2C88-4F24-8498-A62D9A9F5B7C}.Debug|ARM.Build.0 = Debug|ARM
		{CED24AF0-2C88-4F24-8498-A62D9A9F5B7C}.Debug|ARM.Deploy.0 = Debug|ARM
		{CED24AF0-2C88-4F24-8498-A62D9A9F5B7C}.Debug|iPhone.ActiveCfg = Debug|Any CPU
		{CED24AF0-2C88-4F24-8498-A62D9A9F5B7C}.Debug|iPhoneSimulator.ActiveCfg = Debug|Any CPU
		{CED24AF0-2C88-4F24-8498-A62D9A9F5B7C}.Debug|Mixed Platforms.ActiveCfg = Debug|x86
		{CED24AF0-2C88-4F24-8498-A62D9A9F5B7C}.Debug|Mixed Platforms.Build.0 = Debug|x86
		{CED24AF0-2C88-4F24-8498-A62D9A9F5B7C}.Debug|Mixed Platforms.Deploy.0 = Debug|x86
		{CED24AF0-2C88-4F24-8498-A62D9A9F5B7C}.Debug|x64.ActiveCfg = Debug|Any CPU
		{CED24AF0-2C88-4F24-8498-A62D9A9F5B7C}.Debug|x86.ActiveCfg = Debug|x86
		{CED24AF0-2C88-4F24-8498-A62D9A9F5B7C}.Debug|x86.Build.0 = Debug|x86
		{CED24AF0-2C88-4F24-8498-A62D9A9F5B7C}.Debug|x86.Deploy.0 = Debug|x86
		{CED24AF0-2C88-4F24-8498-A62D9A9F5B7C}.Release|Any CPU.ActiveCfg = Release|Any CPU
		{CED24AF0-2C88-4F24-8498-A62D9A9F5B7C}.Release|Any CPU.Build.0 = Release|Any CPU
		{CED24AF0-2C88-4F24-8498-A62D9A9F5B7C}.Release|Any CPU.Deploy.0 = Release|Any CPU
		{CED24AF0-2C88-4F24-8498-A62D9A9F5B7C}.Release|ARM.ActiveCfg = Release|ARM
		{CED24AF0-2C88-4F24-8498-A62D9A9F5B7C}.Release|ARM.Build.0 = Release|ARM
		{CED24AF0-2C88-4F24-8498-A62D9A9F5B7C}.Release|ARM.Deploy.0 = Release|ARM
		{CED24AF0-2C88-4F24-8498-A62D9A9F5B7C}.Release|iPhone.ActiveCfg = Release|Any CPU
		{CED24AF0-2C88-4F24-8498-A62D9A9F5B7C}.Release|iPhoneSimulator.ActiveCfg = Release|Any CPU
		{CED24AF0-2C88-4F24-8498-A62D9A9F5B7C}.Release|Mixed Platforms.ActiveCfg = Release|x86
		{CED24AF0-2C88-4F24-8498-A62D9A9F5B7C}.Release|Mixed Platforms.Build.0 = Release|x86
		{CED24AF0-2C88-4F24-8498-A62D9A9F5B7C}.Release|Mixed Platforms.Deploy.0 = Release|x86
		{CED24AF0-2C88-4F24-8498-A62D9A9F5B7C}.Release|x64.ActiveCfg = Release|Any CPU
		{CED24AF0-2C88-4F24-8498-A62D9A9F5B7C}.Release|x86.ActiveCfg = Release|x86
		{CED24AF0-2C88-4F24-8498-A62D9A9F5B7C}.Release|x86.Build.0 = Release|x86
		{CED24AF0-2C88-4F24-8498-A62D9A9F5B7C}.Release|x86.Deploy.0 = Release|x86
		{5A01D236-F23C-48D8-854E-B7091C94DEC3}.Ad-Hoc|Any CPU.ActiveCfg = Release|Any CPU
		{5A01D236-F23C-48D8-854E-B7091C94DEC3}.Ad-Hoc|Any CPU.Build.0 = Release|Any CPU
		{5A01D236-F23C-48D8-854E-B7091C94DEC3}.Ad-Hoc|Any CPU.Deploy.0 = Release|Any CPU
		{5A01D236-F23C-48D8-854E-B7091C94DEC3}.Ad-Hoc|ARM.ActiveCfg = Release|Any CPU
		{5A01D236-F23C-48D8-854E-B7091C94DEC3}.Ad-Hoc|iPhone.ActiveCfg = Release|Any CPU
		{5A01D236-F23C-48D8-854E-B7091C94DEC3}.Ad-Hoc|iPhoneSimulator.ActiveCfg = Release|Any CPU
		{5A01D236-F23C-48D8-854E-B7091C94DEC3}.Ad-Hoc|Mixed Platforms.ActiveCfg = Release|Any CPU
		{5A01D236-F23C-48D8-854E-B7091C94DEC3}.Ad-Hoc|Mixed Platforms.Build.0 = Release|Any CPU
		{5A01D236-F23C-48D8-854E-B7091C94DEC3}.Ad-Hoc|Mixed Platforms.Deploy.0 = Release|Any CPU
		{5A01D236-F23C-48D8-854E-B7091C94DEC3}.Ad-Hoc|x64.ActiveCfg = Release|Any CPU
		{5A01D236-F23C-48D8-854E-B7091C94DEC3}.Ad-Hoc|x86.ActiveCfg = Release|Any CPU
		{5A01D236-F23C-48D8-854E-B7091C94DEC3}.AppStore|Any CPU.ActiveCfg = Release|Any CPU
		{5A01D236-F23C-48D8-854E-B7091C94DEC3}.AppStore|Any CPU.Build.0 = Release|Any CPU
		{5A01D236-F23C-48D8-854E-B7091C94DEC3}.AppStore|Any CPU.Deploy.0 = Release|Any CPU
		{5A01D236-F23C-48D8-854E-B7091C94DEC3}.AppStore|ARM.ActiveCfg = Release|Any CPU
		{5A01D236-F23C-48D8-854E-B7091C94DEC3}.AppStore|iPhone.ActiveCfg = Release|Any CPU
		{5A01D236-F23C-48D8-854E-B7091C94DEC3}.AppStore|iPhoneSimulator.ActiveCfg = Release|Any CPU
		{5A01D236-F23C-48D8-854E-B7091C94DEC3}.AppStore|Mixed Platforms.ActiveCfg = Release|Any CPU
		{5A01D236-F23C-48D8-854E-B7091C94DEC3}.AppStore|Mixed Platforms.Build.0 = Release|Any CPU
		{5A01D236-F23C-48D8-854E-B7091C94DEC3}.AppStore|Mixed Platforms.Deploy.0 = Release|Any CPU
		{5A01D236-F23C-48D8-854E-B7091C94DEC3}.AppStore|x64.ActiveCfg = Release|Any CPU
		{5A01D236-F23C-48D8-854E-B7091C94DEC3}.AppStore|x86.ActiveCfg = Release|Any CPU
		{5A01D236-F23C-48D8-854E-B7091C94DEC3}.Debug|Any CPU.ActiveCfg = Debug|Any CPU
		{5A01D236-F23C-48D8-854E-B7091C94DEC3}.Debug|Any CPU.Build.0 = Debug|Any CPU
		{5A01D236-F23C-48D8-854E-B7091C94DEC3}.Debug|Any CPU.Deploy.0 = Debug|Any CPU
		{5A01D236-F23C-48D8-854E-B7091C94DEC3}.Debug|ARM.ActiveCfg = Debug|Any CPU
		{5A01D236-F23C-48D8-854E-B7091C94DEC3}.Debug|iPhone.ActiveCfg = Debug|Any CPU
		{5A01D236-F23C-48D8-854E-B7091C94DEC3}.Debug|iPhoneSimulator.ActiveCfg = Debug|Any CPU
		{5A01D236-F23C-48D8-854E-B7091C94DEC3}.Debug|Mixed Platforms.ActiveCfg = Debug|Any CPU
		{5A01D236-F23C-48D8-854E-B7091C94DEC3}.Debug|Mixed Platforms.Build.0 = Debug|Any CPU
		{5A01D236-F23C-48D8-854E-B7091C94DEC3}.Debug|Mixed Platforms.Deploy.0 = Debug|Any CPU
		{5A01D236-F23C-48D8-854E-B7091C94DEC3}.Debug|x64.ActiveCfg = Debug|Any CPU
		{5A01D236-F23C-48D8-854E-B7091C94DEC3}.Debug|x86.ActiveCfg = Debug|Any CPU
		{5A01D236-F23C-48D8-854E-B7091C94DEC3}.Release|Any CPU.ActiveCfg = Release|Any CPU
		{5A01D236-F23C-48D8-854E-B7091C94DEC3}.Release|Any CPU.Build.0 = Release|Any CPU
		{5A01D236-F23C-48D8-854E-B7091C94DEC3}.Release|Any CPU.Deploy.0 = Release|Any CPU
		{5A01D236-F23C-48D8-854E-B7091C94DEC3}.Release|ARM.ActiveCfg = Release|Any CPU
		{5A01D236-F23C-48D8-854E-B7091C94DEC3}.Release|iPhone.ActiveCfg = Release|Any CPU
		{5A01D236-F23C-48D8-854E-B7091C94DEC3}.Release|iPhoneSimulator.ActiveCfg = Release|Any CPU
		{5A01D236-F23C-48D8-854E-B7091C94DEC3}.Release|Mixed Platforms.ActiveCfg = Release|Any CPU
		{5A01D236-F23C-48D8-854E-B7091C94DEC3}.Release|Mixed Platforms.Build.0 = Release|Any CPU
		{5A01D236-F23C-48D8-854E-B7091C94DEC3}.Release|Mixed Platforms.Deploy.0 = Release|Any CPU
		{5A01D236-F23C-48D8-854E-B7091C94DEC3}.Release|x64.ActiveCfg = Release|Any CPU
		{5A01D236-F23C-48D8-854E-B7091C94DEC3}.Release|x86.ActiveCfg = Release|Any CPU
		{BC5A7110-0BD0-4107-B9D9-36D7E4E66277}.Ad-Hoc|Any CPU.ActiveCfg = Ad-Hoc|iPhone
		{BC5A7110-0BD0-4107-B9D9-36D7E4E66277}.Ad-Hoc|ARM.ActiveCfg = Ad-Hoc|iPhone
		{BC5A7110-0BD0-4107-B9D9-36D7E4E66277}.Ad-Hoc|iPhone.ActiveCfg = Ad-Hoc|iPhone
		{BC5A7110-0BD0-4107-B9D9-36D7E4E66277}.Ad-Hoc|iPhone.Build.0 = Ad-Hoc|iPhone
		{BC5A7110-0BD0-4107-B9D9-36D7E4E66277}.Ad-Hoc|iPhoneSimulator.ActiveCfg = Ad-Hoc|iPhoneSimulator
		{BC5A7110-0BD0-4107-B9D9-36D7E4E66277}.Ad-Hoc|iPhoneSimulator.Build.0 = Ad-Hoc|iPhoneSimulator
		{BC5A7110-0BD0-4107-B9D9-36D7E4E66277}.Ad-Hoc|Mixed Platforms.ActiveCfg = Ad-Hoc|iPhone
		{BC5A7110-0BD0-4107-B9D9-36D7E4E66277}.Ad-Hoc|Mixed Platforms.Build.0 = Ad-Hoc|iPhone
		{BC5A7110-0BD0-4107-B9D9-36D7E4E66277}.Ad-Hoc|x64.ActiveCfg = Ad-Hoc|iPhone
		{BC5A7110-0BD0-4107-B9D9-36D7E4E66277}.Ad-Hoc|x86.ActiveCfg = Ad-Hoc|iPhone
		{BC5A7110-0BD0-4107-B9D9-36D7E4E66277}.AppStore|Any CPU.ActiveCfg = AppStore|iPhone
		{BC5A7110-0BD0-4107-B9D9-36D7E4E66277}.AppStore|ARM.ActiveCfg = AppStore|iPhone
		{BC5A7110-0BD0-4107-B9D9-36D7E4E66277}.AppStore|iPhone.ActiveCfg = AppStore|iPhone
		{BC5A7110-0BD0-4107-B9D9-36D7E4E66277}.AppStore|iPhone.Build.0 = AppStore|iPhone
		{BC5A7110-0BD0-4107-B9D9-36D7E4E66277}.AppStore|iPhoneSimulator.ActiveCfg = AppStore|iPhoneSimulator
		{BC5A7110-0BD0-4107-B9D9-36D7E4E66277}.AppStore|iPhoneSimulator.Build.0 = AppStore|iPhoneSimulator
		{BC5A7110-0BD0-4107-B9D9-36D7E4E66277}.AppStore|Mixed Platforms.ActiveCfg = AppStore|iPhone
		{BC5A7110-0BD0-4107-B9D9-36D7E4E66277}.AppStore|Mixed Platforms.Build.0 = AppStore|iPhone
		{BC5A7110-0BD0-4107-B9D9-36D7E4E66277}.AppStore|x64.ActiveCfg = AppStore|iPhone
		{BC5A7110-0BD0-4107-B9D9-36D7E4E66277}.AppStore|x86.ActiveCfg = AppStore|iPhone
		{BC5A7110-0BD0-4107-B9D9-36D7E4E66277}.Debug|Any CPU.ActiveCfg = Debug|iPhone
		{BC5A7110-0BD0-4107-B9D9-36D7E4E66277}.Debug|ARM.ActiveCfg = Debug|iPhone
		{BC5A7110-0BD0-4107-B9D9-36D7E4E66277}.Debug|iPhone.ActiveCfg = Debug|iPhone
		{BC5A7110-0BD0-4107-B9D9-36D7E4E66277}.Debug|iPhone.Build.0 = Debug|iPhone
		{BC5A7110-0BD0-4107-B9D9-36D7E4E66277}.Debug|iPhoneSimulator.ActiveCfg = Debug|iPhoneSimulator
		{BC5A7110-0BD0-4107-B9D9-36D7E4E66277}.Debug|iPhoneSimulator.Build.0 = Debug|iPhoneSimulator
		{BC5A7110-0BD0-4107-B9D9-36D7E4E66277}.Debug|Mixed Platforms.ActiveCfg = Debug|iPhone
		{BC5A7110-0BD0-4107-B9D9-36D7E4E66277}.Debug|Mixed Platforms.Build.0 = Debug|iPhone
		{BC5A7110-0BD0-4107-B9D9-36D7E4E66277}.Debug|x64.ActiveCfg = Debug|iPhone
		{BC5A7110-0BD0-4107-B9D9-36D7E4E66277}.Debug|x86.ActiveCfg = Debug|iPhone
		{BC5A7110-0BD0-4107-B9D9-36D7E4E66277}.Release|Any CPU.ActiveCfg = Release|iPhone
		{BC5A7110-0BD0-4107-B9D9-36D7E4E66277}.Release|ARM.ActiveCfg = Release|iPhone
		{BC5A7110-0BD0-4107-B9D9-36D7E4E66277}.Release|iPhone.ActiveCfg = Release|iPhone
		{BC5A7110-0BD0-4107-B9D9-36D7E4E66277}.Release|iPhone.Build.0 = Release|iPhone
		{BC5A7110-0BD0-4107-B9D9-36D7E4E66277}.Release|iPhoneSimulator.ActiveCfg = Release|iPhoneSimulator
		{BC5A7110-0BD0-4107-B9D9-36D7E4E66277}.Release|iPhoneSimulator.Build.0 = Release|iPhoneSimulator
		{BC5A7110-0BD0-4107-B9D9-36D7E4E66277}.Release|Mixed Platforms.ActiveCfg = Release|iPhone
		{BC5A7110-0BD0-4107-B9D9-36D7E4E66277}.Release|Mixed Platforms.Build.0 = Release|iPhone
		{BC5A7110-0BD0-4107-B9D9-36D7E4E66277}.Release|x64.ActiveCfg = Release|iPhone
		{BC5A7110-0BD0-4107-B9D9-36D7E4E66277}.Release|x86.ActiveCfg = Release|iPhone
	EndGlobalSection
	GlobalSection(SolutionProperties) = preSolution
		HideSolutionNode = FALSE
	EndGlobalSection
	GlobalSection(NestedProjects) = preSolution
		{D05074B4-1929-414F-9F27-1C18E888C47C} = {79331FA8-78A4-4F5F-AA04-6BA5FAF0989E}
		{8E964296-AFE1-48F9-85DD-AACF71C8C5C7} = {5AB97BA1-BA14-4308-B7CD-ABD6A69D5107}
		{5A8BF7EC-822B-4E0E-9CA3-8145BBD57A34} = {79331FA8-78A4-4F5F-AA04-6BA5FAF0989E}
		{4CB743B3-D417-446F-B8B0-772C97D28942} = {79331FA8-78A4-4F5F-AA04-6BA5FAF0989E}
		{79331FA8-78A4-4F5F-AA04-6BA5FAF0989E} = {1B10CFF4-0BD4-412D-879F-2056A0606A25}
		{5AB97BA1-BA14-4308-B7CD-ABD6A69D5107} = {1B10CFF4-0BD4-412D-879F-2056A0606A25}
		{1F274F8B-F43F-4BDE-AC29-0DC204B32650} = {5AB97BA1-BA14-4308-B7CD-ABD6A69D5107}
		{CED24AF0-2C88-4F24-8498-A62D9A9F5B7C} = {5AB97BA1-BA14-4308-B7CD-ABD6A69D5107}
		{5A01D236-F23C-48D8-854E-B7091C94DEC3} = {33E48454-5BBE-42CA-872D-8FAA87DCDA65}
		{BC5A7110-0BD0-4107-B9D9-36D7E4E66277} = {33E48454-5BBE-42CA-872D-8FAA87DCDA65}
	EndGlobalSection
EndGlobal
